
Microsoft Visual Studio Solution File, Format Version 12.00
# Visual Studio 2013
VisualStudioVersion = 12.0.31101.0
MinimumVisualStudioVersion = 10.0.40219.1
Project("{FAE04EC0-301F-11D3-BF4B-00C04F79EFBC}") = "Sessions.WPF", "Sessions.WPF\Sessions.WPF.csproj", "{2893DC60-F3A4-447E-AE0B-1C2AE341D113}"
EndProject
Project("{FAE04EC0-301F-11D3-BF4B-00C04F79EFBC}") = "Sessions.Core", "Sessions.Core\Sessions.Core.csproj", "{D536FDE5-989E-4979-9B39-63621AE4A205}"
EndProject
Project("{FAE04EC0-301F-11D3-BF4B-00C04F79EFBC}") = "Sessions.Sound", "Sessions.Sound\Sessions.Sound.csproj", "{D92F718E-9A24-4B8B-9E40-77F93CF89EAE}"
EndProject
Project("{FAE04EC0-301F-11D3-BF4B-00C04F79EFBC}") = "Sessions.Player", "Sessions.Player\Sessions.Player.csproj", "{FEB7497C-784C-4380-874F-46FD93C82BA1}"
EndProject
Project("{FAE04EC0-301F-11D3-BF4B-00C04F79EFBC}") = "Sessions.Library", "Sessions.Library\Sessions.Library.csproj", "{2A62D229-D7FC-41DA-B676-BB1371659BFB}"
EndProject
Project("{FAE04EC0-301F-11D3-BF4B-00C04F79EFBC}") = "Sessions.MVP", "Sessions.MVP\Sessions.MVP.csproj", "{B6B0613C-FF39-479D-9EF0-31DAF9684A06}"
EndProject
Project("{FAE04EC0-301F-11D3-BF4B-00C04F79EFBC}") = "Sessions.GenericControls", "Sessions.GenericControls\Sessions.GenericControls.csproj", "{F2A4E954-0439-42CF-B795-82819C9A39CF}"
EndProject
Project("{8BC9CEB8-8B4A-11D0-8D11-00A0C91BC942}") = "libssp_player", "libssp_player\libssp_player.vcxproj", "{F534062B-DD66-453B-B08B-87AE6741179D}"
EndProject
Global
	GlobalSection(SolutionConfigurationPlatforms) = preSolution
		Debug_Linux|Any CPU = Debug_Linux|Any CPU
		Debug_Linux|Mixed Platforms = Debug_Linux|Mixed Platforms
		Debug_Linux|Win32 = Debug_Linux|Win32
		Debug_MacOSX|Any CPU = Debug_MacOSX|Any CPU
		Debug_MacOSX|Mixed Platforms = Debug_MacOSX|Mixed Platforms
		Debug_MacOSX|Win32 = Debug_MacOSX|Win32
		Debug|Any CPU = Debug|Any CPU
		Debug|Mixed Platforms = Debug|Mixed Platforms
		Debug|Win32 = Debug|Win32
		Release_Linux|Any CPU = Release_Linux|Any CPU
		Release_Linux|Mixed Platforms = Release_Linux|Mixed Platforms
		Release_Linux|Win32 = Release_Linux|Win32
		Release_MacOSX|Any CPU = Release_MacOSX|Any CPU
		Release_MacOSX|Mixed Platforms = Release_MacOSX|Mixed Platforms
		Release_MacOSX|Win32 = Release_MacOSX|Win32
		Release|Any CPU = Release|Any CPU
		Release|Mixed Platforms = Release|Mixed Platforms
		Release|Win32 = Release|Win32
	EndGlobalSection
	GlobalSection(ProjectConfigurationPlatforms) = postSolution
		{2893DC60-F3A4-447E-AE0B-1C2AE341D113}.Debug_Linux|Any CPU.ActiveCfg = Debug|Any CPU
		{2893DC60-F3A4-447E-AE0B-1C2AE341D113}.Debug_Linux|Any CPU.Build.0 = Debug|Any CPU
		{2893DC60-F3A4-447E-AE0B-1C2AE341D113}.Debug_Linux|Mixed Platforms.ActiveCfg = Debug|Any CPU
		{2893DC60-F3A4-447E-AE0B-1C2AE341D113}.Debug_Linux|Mixed Platforms.Build.0 = Debug|Any CPU
		{2893DC60-F3A4-447E-AE0B-1C2AE341D113}.Debug_Linux|Win32.ActiveCfg = Debug|Any CPU
		{2893DC60-F3A4-447E-AE0B-1C2AE341D113}.Debug_MacOSX|Any CPU.ActiveCfg = Debug|Any CPU
		{2893DC60-F3A4-447E-AE0B-1C2AE341D113}.Debug_MacOSX|Any CPU.Build.0 = Debug|Any CPU
		{2893DC60-F3A4-447E-AE0B-1C2AE341D113}.Debug_MacOSX|Mixed Platforms.ActiveCfg = Debug|Any CPU
		{2893DC60-F3A4-447E-AE0B-1C2AE341D113}.Debug_MacOSX|Mixed Platforms.Build.0 = Debug|Any CPU
		{2893DC60-F3A4-447E-AE0B-1C2AE341D113}.Debug_MacOSX|Win32.ActiveCfg = Debug|Any CPU
		{2893DC60-F3A4-447E-AE0B-1C2AE341D113}.Debug|Any CPU.ActiveCfg = Debug|Any CPU
		{2893DC60-F3A4-447E-AE0B-1C2AE341D113}.Debug|Any CPU.Build.0 = Debug|Any CPU
		{2893DC60-F3A4-447E-AE0B-1C2AE341D113}.Debug|Mixed Platforms.ActiveCfg = Debug|Any CPU
		{2893DC60-F3A4-447E-AE0B-1C2AE341D113}.Debug|Mixed Platforms.Build.0 = Debug|Any CPU
		{2893DC60-F3A4-447E-AE0B-1C2AE341D113}.Debug|Win32.ActiveCfg = Debug|Any CPU
		{2893DC60-F3A4-447E-AE0B-1C2AE341D113}.Release_Linux|Any CPU.ActiveCfg = Release|Any CPU
		{2893DC60-F3A4-447E-AE0B-1C2AE341D113}.Release_Linux|Any CPU.Build.0 = Release|Any CPU
		{2893DC60-F3A4-447E-AE0B-1C2AE341D113}.Release_Linux|Mixed Platforms.ActiveCfg = Release|Any CPU
		{2893DC60-F3A4-447E-AE0B-1C2AE341D113}.Release_Linux|Mixed Platforms.Build.0 = Release|Any CPU
		{2893DC60-F3A4-447E-AE0B-1C2AE341D113}.Release_Linux|Win32.ActiveCfg = Release|Any CPU
		{2893DC60-F3A4-447E-AE0B-1C2AE341D113}.Release_MacOSX|Any CPU.ActiveCfg = Release|Any CPU
		{2893DC60-F3A4-447E-AE0B-1C2AE341D113}.Release_MacOSX|Any CPU.Build.0 = Release|Any CPU
		{2893DC60-F3A4-447E-AE0B-1C2AE341D113}.Release_MacOSX|Mixed Platforms.ActiveCfg = Release|Any CPU
		{2893DC60-F3A4-447E-AE0B-1C2AE341D113}.Release_MacOSX|Mixed Platforms.Build.0 = Release|Any CPU
		{2893DC60-F3A4-447E-AE0B-1C2AE341D113}.Release_MacOSX|Win32.ActiveCfg = Release|Any CPU
		{2893DC60-F3A4-447E-AE0B-1C2AE341D113}.Release|Any CPU.ActiveCfg = Release|Any CPU
		{2893DC60-F3A4-447E-AE0B-1C2AE341D113}.Release|Any CPU.Build.0 = Release|Any CPU
		{2893DC60-F3A4-447E-AE0B-1C2AE341D113}.Release|Mixed Platforms.ActiveCfg = Release|Any CPU
		{2893DC60-F3A4-447E-AE0B-1C2AE341D113}.Release|Mixed Platforms.Build.0 = Release|Any CPU
		{2893DC60-F3A4-447E-AE0B-1C2AE341D113}.Release|Win32.ActiveCfg = Release|Any CPU
		{D536FDE5-989E-4979-9B39-63621AE4A205}.Debug_Linux|Any CPU.ActiveCfg = Debug_Linux|Any CPU
		{D536FDE5-989E-4979-9B39-63621AE4A205}.Debug_Linux|Any CPU.Build.0 = Debug_Linux|Any CPU
		{D536FDE5-989E-4979-9B39-63621AE4A205}.Debug_Linux|Mixed Platforms.ActiveCfg = Debug_Linux|Any CPU
		{D536FDE5-989E-4979-9B39-63621AE4A205}.Debug_Linux|Mixed Platforms.Build.0 = Debug_Linux|Any CPU
		{D536FDE5-989E-4979-9B39-63621AE4A205}.Debug_Linux|Win32.ActiveCfg = Debug_Linux|Any CPU
		{D536FDE5-989E-4979-9B39-63621AE4A205}.Debug_MacOSX|Any CPU.ActiveCfg = Debug_MacOSX|Any CPU
		{D536FDE5-989E-4979-9B39-63621AE4A205}.Debug_MacOSX|Any CPU.Build.0 = Debug_MacOSX|Any CPU
		{D536FDE5-989E-4979-9B39-63621AE4A205}.Debug_MacOSX|Mixed Platforms.ActiveCfg = Debug_MacOSX|Any CPU
		{D536FDE5-989E-4979-9B39-63621AE4A205}.Debug_MacOSX|Mixed Platforms.Build.0 = Debug_MacOSX|Any CPU
		{D536FDE5-989E-4979-9B39-63621AE4A205}.Debug_MacOSX|Win32.ActiveCfg = Debug_MacOSX|Any CPU
		{D536FDE5-989E-4979-9B39-63621AE4A205}.Debug|Any CPU.ActiveCfg = Debug|Any CPU
		{D536FDE5-989E-4979-9B39-63621AE4A205}.Debug|Any CPU.Build.0 = Debug|Any CPU
		{D536FDE5-989E-4979-9B39-63621AE4A205}.Debug|Mixed Platforms.ActiveCfg = Debug|Any CPU
		{D536FDE5-989E-4979-9B39-63621AE4A205}.Debug|Mixed Platforms.Build.0 = Debug|Any CPU
		{D536FDE5-989E-4979-9B39-63621AE4A205}.Debug|Win32.ActiveCfg = Debug|Any CPU
		{D536FDE5-989E-4979-9B39-63621AE4A205}.Release_Linux|Any CPU.ActiveCfg = Release_Linux|Any CPU
		{D536FDE5-989E-4979-9B39-63621AE4A205}.Release_Linux|Any CPU.Build.0 = Release_Linux|Any CPU
		{D536FDE5-989E-4979-9B39-63621AE4A205}.Release_Linux|Mixed Platforms.ActiveCfg = Release_Linux|Any CPU
		{D536FDE5-989E-4979-9B39-63621AE4A205}.Release_Linux|Mixed Platforms.Build.0 = Release_Linux|Any CPU
		{D536FDE5-989E-4979-9B39-63621AE4A205}.Release_Linux|Win32.ActiveCfg = Release_Linux|Any CPU
		{D536FDE5-989E-4979-9B39-63621AE4A205}.Release_MacOSX|Any CPU.ActiveCfg = Release_MacOSX|Any CPU
		{D536FDE5-989E-4979-9B39-63621AE4A205}.Release_MacOSX|Any CPU.Build.0 = Release_MacOSX|Any CPU
		{D536FDE5-989E-4979-9B39-63621AE4A205}.Release_MacOSX|Mixed Platforms.ActiveCfg = Release_MacOSX|Any CPU
		{D536FDE5-989E-4979-9B39-63621AE4A205}.Release_MacOSX|Mixed Platforms.Build.0 = Release_MacOSX|Any CPU
		{D536FDE5-989E-4979-9B39-63621AE4A205}.Release_MacOSX|Win32.ActiveCfg = Release_MacOSX|Any CPU
		{D536FDE5-989E-4979-9B39-63621AE4A205}.Release|Any CPU.ActiveCfg = Release|Any CPU
		{D536FDE5-989E-4979-9B39-63621AE4A205}.Release|Any CPU.Build.0 = Release|Any CPU
		{D536FDE5-989E-4979-9B39-63621AE4A205}.Release|Mixed Platforms.ActiveCfg = Release|Any CPU
		{D536FDE5-989E-4979-9B39-63621AE4A205}.Release|Mixed Platforms.Build.0 = Release|Any CPU
		{D536FDE5-989E-4979-9B39-63621AE4A205}.Release|Win32.ActiveCfg = Release|Any CPU
		{D92F718E-9A24-4B8B-9E40-77F93CF89EAE}.Debug_Linux|Any CPU.ActiveCfg = Debug_Linux|Any CPU
		{D92F718E-9A24-4B8B-9E40-77F93CF89EAE}.Debug_Linux|Any CPU.Build.0 = Debug_Linux|Any CPU
		{D92F718E-9A24-4B8B-9E40-77F93CF89EAE}.Debug_Linux|Mixed Platforms.ActiveCfg = Debug_Linux|Any CPU
		{D92F718E-9A24-4B8B-9E40-77F93CF89EAE}.Debug_Linux|Mixed Platforms.Build.0 = Debug_Linux|Any CPU
		{D92F718E-9A24-4B8B-9E40-77F93CF89EAE}.Debug_Linux|Win32.ActiveCfg = Debug_Linux|Any CPU
		{D92F718E-9A24-4B8B-9E40-77F93CF89EAE}.Debug_MacOSX|Any CPU.ActiveCfg = Debug_MacOSX|Any CPU
		{D92F718E-9A24-4B8B-9E40-77F93CF89EAE}.Debug_MacOSX|Any CPU.Build.0 = Debug_MacOSX|Any CPU
		{D92F718E-9A24-4B8B-9E40-77F93CF89EAE}.Debug_MacOSX|Mixed Platforms.ActiveCfg = Debug_MacOSX|Any CPU
		{D92F718E-9A24-4B8B-9E40-77F93CF89EAE}.Debug_MacOSX|Mixed Platforms.Build.0 = Debug_MacOSX|Any CPU
		{D92F718E-9A24-4B8B-9E40-77F93CF89EAE}.Debug_MacOSX|Win32.ActiveCfg = Debug_MacOSX|Any CPU
		{D92F718E-9A24-4B8B-9E40-77F93CF89EAE}.Debug|Any CPU.ActiveCfg = Debug|Any CPU
		{D92F718E-9A24-4B8B-9E40-77F93CF89EAE}.Debug|Any CPU.Build.0 = Debug|Any CPU
		{D92F718E-9A24-4B8B-9E40-77F93CF89EAE}.Debug|Mixed Platforms.ActiveCfg = Debug|Any CPU
		{D92F718E-9A24-4B8B-9E40-77F93CF89EAE}.Debug|Mixed Platforms.Build.0 = Debug|Any CPU
		{D92F718E-9A24-4B8B-9E40-77F93CF89EAE}.Debug|Win32.ActiveCfg = Debug|Any CPU
		{D92F718E-9A24-4B8B-9E40-77F93CF89EAE}.Release_Linux|Any CPU.ActiveCfg = Release_Linux|Any CPU
		{D92F718E-9A24-4B8B-9E40-77F93CF89EAE}.Release_Linux|Any CPU.Build.0 = Release_Linux|Any CPU
		{D92F718E-9A24-4B8B-9E40-77F93CF89EAE}.Release_Linux|Mixed Platforms.ActiveCfg = Release_Linux|Any CPU
		{D92F718E-9A24-4B8B-9E40-77F93CF89EAE}.Release_Linux|Mixed Platforms.Build.0 = Release_Linux|Any CPU
		{D92F718E-9A24-4B8B-9E40-77F93CF89EAE}.Release_Linux|Win32.ActiveCfg = Release_Linux|Any CPU
		{D92F718E-9A24-4B8B-9E40-77F93CF89EAE}.Release_MacOSX|Any CPU.ActiveCfg = Release_MacOSX|Any CPU
		{D92F718E-9A24-4B8B-9E40-77F93CF89EAE}.Release_MacOSX|Any CPU.Build.0 = Release_MacOSX|Any CPU
		{D92F718E-9A24-4B8B-9E40-77F93CF89EAE}.Release_MacOSX|Mixed Platforms.ActiveCfg = Release_MacOSX|Any CPU
		{D92F718E-9A24-4B8B-9E40-77F93CF89EAE}.Release_MacOSX|Mixed Platforms.Build.0 = Release_MacOSX|Any CPU
		{D92F718E-9A24-4B8B-9E40-77F93CF89EAE}.Release_MacOSX|Win32.ActiveCfg = Release_MacOSX|Any CPU
		{D92F718E-9A24-4B8B-9E40-77F93CF89EAE}.Release|Any CPU.ActiveCfg = Release|Any CPU
		{D92F718E-9A24-4B8B-9E40-77F93CF89EAE}.Release|Any CPU.Build.0 = Release|Any CPU
		{D92F718E-9A24-4B8B-9E40-77F93CF89EAE}.Release|Mixed Platforms.ActiveCfg = Release|Any CPU
		{D92F718E-9A24-4B8B-9E40-77F93CF89EAE}.Release|Mixed Platforms.Build.0 = Release|Any CPU
		{D92F718E-9A24-4B8B-9E40-77F93CF89EAE}.Release|Win32.ActiveCfg = Release|Any CPU
		{FEB7497C-784C-4380-874F-46FD93C82BA1}.Debug_Linux|Any CPU.ActiveCfg = Debug_Linux|Any CPU
		{FEB7497C-784C-4380-874F-46FD93C82BA1}.Debug_Linux|Any CPU.Build.0 = Debug_Linux|Any CPU
		{FEB7497C-784C-4380-874F-46FD93C82BA1}.Debug_Linux|Mixed Platforms.ActiveCfg = Debug_Linux|Any CPU
		{FEB7497C-784C-4380-874F-46FD93C82BA1}.Debug_Linux|Mixed Platforms.Build.0 = Debug_Linux|Any CPU
		{FEB7497C-784C-4380-874F-46FD93C82BA1}.Debug_Linux|Win32.ActiveCfg = Debug_Linux|Any CPU
		{FEB7497C-784C-4380-874F-46FD93C82BA1}.Debug_MacOSX|Any CPU.ActiveCfg = Debug_MacOSX|Any CPU
		{FEB7497C-784C-4380-874F-46FD93C82BA1}.Debug_MacOSX|Any CPU.Build.0 = Debug_MacOSX|Any CPU
		{FEB7497C-784C-4380-874F-46FD93C82BA1}.Debug_MacOSX|Mixed Platforms.ActiveCfg = Debug_MacOSX|Any CPU
		{FEB7497C-784C-4380-874F-46FD93C82BA1}.Debug_MacOSX|Mixed Platforms.Build.0 = Debug_MacOSX|Any CPU
		{FEB7497C-784C-4380-874F-46FD93C82BA1}.Debug_MacOSX|Win32.ActiveCfg = Debug_MacOSX|Any CPU
		{FEB7497C-784C-4380-874F-46FD93C82BA1}.Debug|Any CPU.ActiveCfg = Debug|Any CPU
		{FEB7497C-784C-4380-874F-46FD93C82BA1}.Debug|Any CPU.Build.0 = Debug|Any CPU
		{FEB7497C-784C-4380-874F-46FD93C82BA1}.Debug|Mixed Platforms.ActiveCfg = Debug|Any CPU
		{FEB7497C-784C-4380-874F-46FD93C82BA1}.Debug|Mixed Platforms.Build.0 = Debug|Any CPU
		{FEB7497C-784C-4380-874F-46FD93C82BA1}.Debug|Win32.ActiveCfg = Debug|Any CPU
		{FEB7497C-784C-4380-874F-46FD93C82BA1}.Release_Linux|Any CPU.ActiveCfg = Release_Linux|Any CPU
		{FEB7497C-784C-4380-874F-46FD93C82BA1}.Release_Linux|Any CPU.Build.0 = Release_Linux|Any CPU
		{FEB7497C-784C-4380-874F-46FD93C82BA1}.Release_Linux|Mixed Platforms.ActiveCfg = Release_Linux|Any CPU
		{FEB7497C-784C-4380-874F-46FD93C82BA1}.Release_Linux|Mixed Platforms.Build.0 = Release_Linux|Any CPU
		{FEB7497C-784C-4380-874F-46FD93C82BA1}.Release_Linux|Win32.ActiveCfg = Release_Linux|Any CPU
		{FEB7497C-784C-4380-874F-46FD93C82BA1}.Release_MacOSX|Any CPU.ActiveCfg = Release_MacOSX|Any CPU
		{FEB7497C-784C-4380-874F-46FD93C82BA1}.Release_MacOSX|Any CPU.Build.0 = Release_MacOSX|Any CPU
		{FEB7497C-784C-4380-874F-46FD93C82BA1}.Release_MacOSX|Mixed Platforms.ActiveCfg = Release_MacOSX|Any CPU
		{FEB7497C-784C-4380-874F-46FD93C82BA1}.Release_MacOSX|Mixed Platforms.Build.0 = Release_MacOSX|Any CPU
		{FEB7497C-784C-4380-874F-46FD93C82BA1}.Release_MacOSX|Win32.ActiveCfg = Release_MacOSX|Any CPU
		{FEB7497C-784C-4380-874F-46FD93C82BA1}.Release|Any CPU.ActiveCfg = Release|Any CPU
		{FEB7497C-784C-4380-874F-46FD93C82BA1}.Release|Any CPU.Build.0 = Release|Any CPU
		{FEB7497C-784C-4380-874F-46FD93C82BA1}.Release|Mixed Platforms.ActiveCfg = Release|Any CPU
		{FEB7497C-784C-4380-874F-46FD93C82BA1}.Release|Mixed Platforms.Build.0 = Release|Any CPU
		{FEB7497C-784C-4380-874F-46FD93C82BA1}.Release|Win32.ActiveCfg = Release|Any CPU
		{2A62D229-D7FC-41DA-B676-BB1371659BFB}.Debug_Linux|Any CPU.ActiveCfg = Debug_Linux|Any CPU
		{2A62D229-D7FC-41DA-B676-BB1371659BFB}.Debug_Linux|Any CPU.Build.0 = Debug_Linux|Any CPU
		{2A62D229-D7FC-41DA-B676-BB1371659BFB}.Debug_Linux|Mixed Platforms.ActiveCfg = Debug_Linux|Any CPU
		{2A62D229-D7FC-41DA-B676-BB1371659BFB}.Debug_Linux|Mixed Platforms.Build.0 = Debug_Linux|Any CPU
		{2A62D229-D7FC-41DA-B676-BB1371659BFB}.Debug_Linux|Win32.ActiveCfg = Debug_Linux|Any CPU
		{2A62D229-D7FC-41DA-B676-BB1371659BFB}.Debug_MacOSX|Any CPU.ActiveCfg = Debug_MacOSX|Any CPU
		{2A62D229-D7FC-41DA-B676-BB1371659BFB}.Debug_MacOSX|Any CPU.Build.0 = Debug_MacOSX|Any CPU
		{2A62D229-D7FC-41DA-B676-BB1371659BFB}.Debug_MacOSX|Mixed Platforms.ActiveCfg = Debug_MacOSX|Any CPU
		{2A62D229-D7FC-41DA-B676-BB1371659BFB}.Debug_MacOSX|Mixed Platforms.Build.0 = Debug_MacOSX|Any CPU
		{2A62D229-D7FC-41DA-B676-BB1371659BFB}.Debug_MacOSX|Win32.ActiveCfg = Debug_MacOSX|Any CPU
		{2A62D229-D7FC-41DA-B676-BB1371659BFB}.Debug|Any CPU.ActiveCfg = Debug|Any CPU
		{2A62D229-D7FC-41DA-B676-BB1371659BFB}.Debug|Any CPU.Build.0 = Debug|Any CPU
		{2A62D229-D7FC-41DA-B676-BB1371659BFB}.Debug|Mixed Platforms.ActiveCfg = Debug|Any CPU
		{2A62D229-D7FC-41DA-B676-BB1371659BFB}.Debug|Mixed Platforms.Build.0 = Debug|Any CPU
		{2A62D229-D7FC-41DA-B676-BB1371659BFB}.Debug|Win32.ActiveCfg = Debug|Any CPU
		{2A62D229-D7FC-41DA-B676-BB1371659BFB}.Release_Linux|Any CPU.ActiveCfg = Release_Linux|Any CPU
		{2A62D229-D7FC-41DA-B676-BB1371659BFB}.Release_Linux|Any CPU.Build.0 = Release_Linux|Any CPU
		{2A62D229-D7FC-41DA-B676-BB1371659BFB}.Release_Linux|Mixed Platforms.ActiveCfg = Release_Linux|Any CPU
		{2A62D229-D7FC-41DA-B676-BB1371659BFB}.Release_Linux|Mixed Platforms.Build.0 = Release_Linux|Any CPU
		{2A62D229-D7FC-41DA-B676-BB1371659BFB}.Release_Linux|Win32.ActiveCfg = Release_Linux|Any CPU
		{2A62D229-D7FC-41DA-B676-BB1371659BFB}.Release_MacOSX|Any CPU.ActiveCfg = Release_MacOSX|Any CPU
		{2A62D229-D7FC-41DA-B676-BB1371659BFB}.Release_MacOSX|Any CPU.Build.0 = Release_MacOSX|Any CPU
		{2A62D229-D7FC-41DA-B676-BB1371659BFB}.Release_MacOSX|Mixed Platforms.ActiveCfg = Release_MacOSX|Any CPU
		{2A62D229-D7FC-41DA-B676-BB1371659BFB}.Release_MacOSX|Mixed Platforms.Build.0 = Release_MacOSX|Any CPU
		{2A62D229-D7FC-41DA-B676-BB1371659BFB}.Release_MacOSX|Win32.ActiveCfg = Release_MacOSX|Any CPU
		{2A62D229-D7FC-41DA-B676-BB1371659BFB}.Release|Any CPU.ActiveCfg = Release|Any CPU
		{2A62D229-D7FC-41DA-B676-BB1371659BFB}.Release|Any CPU.Build.0 = Release|Any CPU
		{2A62D229-D7FC-41DA-B676-BB1371659BFB}.Release|Mixed Platforms.ActiveCfg = Release|Any CPU
		{2A62D229-D7FC-41DA-B676-BB1371659BFB}.Release|Mixed Platforms.Build.0 = Release|Any CPU
		{2A62D229-D7FC-41DA-B676-BB1371659BFB}.Release|Win32.ActiveCfg = Release|Any CPU
		{B6B0613C-FF39-479D-9EF0-31DAF9684A06}.Debug_Linux|Any CPU.ActiveCfg = Debug_Linux|Any CPU
		{B6B0613C-FF39-479D-9EF0-31DAF9684A06}.Debug_Linux|Any CPU.Build.0 = Debug_Linux|Any CPU
		{B6B0613C-FF39-479D-9EF0-31DAF9684A06}.Debug_Linux|Mixed Platforms.ActiveCfg = Debug_Linux|Any CPU
		{B6B0613C-FF39-479D-9EF0-31DAF9684A06}.Debug_Linux|Mixed Platforms.Build.0 = Debug_Linux|Any CPU
		{B6B0613C-FF39-479D-9EF0-31DAF9684A06}.Debug_Linux|Win32.ActiveCfg = Debug_Linux|Any CPU
		{B6B0613C-FF39-479D-9EF0-31DAF9684A06}.Debug_MacOSX|Any CPU.ActiveCfg = Debug_MacOSX|Any CPU
		{B6B0613C-FF39-479D-9EF0-31DAF9684A06}.Debug_MacOSX|Any CPU.Build.0 = Debug_MacOSX|Any CPU
		{B6B0613C-FF39-479D-9EF0-31DAF9684A06}.Debug_MacOSX|Mixed Platforms.ActiveCfg = Debug_MacOSX|Any CPU
		{B6B0613C-FF39-479D-9EF0-31DAF9684A06}.Debug_MacOSX|Mixed Platforms.Build.0 = Debug_MacOSX|Any CPU
		{B6B0613C-FF39-479D-9EF0-31DAF9684A06}.Debug_MacOSX|Win32.ActiveCfg = Debug_MacOSX|Any CPU
		{B6B0613C-FF39-479D-9EF0-31DAF9684A06}.Debug|Any CPU.ActiveCfg = Debug|Any CPU
		{B6B0613C-FF39-479D-9EF0-31DAF9684A06}.Debug|Any CPU.Build.0 = Debug|Any CPU
		{B6B0613C-FF39-479D-9EF0-31DAF9684A06}.Debug|Mixed Platforms.ActiveCfg = Debug|Any CPU
		{B6B0613C-FF39-479D-9EF0-31DAF9684A06}.Debug|Mixed Platforms.Build.0 = Debug|Any CPU
		{B6B0613C-FF39-479D-9EF0-31DAF9684A06}.Debug|Win32.ActiveCfg = Debug|Any CPU
		{B6B0613C-FF39-479D-9EF0-31DAF9684A06}.Release_Linux|Any CPU.ActiveCfg = Release_Linux|Any CPU
		{B6B0613C-FF39-479D-9EF0-31DAF9684A06}.Release_Linux|Any CPU.Build.0 = Release_Linux|Any CPU
		{B6B0613C-FF39-479D-9EF0-31DAF9684A06}.Release_Linux|Mixed Platforms.ActiveCfg = Release_Linux|Any CPU
		{B6B0613C-FF39-479D-9EF0-31DAF9684A06}.Release_Linux|Mixed Platforms.Build.0 = Release_Linux|Any CPU
		{B6B0613C-FF39-479D-9EF0-31DAF9684A06}.Release_Linux|Win32.ActiveCfg = Release_Linux|Any CPU
		{B6B0613C-FF39-479D-9EF0-31DAF9684A06}.Release_MacOSX|Any CPU.ActiveCfg = Release_MacOSX|Any CPU
		{B6B0613C-FF39-479D-9EF0-31DAF9684A06}.Release_MacOSX|Any CPU.Build.0 = Release_MacOSX|Any CPU
		{B6B0613C-FF39-479D-9EF0-31DAF9684A06}.Release_MacOSX|Mixed Platforms.ActiveCfg = Release_MacOSX|Any CPU
		{B6B0613C-FF39-479D-9EF0-31DAF9684A06}.Release_MacOSX|Mixed Platforms.Build.0 = Release_MacOSX|Any CPU
		{B6B0613C-FF39-479D-9EF0-31DAF9684A06}.Release_MacOSX|Win32.ActiveCfg = Release_MacOSX|Any CPU
		{B6B0613C-FF39-479D-9EF0-31DAF9684A06}.Release|Any CPU.ActiveCfg = Release|Any CPU
		{B6B0613C-FF39-479D-9EF0-31DAF9684A06}.Release|Any CPU.Build.0 = Release|Any CPU
		{B6B0613C-FF39-479D-9EF0-31DAF9684A06}.Release|Mixed Platforms.ActiveCfg = Release|Any CPU
		{B6B0613C-FF39-479D-9EF0-31DAF9684A06}.Release|Mixed Platforms.Build.0 = Release|Any CPU
		{B6B0613C-FF39-479D-9EF0-31DAF9684A06}.Release|Win32.ActiveCfg = Release|Any CPU
		{F2A4E954-0439-42CF-B795-82819C9A39CF}.Debug_Linux|Any CPU.ActiveCfg = Debug|Any CPU
		{F2A4E954-0439-42CF-B795-82819C9A39CF}.Debug_Linux|Any CPU.Build.0 = Debug|Any CPU
		{F2A4E954-0439-42CF-B795-82819C9A39CF}.Debug_Linux|Mixed Platforms.ActiveCfg = Debug_MacOSX|Any CPU
		{F2A4E954-0439-42CF-B795-82819C9A39CF}.Debug_Linux|Mixed Platforms.Build.0 = Debug_MacOSX|Any CPU
		{F2A4E954-0439-42CF-B795-82819C9A39CF}.Debug_Linux|Win32.ActiveCfg = Debug_MacOSX|Any CPU
		{F2A4E954-0439-42CF-B795-82819C9A39CF}.Debug_MacOSX|Any CPU.ActiveCfg = Debug|Any CPU
		{F2A4E954-0439-42CF-B795-82819C9A39CF}.Debug_MacOSX|Any CPU.Build.0 = Debug|Any CPU
		{F2A4E954-0439-42CF-B795-82819C9A39CF}.Debug_MacOSX|Mixed Platforms.ActiveCfg = Debug_MacOSX|Any CPU
		{F2A4E954-0439-42CF-B795-82819C9A39CF}.Debug_MacOSX|Mixed Platforms.Build.0 = Debug_MacOSX|Any CPU
		{F2A4E954-0439-42CF-B795-82819C9A39CF}.Debug_MacOSX|Win32.ActiveCfg = Debug_MacOSX|Any CPU
		{F2A4E954-0439-42CF-B795-82819C9A39CF}.Debug|Any CPU.ActiveCfg = Debug|Any CPU
		{F2A4E954-0439-42CF-B795-82819C9A39CF}.Debug|Any CPU.Build.0 = Debug|Any CPU
		{F2A4E954-0439-42CF-B795-82819C9A39CF}.Debug|Mixed Platforms.ActiveCfg = Debug|Any CPU
		{F2A4E954-0439-42CF-B795-82819C9A39CF}.Debug|Mixed Platforms.Build.0 = Debug|Any CPU
		{F2A4E954-0439-42CF-B795-82819C9A39CF}.Debug|Win32.ActiveCfg = Debug|Any CPU
		{F2A4E954-0439-42CF-B795-82819C9A39CF}.Release_Linux|Any CPU.ActiveCfg = Release|Any CPU
		{F2A4E954-0439-42CF-B795-82819C9A39CF}.Release_Linux|Any CPU.Build.0 = Release|Any CPU
		{F2A4E954-0439-42CF-B795-82819C9A39CF}.Release_Linux|Mixed Platforms.ActiveCfg = Release|Any CPU
		{F2A4E954-0439-42CF-B795-82819C9A39CF}.Release_Linux|Mixed Platforms.Build.0 = Release|Any CPU
		{F2A4E954-0439-42CF-B795-82819C9A39CF}.Release_Linux|Win32.ActiveCfg = Release|Any CPU
		{F2A4E954-0439-42CF-B795-82819C9A39CF}.Release_MacOSX|Any CPU.ActiveCfg = Release|Any CPU
		{F2A4E954-0439-42CF-B795-82819C9A39CF}.Release_MacOSX|Any CPU.Build.0 = Release|Any CPU
		{F2A4E954-0439-42CF-B795-82819C9A39CF}.Release_MacOSX|Mixed Platforms.ActiveCfg = Release|Any CPU
		{F2A4E954-0439-42CF-B795-82819C9A39CF}.Release_MacOSX|Mixed Platforms.Build.0 = Release|Any CPU
		{F2A4E954-0439-42CF-B795-82819C9A39CF}.Release_MacOSX|Win32.ActiveCfg = Release|Any CPU
		{F2A4E954-0439-42CF-B795-82819C9A39CF}.Release|Any CPU.ActiveCfg = Release|Any CPU
		{F2A4E954-0439-42CF-B795-82819C9A39CF}.Release|Any CPU.Build.0 = Release|Any CPU
		{F2A4E954-0439-42CF-B795-82819C9A39CF}.Release|Mixed Platforms.ActiveCfg = Release|Any CPU
		{F2A4E954-0439-42CF-B795-82819C9A39CF}.Release|Mixed Platforms.Build.0 = Release|Any CPU
		{F2A4E954-0439-42CF-B795-82819C9A39CF}.Release|Win32.ActiveCfg = Release|Any CPU
		{F534062B-DD66-453B-B08B-87AE6741179D}.Debug_Linux|Any CPU.ActiveCfg = Debug|Win32
		{F534062B-DD66-453B-B08B-87AE6741179D}.Debug_Linux|Mixed Platforms.ActiveCfg = Debug|Win32
		{F534062B-DD66-453B-B08B-87AE6741179D}.Debug_Linux|Mixed Platforms.Build.0 = Debug|Win32
		{F534062B-DD66-453B-B08B-87AE6741179D}.Debug_Linux|Win32.ActiveCfg = Debug|Win32
		{F534062B-DD66-453B-B08B-87AE6741179D}.Debug_Linux|Win32.Build.0 = Debug|Win32
		{F534062B-DD66-453B-B08B-87AE6741179D}.Debug_MacOSX|Any CPU.ActiveCfg = Debug|Win32
		{F534062B-DD66-453B-B08B-87AE6741179D}.Debug_MacOSX|Mixed Platforms.ActiveCfg = Debug|Win32
		{F534062B-DD66-453B-B08B-87AE6741179D}.Debug_MacOSX|Mixed Platforms.Build.0 = Debug|Win32
		{F534062B-DD66-453B-B08B-87AE6741179D}.Debug_MacOSX|Win32.ActiveCfg = Debug|Win32
		{F534062B-DD66-453B-B08B-87AE6741179D}.Debug_MacOSX|Win32.Build.0 = Debug|Win32
		{F534062B-DD66-453B-B08B-87AE6741179D}.Debug|Any CPU.ActiveCfg = Debug|Win32
		{F534062B-DD66-453B-B08B-87AE6741179D}.Debug|Mixed Platforms.ActiveCfg = Debug|Win32
		{F534062B-DD66-453B-B08B-87AE6741179D}.Debug|Mixed Platforms.Build.0 = Debug|Win32
		{F534062B-DD66-453B-B08B-87AE6741179D}.Debug|Win32.ActiveCfg = Debug|Win32
		{F534062B-DD66-453B-B08B-87AE6741179D}.Debug|Win32.Build.0 = Debug|Win32
		{F534062B-DD66-453B-B08B-87AE6741179D}.Release_Linux|Any CPU.ActiveCfg = Release|Win32
		{F534062B-DD66-453B-B08B-87AE6741179D}.Release_Linux|Mixed Platforms.ActiveCfg = Release|Win32
		{F534062B-DD66-453B-B08B-87AE6741179D}.Release_Linux|Mixed Platforms.Build.0 = Release|Win32
		{F534062B-DD66-453B-B08B-87AE6741179D}.Release_Linux|Win32.ActiveCfg = Release|Win32
		{F534062B-DD66-453B-B08B-87AE6741179D}.Release_Linux|Win32.Build.0 = Release|Win32
		{F534062B-DD66-453B-B08B-87AE6741179D}.Release_MacOSX|Any CPU.ActiveCfg = Release|Win32
		{F534062B-DD66-453B-B08B-87AE6741179D}.Release_MacOSX|Mixed Platforms.ActiveCfg = Release|Win32
		{F534062B-DD66-453B-B08B-87AE6741179D}.Release_MacOSX|Mixed Platforms.Build.0 = Release|Win32
		{F534062B-DD66-453B-B08B-87AE6741179D}.Release_MacOSX|Win32.ActiveCfg = Release|Win32
		{F534062B-DD66-453B-B08B-87AE6741179D}.Release_MacOSX|Win32.Build.0 = Release|Win32
		{F534062B-DD66-453B-B08B-87AE6741179D}.Release|Any CPU.ActiveCfg = Release|Win32
		{F534062B-DD66-453B-B08B-87AE6741179D}.Release|Mixed Platforms.ActiveCfg = Release|Win32
		{F534062B-DD66-453B-B08B-87AE6741179D}.Release|Mixed Platforms.Build.0 = Release|Win32
		{F534062B-DD66-453B-B08B-87AE6741179D}.Release|Win32.ActiveCfg = Release|Win32
		{F534062B-DD66-453B-B08B-87AE6741179D}.Release|Win32.Build.0 = Release|Win32
	EndGlobalSection
	GlobalSection(SolutionProperties) = preSolution
		HideSolutionNode = FALSE
	EndGlobalSection
EndGlobal
