// !$*UTF8*$!
{
	archiveVersion = 1;
	classes = {
	};
	objectVersion = 46;
	objects = {

/* Begin PBXBuildFile section */
		91121C55157ED920009254E5 /* MPfmLibraryBrowserViewController.m in Sources */ = {isa = PBXBuildFile; fileRef = 91121C54157ED920009254E5 /* MPfmLibraryBrowserViewController.m */; };
		91121C59157EE144009254E5 /* MPfmPlayer.m in Sources */ = {isa = PBXBuildFile; fileRef = 91121C58157EE144009254E5 /* MPfmPlayer.m */; };
		91219C7A157DBAA8005DE38F /* UIKit.framework in Frameworks */ = {isa = PBXBuildFile; fileRef = 91219C79157DBAA8005DE38F /* UIKit.framework */; };
		91219C7C157DBAA8005DE38F /* Foundation.framework in Frameworks */ = {isa = PBXBuildFile; fileRef = 91219C7B157DBAA8005DE38F /* Foundation.framework */; };
		91219C7E157DBAA8005DE38F /* CoreGraphics.framework in Frameworks */ = {isa = PBXBuildFile; fileRef = 91219C7D157DBAA8005DE38F /* CoreGraphics.framework */; };
		91219C84157DBAA8005DE38F /* InfoPlist.strings in Resources */ = {isa = PBXBuildFile; fileRef = 91219C82157DBAA8005DE38F /* InfoPlist.strings */; };
		91219C86157DBAA8005DE38F /* main.m in Sources */ = {isa = PBXBuildFile; fileRef = 91219C85157DBAA8005DE38F /* main.m */; };
		91219C8A157DBAA8005DE38F /* MPfmAppDelegate.m in Sources */ = {isa = PBXBuildFile; fileRef = 91219C89157DBAA8005DE38F /* MPfmAppDelegate.m */; };
		91219C93157DBAA8005DE38F /* MPfmPlayerViewController.m in Sources */ = {isa = PBXBuildFile; fileRef = 91219C92157DBAA8005DE38F /* MPfmPlayerViewController.m */; };
		91219C9A157DBAA8005DE38F /* MPfmPreferencesViewController.m in Sources */ = {isa = PBXBuildFile; fileRef = 91219C99157DBAA8005DE38F /* MPfmPreferencesViewController.m */; };
		91219CA6157DBAA8005DE38F /* SenTestingKit.framework in Frameworks */ = {isa = PBXBuildFile; fileRef = 91219CA5157DBAA8005DE38F /* SenTestingKit.framework */; };
		91219CA7157DBAA8005DE38F /* UIKit.framework in Frameworks */ = {isa = PBXBuildFile; fileRef = 91219C79157DBAA8005DE38F /* UIKit.framework */; };
		91219CA8157DBAA8005DE38F /* Foundation.framework in Frameworks */ = {isa = PBXBuildFile; fileRef = 91219C7B157DBAA8005DE38F /* Foundation.framework */; };
		91219CB0157DBAA8005DE38F /* InfoPlist.strings in Resources */ = {isa = PBXBuildFile; fileRef = 91219CAE157DBAA8005DE38F /* InfoPlist.strings */; };
		91219CB3157DBAA8005DE38F /* MPfmTests.m in Sources */ = {isa = PBXBuildFile; fileRef = 91219CB2157DBAA8005DE38F /* MPfmTests.m */; };
		916BC92D15993BEE0045ABD8 /* TestTagLib.mm in Sources */ = {isa = PBXBuildFile; fileRef = 916BC92C15993BEE0045ABD8 /* TestTagLib.mm */; };
		916BC98115996A190045ABD8 /* libTagLibCocoaTouch.a in Frameworks */ = {isa = PBXBuildFile; fileRef = 916BC97F1599696D0045ABD8 /* libTagLibCocoaTouch.a */; };
		916E842B1599709C00DDED63 /* libz.dylib in Frameworks */ = {isa = PBXBuildFile; fileRef = 916E842A1599709C00DDED63 /* libz.dylib */; };
		9172373C157DBFF800B33E1C /* AudioToolbox.framework in Frameworks */ = {isa = PBXBuildFile; fileRef = 9172373B157DBFF800B33E1C /* AudioToolbox.framework */; };
		9172373F157DC00200B33E1C /* SystemConfiguration.framework in Frameworks */ = {isa = PBXBuildFile; fileRef = 9172373E157DC00200B33E1C /* SystemConfiguration.framework */; };
		91723741157DC00C00B33E1C /* CFNetwork.framework in Frameworks */ = {isa = PBXBuildFile; fileRef = 91723740157DC00C00B33E1C /* CFNetwork.framework */; };
		91723743157DC01200B33E1C /* CoreMIDI.framework in Frameworks */ = {isa = PBXBuildFile; fileRef = 91723742157DC01200B33E1C /* CoreMIDI.framework */; };
		91723749157DC05300B33E1C /* first.png in Resources */ = {isa = PBXBuildFile; fileRef = 91723745157DC05300B33E1C /* first.png */; };
		9172374A157DC05300B33E1C /* first@2x.png in Resources */ = {isa = PBXBuildFile; fileRef = 91723746157DC05300B33E1C /* first@2x.png */; };
		9172374B157DC05300B33E1C /* second.png in Resources */ = {isa = PBXBuildFile; fileRef = 91723747157DC05300B33E1C /* second.png */; };
		9172374C157DC05300B33E1C /* second@2x.png in Resources */ = {isa = PBXBuildFile; fileRef = 91723748157DC05300B33E1C /* second@2x.png */; };
		91723752157DC1C400B33E1C /* libbass_fx.a in Frameworks */ = {isa = PBXBuildFile; fileRef = 9172374E157DC1C400B33E1C /* libbass_fx.a */; };
		91723753157DC1C400B33E1C /* libbass.a in Frameworks */ = {isa = PBXBuildFile; fileRef = 9172374F157DC1C400B33E1C /* libbass.a */; };
		91723754157DC1C400B33E1C /* libbassflac.a in Frameworks */ = {isa = PBXBuildFile; fileRef = 91723750157DC1C400B33E1C /* libbassflac.a */; };
		91723755157DC1C400B33E1C /* libbasswv.a in Frameworks */ = {isa = PBXBuildFile; fileRef = 91723751157DC1C400B33E1C /* libbasswv.a */; };
		91DD4736157F08EC006847B1 /* MPfmPlaylist.m in Sources */ = {isa = PBXBuildFile; fileRef = 91DD4735157F08EC006847B1 /* MPfmPlaylist.m */; };
		91DEFCEA159921A700966A3B /* MPfmPlayerViewController_iPhone.xib in Resources */ = {isa = PBXBuildFile; fileRef = 91DEFCE9159921A700966A3B /* MPfmPlayerViewController_iPhone.xib */; };
		91DEFCEC159921BB00966A3B /* MPfmPreferencesViewController_iPhone.xib in Resources */ = {isa = PBXBuildFile; fileRef = 91DEFCEB159921BB00966A3B /* MPfmPreferencesViewController_iPhone.xib */; };
		91DEFCEE159921D000966A3B /* MPfmLibraryBrowserViewController_iPhone.xib in Resources */ = {isa = PBXBuildFile; fileRef = 91DEFCED159921D000966A3B /* MPfmLibraryBrowserViewController_iPhone.xib */; };
		91EC3A63159914010036CBD4 /* Default.png in Resources */ = {isa = PBXBuildFile; fileRef = 91EC3A62159914010036CBD4 /* Default.png */; };
		91EC3A65159914050036CBD4 /* Default@2x.png in Resources */ = {isa = PBXBuildFile; fileRef = 91EC3A64159914050036CBD4 /* Default@2x.png */; };
		91EC3A67159914340036CBD4 /* icon57.png in Resources */ = {isa = PBXBuildFile; fileRef = 91EC3A66159914340036CBD4 /* icon57.png */; };
		91EC3A69159914370036CBD4 /* icon114.png in Resources */ = {isa = PBXBuildFile; fileRef = 91EC3A68159914370036CBD4 /* icon114.png */; };
/* End PBXBuildFile section */

/* Begin PBXContainerItemProxy section */
		91219CA9157DBAA8005DE38F /* PBXContainerItemProxy */ = {
			isa = PBXContainerItemProxy;
			containerPortal = 91219C6C157DBAA8005DE38F /* Project object */;
			proxyType = 1;
			remoteGlobalIDString = 91219C74157DBAA8005DE38F;
			remoteInfo = MPfm;
		};
		916BC97E1599696D0045ABD8 /* PBXContainerItemProxy */ = {
			isa = PBXContainerItemProxy;
			containerPortal = 916BC9771599696D0045ABD8 /* TagLib.xcodeproj */;
			proxyType = 2;
			remoteGlobalIDString = 9193A4191599343300556D1A;
			remoteInfo = TagLibCocoaTouch;
		};
/* End PBXContainerItemProxy section */

/* Begin PBXFileReference section */
		91121C53157ED920009254E5 /* MPfmLibraryBrowserViewController.h */ = {isa = PBXFileReference; fileEncoding = 4; lastKnownFileType = sourcecode.c.h; path = MPfmLibraryBrowserViewController.h; sourceTree = "<group>"; };
		91121C54157ED920009254E5 /* MPfmLibraryBrowserViewController.m */ = {isa = PBXFileReference; fileEncoding = 4; lastKnownFileType = sourcecode.c.objc; path = MPfmLibraryBrowserViewController.m; sourceTree = "<group>"; };
		91121C57157EE144009254E5 /* MPfmPlayer.h */ = {isa = PBXFileReference; fileEncoding = 4; lastKnownFileType = sourcecode.c.h; path = MPfmPlayer.h; sourceTree = "<group>"; };
		91121C58157EE144009254E5 /* MPfmPlayer.m */ = {isa = PBXFileReference; fileEncoding = 4; lastKnownFileType = sourcecode.c.objc; path = MPfmPlayer.m; sourceTree = "<group>"; };
		91121C5A157EE369009254E5 /* bass.h */ = {isa = PBXFileReference; fileEncoding = 4; lastKnownFileType = sourcecode.c.h; name = bass.h; path = "../../../../../Downloads/bass24-osx/bass.h"; sourceTree = "<group>"; };
		91219C75157DBAA8005DE38F /* MPfm.app */ = {isa = PBXFileReference; explicitFileType = wrapper.application; includeInIndex = 0; path = MPfm.app; sourceTree = BUILT_PRODUCTS_DIR; };
		91219C79157DBAA8005DE38F /* UIKit.framework */ = {isa = PBXFileReference; lastKnownFileType = wrapper.framework; name = UIKit.framework; path = System/Library/Frameworks/UIKit.framework; sourceTree = SDKROOT; };
		91219C7B157DBAA8005DE38F /* Foundation.framework */ = {isa = PBXFileReference; lastKnownFileType = wrapper.framework; name = Foundation.framework; path = System/Library/Frameworks/Foundation.framework; sourceTree = SDKROOT; };
		91219C7D157DBAA8005DE38F /* CoreGraphics.framework */ = {isa = PBXFileReference; lastKnownFileType = wrapper.framework; name = CoreGraphics.framework; path = System/Library/Frameworks/CoreGraphics.framework; sourceTree = SDKROOT; };
		91219C81157DBAA8005DE38F /* MPfm-Info.plist */ = {isa = PBXFileReference; lastKnownFileType = text.plist.xml; path = "MPfm-Info.plist"; sourceTree = "<group>"; };
		91219C83157DBAA8005DE38F /* en */ = {isa = PBXFileReference; lastKnownFileType = text.plist.strings; name = en; path = en.lproj/InfoPlist.strings; sourceTree = "<group>"; };
		91219C85157DBAA8005DE38F /* main.m */ = {isa = PBXFileReference; lastKnownFileType = sourcecode.c.objc; path = main.m; sourceTree = "<group>"; };
		91219C87157DBAA8005DE38F /* MPfm-Prefix.pch */ = {isa = PBXFileReference; lastKnownFileType = sourcecode.c.h; path = "MPfm-Prefix.pch"; sourceTree = "<group>"; };
		91219C88157DBAA8005DE38F /* MPfmAppDelegate.h */ = {isa = PBXFileReference; lastKnownFileType = sourcecode.c.h; path = MPfmAppDelegate.h; sourceTree = "<group>"; };
		91219C89157DBAA8005DE38F /* MPfmAppDelegate.m */ = {isa = PBXFileReference; lastKnownFileType = sourcecode.c.objc; path = MPfmAppDelegate.m; sourceTree = "<group>"; };
		91219C91157DBAA8005DE38F /* MPfmPlayerViewController.h */ = {isa = PBXFileReference; lastKnownFileType = sourcecode.c.h; path = MPfmPlayerViewController.h; sourceTree = "<group>"; };
		91219C92157DBAA8005DE38F /* MPfmPlayerViewController.m */ = {isa = PBXFileReference; lastKnownFileType = sourcecode.c.objc; path = MPfmPlayerViewController.m; sourceTree = "<group>"; };
		91219C98157DBAA8005DE38F /* MPfmPreferencesViewController.h */ = {isa = PBXFileReference; lastKnownFileType = sourcecode.c.h; path = MPfmPreferencesViewController.h; sourceTree = "<group>"; };
		91219C99157DBAA8005DE38F /* MPfmPreferencesViewController.m */ = {isa = PBXFileReference; lastKnownFileType = sourcecode.c.objc; path = MPfmPreferencesViewController.m; sourceTree = "<group>"; };
		91219CA4157DBAA8005DE38F /* MPfmTests.octest */ = {isa = PBXFileReference; explicitFileType = wrapper.cfbundle; includeInIndex = 0; path = MPfmTests.octest; sourceTree = BUILT_PRODUCTS_DIR; };
		91219CA5157DBAA8005DE38F /* SenTestingKit.framework */ = {isa = PBXFileReference; lastKnownFileType = wrapper.framework; name = SenTestingKit.framework; path = Library/Frameworks/SenTestingKit.framework; sourceTree = DEVELOPER_DIR; };
		91219CAD157DBAA8005DE38F /* MPfmTests-Info.plist */ = {isa = PBXFileReference; lastKnownFileType = text.plist.xml; path = "MPfmTests-Info.plist"; sourceTree = "<group>"; };
		91219CAF157DBAA8005DE38F /* en */ = {isa = PBXFileReference; lastKnownFileType = text.plist.strings; name = en; path = en.lproj/InfoPlist.strings; sourceTree = "<group>"; };
		91219CB1157DBAA8005DE38F /* MPfmTests.h */ = {isa = PBXFileReference; lastKnownFileType = sourcecode.c.h; path = MPfmTests.h; sourceTree = "<group>"; };
		91219CB2157DBAA8005DE38F /* MPfmTests.m */ = {isa = PBXFileReference; lastKnownFileType = sourcecode.c.objc; path = MPfmTests.m; sourceTree = "<group>"; };
		916BC92B15993BEE0045ABD8 /* TestTagLib.h */ = {isa = PBXFileReference; fileEncoding = 4; lastKnownFileType = sourcecode.c.h; path = TestTagLib.h; sourceTree = "<group>"; };
		916BC92C15993BEE0045ABD8 /* TestTagLib.mm */ = {isa = PBXFileReference; fileEncoding = 4; lastKnownFileType = sourcecode.cpp.objcpp; path = TestTagLib.mm; sourceTree = "<group>"; };
		916BC93515993E590045ABD8 /* libTagLibCocoaTouch.a */ = {isa = PBXFileReference; lastKnownFileType = archive.ar; path = libTagLibCocoaTouch.a; sourceTree = "<group>"; };
		916BC9771599696D0045ABD8 /* TagLib.xcodeproj */ = {isa = PBXFileReference; lastKnownFileType = "wrapper.pb-project"; name = TagLib.xcodeproj; path = ../TagLib/TagLib.xcodeproj; sourceTree = "<group>"; };
		916E842A1599709C00DDED63 /* libz.dylib */ = {isa = PBXFileReference; lastKnownFileType = "compiled.mach-o.dylib"; name = libz.dylib; path = usr/lib/libz.dylib; sourceTree = SDKROOT; };
		9172373B157DBFF800B33E1C /* AudioToolbox.framework */ = {isa = PBXFileReference; lastKnownFileType = wrapper.framework; name = AudioToolbox.framework; path = System/Library/Frameworks/AudioToolbox.framework; sourceTree = SDKROOT; };
		9172373E157DC00200B33E1C /* SystemConfiguration.framework */ = {isa = PBXFileReference; lastKnownFileType = wrapper.framework; name = SystemConfiguration.framework; path = System/Library/Frameworks/SystemConfiguration.framework; sourceTree = SDKROOT; };
		91723740157DC00C00B33E1C /* CFNetwork.framework */ = {isa = PBXFileReference; lastKnownFileType = wrapper.framework; name = CFNetwork.framework; path = System/Library/Frameworks/CFNetwork.framework; sourceTree = SDKROOT; };
		91723742157DC01200B33E1C /* CoreMIDI.framework */ = {isa = PBXFileReference; lastKnownFileType = wrapper.framework; name = CoreMIDI.framework; path = System/Library/Frameworks/CoreMIDI.framework; sourceTree = SDKROOT; };
		91723745157DC05300B33E1C /* first.png */ = {isa = PBXFileReference; lastKnownFileType = image.png; path = first.png; sourceTree = "<group>"; };
		91723746157DC05300B33E1C /* first@2x.png */ = {isa = PBXFileReference; lastKnownFileType = image.png; path = "first@2x.png"; sourceTree = "<group>"; };
		91723747157DC05300B33E1C /* second.png */ = {isa = PBXFileReference; lastKnownFileType = image.png; path = second.png; sourceTree = "<group>"; };
		91723748157DC05300B33E1C /* second@2x.png */ = {isa = PBXFileReference; lastKnownFileType = image.png; path = "second@2x.png"; sourceTree = "<group>"; };
		9172374E157DC1C400B33E1C /* libbass_fx.a */ = {isa = PBXFileReference; lastKnownFileType = archive.ar; path = libbass_fx.a; sourceTree = "<group>"; };
		9172374F157DC1C400B33E1C /* libbass.a */ = {isa = PBXFileReference; lastKnownFileType = archive.ar; path = libbass.a; sourceTree = "<group>"; };
		91723750157DC1C400B33E1C /* libbassflac.a */ = {isa = PBXFileReference; lastKnownFileType = archive.ar; path = libbassflac.a; sourceTree = "<group>"; };
		91723751157DC1C400B33E1C /* libbasswv.a */ = {isa = PBXFileReference; lastKnownFileType = archive.ar; path = libbasswv.a; sourceTree = "<group>"; };
		91DD4734157F08EC006847B1 /* MPfmPlaylist.h */ = {isa = PBXFileReference; fileEncoding = 4; lastKnownFileType = sourcecode.c.h; path = MPfmPlaylist.h; sourceTree = "<group>"; };
		91DD4735157F08EC006847B1 /* MPfmPlaylist.m */ = {isa = PBXFileReference; fileEncoding = 4; lastKnownFileType = sourcecode.c.objc; path = MPfmPlaylist.m; sourceTree = "<group>"; };
		91DEFCE9159921A700966A3B /* MPfmPlayerViewController_iPhone.xib */ = {isa = PBXFileReference; fileEncoding = 4; lastKnownFileType = file.xib; path = MPfmPlayerViewController_iPhone.xib; sourceTree = "<group>"; };
		91DEFCEB159921BB00966A3B /* MPfmPreferencesViewController_iPhone.xib */ = {isa = PBXFileReference; fileEncoding = 4; lastKnownFileType = file.xib; path = MPfmPreferencesViewController_iPhone.xib; sourceTree = "<group>"; };
		91DEFCED159921D000966A3B /* MPfmLibraryBrowserViewController_iPhone.xib */ = {isa = PBXFileReference; fileEncoding = 4; lastKnownFileType = file.xib; path = MPfmLibraryBrowserViewController_iPhone.xib; sourceTree = "<group>"; };
		91EC3A62159914010036CBD4 /* Default.png */ = {isa = PBXFileReference; lastKnownFileType = image.png; name = Default.png; path = ../Default.png; sourceTree = "<group>"; };
		91EC3A64159914050036CBD4 /* Default@2x.png */ = {isa = PBXFileReference; lastKnownFileType = image.png; name = "Default@2x.png"; path = "../Default@2x.png"; sourceTree = "<group>"; };
		91EC3A66159914340036CBD4 /* icon57.png */ = {isa = PBXFileReference; lastKnownFileType = image.png; name = icon57.png; path = ../icon57.png; sourceTree = "<group>"; };
		91EC3A68159914370036CBD4 /* icon114.png */ = {isa = PBXFileReference; lastKnownFileType = image.png; name = icon114.png; path = ../icon114.png; sourceTree = "<group>"; };
/* End PBXFileReference section */

/* Begin PBXFrameworksBuildPhase section */
		91219C72157DBAA8005DE38F /* Frameworks */ = {
			isa = PBXFrameworksBuildPhase;
			buildActionMask = 2147483647;
			files = (
				916E842B1599709C00DDED63 /* libz.dylib in Frameworks */,
				916BC98115996A190045ABD8 /* libTagLibCocoaTouch.a in Frameworks */,
				91723743157DC01200B33E1C /* CoreMIDI.framework in Frameworks */,
				91723741157DC00C00B33E1C /* CFNetwork.framework in Frameworks */,
				9172373F157DC00200B33E1C /* SystemConfiguration.framework in Frameworks */,
				9172373C157DBFF800B33E1C /* AudioToolbox.framework in Frameworks */,
				91219C7A157DBAA8005DE38F /* UIKit.framework in Frameworks */,
				91219C7C157DBAA8005DE38F /* Foundation.framework in Frameworks */,
				91219C7E157DBAA8005DE38F /* CoreGraphics.framework in Frameworks */,
				91723752157DC1C400B33E1C /* libbass_fx.a in Frameworks */,
				91723753157DC1C400B33E1C /* libbass.a in Frameworks */,
				91723754157DC1C400B33E1C /* libbassflac.a in Frameworks */,
				91723755157DC1C400B33E1C /* libbasswv.a in Frameworks */,
			);
			runOnlyForDeploymentPostprocessing = 0;
		};
		91219CA0157DBAA8005DE38F /* Frameworks */ = {
			isa = PBXFrameworksBuildPhase;
			buildActionMask = 2147483647;
			files = (
				91219CA6157DBAA8005DE38F /* SenTestingKit.framework in Frameworks */,
				91219CA7157DBAA8005DE38F /* UIKit.framework in Frameworks */,
				91219CA8157DBAA8005DE38F /* Foundation.framework in Frameworks */,
			);
			runOnlyForDeploymentPostprocessing = 0;
		};
/* End PBXFrameworksBuildPhase section */

/* Begin PBXGroup section */
		91121C56157EE11B009254E5 /* Player */ = {
			isa = PBXGroup;
			children = (
				91121C57157EE144009254E5 /* MPfmPlayer.h */,
				91121C58157EE144009254E5 /* MPfmPlayer.m */,
				91DD4734157F08EC006847B1 /* MPfmPlaylist.h */,
				91DD4735157F08EC006847B1 /* MPfmPlaylist.m */,
				916BC92B15993BEE0045ABD8 /* TestTagLib.h */,
				916BC92C15993BEE0045ABD8 /* TestTagLib.mm */,
			);
			path = Player;
			sourceTree = "<group>";
		};
		91219C6A157DBAA8005DE38F = {
			isa = PBXGroup;
			children = (
				916E842A1599709C00DDED63 /* libz.dylib */,
				916BC9771599696D0045ABD8 /* TagLib.xcodeproj */,
				91121C56157EE11B009254E5 /* Player */,
				91219C7F157DBAA8005DE38F /* MPfm */,
				91219CAB157DBAA8005DE38F /* MPfmTests */,
				91723744157DC01D00B33E1C /* Resources */,
				91219C78157DBAA8005DE38F /* Frameworks */,
				9172374D157DC16F00B33E1C /* Other Frameworks */,
				918DE17B1580555200546FF9 /* Other Sources */,
				91219C76157DBAA8005DE38F /* Products */,
			);
			sourceTree = "<group>";
		};
		91219C76157DBAA8005DE38F /* Products */ = {
			isa = PBXGroup;
			children = (
				91219C75157DBAA8005DE38F /* MPfm.app */,
				91219CA4157DBAA8005DE38F /* MPfmTests.octest */,
			);
			name = Products;
			sourceTree = "<group>";
		};
		91219C78157DBAA8005DE38F /* Frameworks */ = {
			isa = PBXGroup;
			children = (
				91723742157DC01200B33E1C /* CoreMIDI.framework */,
				91723740157DC00C00B33E1C /* CFNetwork.framework */,
				9172373E157DC00200B33E1C /* SystemConfiguration.framework */,
				9172373B157DBFF800B33E1C /* AudioToolbox.framework */,
				91219C79157DBAA8005DE38F /* UIKit.framework */,
				91219C7B157DBAA8005DE38F /* Foundation.framework */,
				91219C7D157DBAA8005DE38F /* CoreGraphics.framework */,
				91219CA5157DBAA8005DE38F /* SenTestingKit.framework */,
			);
			name = Frameworks;
			sourceTree = "<group>";
		};
		91219C7F157DBAA8005DE38F /* MPfm */ = {
			isa = PBXGroup;
			children = (
				91DEFCEF159924F100966A3B /* XIB */,
				91219C88157DBAA8005DE38F /* MPfmAppDelegate.h */,
				91219C89157DBAA8005DE38F /* MPfmAppDelegate.m */,
				91219C91157DBAA8005DE38F /* MPfmPlayerViewController.h */,
				91219C92157DBAA8005DE38F /* MPfmPlayerViewController.m */,
				91219C98157DBAA8005DE38F /* MPfmPreferencesViewController.h */,
				91219C99157DBAA8005DE38F /* MPfmPreferencesViewController.m */,
				91121C53157ED920009254E5 /* MPfmLibraryBrowserViewController.h */,
				91121C54157ED920009254E5 /* MPfmLibraryBrowserViewController.m */,
				91219C80157DBAA8005DE38F /* Supporting Files */,
			);
			path = MPfm;
			sourceTree = "<group>";
		};
		91219C80157DBAA8005DE38F /* Supporting Files */ = {
			isa = PBXGroup;
			children = (
				91219C81157DBAA8005DE38F /* MPfm-Info.plist */,
				91219C82157DBAA8005DE38F /* InfoPlist.strings */,
				91219C85157DBAA8005DE38F /* main.m */,
				91219C87157DBAA8005DE38F /* MPfm-Prefix.pch */,
			);
			name = "Supporting Files";
			sourceTree = "<group>";
		};
		91219CAB157DBAA8005DE38F /* MPfmTests */ = {
			isa = PBXGroup;
			children = (
				91219CB1157DBAA8005DE38F /* MPfmTests.h */,
				91219CB2157DBAA8005DE38F /* MPfmTests.m */,
				91219CAC157DBAA8005DE38F /* Supporting Files */,
			);
			path = MPfmTests;
			sourceTree = "<group>";
		};
		91219CAC157DBAA8005DE38F /* Supporting Files */ = {
			isa = PBXGroup;
			children = (
				91219CAD157DBAA8005DE38F /* MPfmTests-Info.plist */,
				91219CAE157DBAA8005DE38F /* InfoPlist.strings */,
			);
			name = "Supporting Files";
			sourceTree = "<group>";
		};
		916BC9781599696D0045ABD8 /* Products */ = {
			isa = PBXGroup;
			children = (
				916BC97F1599696D0045ABD8 /* libTagLibCocoaTouch.a */,
			);
			name = Products;
			sourceTree = "<group>";
		};
		91723744157DC01D00B33E1C /* Resources */ = {
			isa = PBXGroup;
			children = (
				91EC3A68159914370036CBD4 /* icon114.png */,
				91EC3A66159914340036CBD4 /* icon57.png */,
				91EC3A62159914010036CBD4 /* Default.png */,
				91EC3A64159914050036CBD4 /* Default@2x.png */,
				91723745157DC05300B33E1C /* first.png */,
				91723746157DC05300B33E1C /* first@2x.png */,
				91723747157DC05300B33E1C /* second.png */,
				91723748157DC05300B33E1C /* second@2x.png */,
			);
			path = Resources;
			sourceTree = "<group>";
		};
		9172374D157DC16F00B33E1C /* Other Frameworks */ = {
			isa = PBXGroup;
			children = (
				916BC93515993E590045ABD8 /* libTagLibCocoaTouch.a */,
				91121C5A157EE369009254E5 /* bass.h */,
				9172374E157DC1C400B33E1C /* libbass_fx.a */,
				9172374F157DC1C400B33E1C /* libbass.a */,
				91723750157DC1C400B33E1C /* libbassflac.a */,
				91723751157DC1C400B33E1C /* libbasswv.a */,
			);
			path = "Other Frameworks";
			sourceTree = "<group>";
		};
		918DE17B1580555200546FF9 /* Other Sources */ = {
			isa = PBXGroup;
			children = (
			);
			path = "Other Sources";
			sourceTree = "<group>";
		};
		91DEFCEF159924F100966A3B /* XIB */ = {
			isa = PBXGroup;
			children = (
				91DEFCF11599250800966A3B /* iPad */,
				91DEFCF01599250000966A3B /* iPhone */,
			);
			name = XIB;
			sourceTree = "<group>";
		};
		91DEFCF01599250000966A3B /* iPhone */ = {
			isa = PBXGroup;
			children = (
				91DEFCE9159921A700966A3B /* MPfmPlayerViewController_iPhone.xib */,
				91DEFCEB159921BB00966A3B /* MPfmPreferencesViewController_iPhone.xib */,
				91DEFCED159921D000966A3B /* MPfmLibraryBrowserViewController_iPhone.xib */,
			);
			name = iPhone;
			sourceTree = "<group>";
		};
		91DEFCF11599250800966A3B /* iPad */ = {
			isa = PBXGroup;
			children = (
			);
			name = iPad;
			sourceTree = "<group>";
		};
/* End PBXGroup section */

/* Begin PBXNativeTarget section */
		91219C74157DBAA8005DE38F /* MPfm */ = {
			isa = PBXNativeTarget;
			buildConfigurationList = 91219CB6157DBAA8005DE38F /* Build configuration list for PBXNativeTarget "MPfm" */;
			buildPhases = (
				91219C71157DBAA8005DE38F /* Sources */,
				91219C72157DBAA8005DE38F /* Frameworks */,
				91219C73157DBAA8005DE38F /* Resources */,
			);
			buildRules = (
			);
			dependencies = (
			);
			name = MPfm;
			productName = MPfm;
			productReference = 91219C75157DBAA8005DE38F /* MPfm.app */;
			productType = "com.apple.product-type.application";
		};
		91219CA3157DBAA8005DE38F /* MPfmTests */ = {
			isa = PBXNativeTarget;
			buildConfigurationList = 91219CB9157DBAA8005DE38F /* Build configuration list for PBXNativeTarget "MPfmTests" */;
			buildPhases = (
				91219C9F157DBAA8005DE38F /* Sources */,
				91219CA0157DBAA8005DE38F /* Frameworks */,
				91219CA1157DBAA8005DE38F /* Resources */,
				91219CA2157DBAA8005DE38F /* ShellScript */,
			);
			buildRules = (
			);
			dependencies = (
				91219CAA157DBAA8005DE38F /* PBXTargetDependency */,
			);
			name = MPfmTests;
			productName = MPfmTests;
			productReference = 91219CA4157DBAA8005DE38F /* MPfmTests.octest */;
			productType = "com.apple.product-type.bundle";
		};
/* End PBXNativeTarget section */

/* Begin PBXProject section */
		91219C6C157DBAA8005DE38F /* Project object */ = {
			isa = PBXProject;
			attributes = {
				CLASSPREFIX = MPfm;
				LastUpgradeCheck = 0430;
			};
			buildConfigurationList = 91219C6F157DBAA8005DE38F /* Build configuration list for PBXProject "MPfm" */;
			compatibilityVersion = "Xcode 3.2";
			developmentRegion = English;
			hasScannedForEncodings = 0;
			knownRegions = (
				en,
			);
			mainGroup = 91219C6A157DBAA8005DE38F;
			productRefGroup = 91219C76157DBAA8005DE38F /* Products */;
			projectDirPath = "";
			projectReferences = (
				{
					ProductGroup = 916BC9781599696D0045ABD8 /* Products */;
					ProjectRef = 916BC9771599696D0045ABD8 /* TagLib.xcodeproj */;
				},
			);
			projectRoot = "";
			targets = (
				91219C74157DBAA8005DE38F /* MPfm */,
				91219CA3157DBAA8005DE38F /* MPfmTests */,
			);
		};
/* End PBXProject section */

/* Begin PBXReferenceProxy section */
		916BC97F1599696D0045ABD8 /* libTagLibCocoaTouch.a */ = {
			isa = PBXReferenceProxy;
			fileType = archive.ar;
			path = libTagLibCocoaTouch.a;
			remoteRef = 916BC97E1599696D0045ABD8 /* PBXContainerItemProxy */;
			sourceTree = BUILT_PRODUCTS_DIR;
		};
/* End PBXReferenceProxy section */

/* Begin PBXResourcesBuildPhase section */
		91219C73157DBAA8005DE38F /* Resources */ = {
			isa = PBXResourcesBuildPhase;
			buildActionMask = 2147483647;
			files = (
				91219C84157DBAA8005DE38F /* InfoPlist.strings in Resources */,
				91723749157DC05300B33E1C /* first.png in Resources */,
				9172374A157DC05300B33E1C /* first@2x.png in Resources */,
				9172374B157DC05300B33E1C /* second.png in Resources */,
				9172374C157DC05300B33E1C /* second@2x.png in Resources */,
				91EC3A63159914010036CBD4 /* Default.png in Resources */,
				91EC3A65159914050036CBD4 /* Default@2x.png in Resources */,
				91EC3A67159914340036CBD4 /* icon57.png in Resources */,
				91EC3A69159914370036CBD4 /* icon114.png in Resources */,
				91DEFCEA159921A700966A3B /* MPfmPlayerViewController_iPhone.xib in Resources */,
				91DEFCEC159921BB00966A3B /* MPfmPreferencesViewController_iPhone.xib in Resources */,
				91DEFCEE159921D000966A3B /* MPfmLibraryBrowserViewController_iPhone.xib in Resources */,
			);
			runOnlyForDeploymentPostprocessing = 0;
		};
		91219CA1157DBAA8005DE38F /* Resources */ = {
			isa = PBXResourcesBuildPhase;
			buildActionMask = 2147483647;
			files = (
				91219CB0157DBAA8005DE38F /* InfoPlist.strings in Resources */,
			);
			runOnlyForDeploymentPostprocessing = 0;
		};
/* End PBXResourcesBuildPhase section */

/* Begin PBXShellScriptBuildPhase section */
		91219CA2157DBAA8005DE38F /* ShellScript */ = {
			isa = PBXShellScriptBuildPhase;
			buildActionMask = 2147483647;
			files = (
			);
			inputPaths = (
			);
			outputPaths = (
			);
			runOnlyForDeploymentPostprocessing = 0;
			shellPath = /bin/sh;
			shellScript = "# Run the unit tests in this test bundle.\n\"${SYSTEM_DEVELOPER_DIR}/Tools/RunUnitTests\"\n";
		};
/* End PBXShellScriptBuildPhase section */

/* Begin PBXSourcesBuildPhase section */
		91219C71157DBAA8005DE38F /* Sources */ = {
			isa = PBXSourcesBuildPhase;
			buildActionMask = 2147483647;
			files = (
				91219C86157DBAA8005DE38F /* main.m in Sources */,
				91219C8A157DBAA8005DE38F /* MPfmAppDelegate.m in Sources */,
				91219C93157DBAA8005DE38F /* MPfmPlayerViewController.m in Sources */,
				91219C9A157DBAA8005DE38F /* MPfmPreferencesViewController.m in Sources */,
				91121C55157ED920009254E5 /* MPfmLibraryBrowserViewController.m in Sources */,
				91121C59157EE144009254E5 /* MPfmPlayer.m in Sources */,
				91DD4736157F08EC006847B1 /* MPfmPlaylist.m in Sources */,
				916BC92D15993BEE0045ABD8 /* TestTagLib.mm in Sources */,
			);
			runOnlyForDeploymentPostprocessing = 0;
		};
		91219C9F157DBAA8005DE38F /* Sources */ = {
			isa = PBXSourcesBuildPhase;
			buildActionMask = 2147483647;
			files = (
				91219CB3157DBAA8005DE38F /* MPfmTests.m in Sources */,
			);
			runOnlyForDeploymentPostprocessing = 0;
		};
/* End PBXSourcesBuildPhase section */

/* Begin PBXTargetDependency section */
		91219CAA157DBAA8005DE38F /* PBXTargetDependency */ = {
			isa = PBXTargetDependency;
			target = 91219C74157DBAA8005DE38F /* MPfm */;
			targetProxy = 91219CA9157DBAA8005DE38F /* PBXContainerItemProxy */;
		};
/* End PBXTargetDependency section */

/* Begin PBXVariantGroup section */
		91219C82157DBAA8005DE38F /* InfoPlist.strings */ = {
			isa = PBXVariantGroup;
			children = (
				91219C83157DBAA8005DE38F /* en */,
			);
			name = InfoPlist.strings;
			sourceTree = "<group>";
		};
		91219CAE157DBAA8005DE38F /* InfoPlist.strings */ = {
			isa = PBXVariantGroup;
			children = (
				91219CAF157DBAA8005DE38F /* en */,
			);
			name = InfoPlist.strings;
			sourceTree = "<group>";
		};
/* End PBXVariantGroup section */

/* Begin XCBuildConfiguration section */
		91219CB4157DBAA8005DE38F /* Debug */ = {
			isa = XCBuildConfiguration;
			buildSettings = {
				ALWAYS_SEARCH_USER_PATHS = NO;
				ARCHS = "$(ARCHS_STANDARD_32_BIT)";
				CLANG_ENABLE_OBJC_ARC = YES;
				"CODE_SIGN_IDENTITY[sdk=iphoneos*]" = "iPhone Developer";
				COPY_PHASE_STRIP = NO;
				GCC_C_LANGUAGE_STANDARD = gnu99;
				GCC_DYNAMIC_NO_PIC = NO;
				GCC_OPTIMIZATION_LEVEL = 0;
				GCC_PREPROCESSOR_DEFINITIONS = (
					"DEBUG=1",
					"$(inherited)",
				);
				GCC_SYMBOLS_PRIVATE_EXTERN = NO;
				GCC_VERSION = com.apple.compilers.llvm.clang.1_0;
				GCC_WARN_ABOUT_RETURN_TYPE = YES;
				GCC_WARN_UNINITIALIZED_AUTOS = YES;
				GCC_WARN_UNUSED_VARIABLE = YES;
				IBC_PLUGIN_SEARCH_PATHS = "";
				IPHONEOS_DEPLOYMENT_TARGET = 5.1;
				SDKROOT = iphoneos;
				TARGETED_DEVICE_FAMILY = "1,2";
			};
			name = Debug;
		};
		91219CB5157DBAA8005DE38F /* Release */ = {
			isa = XCBuildConfiguration;
			buildSettings = {
				ALWAYS_SEARCH_USER_PATHS = NO;
				ARCHS = "$(ARCHS_STANDARD_32_BIT)";
				CLANG_ENABLE_OBJC_ARC = YES;
				"CODE_SIGN_IDENTITY[sdk=iphoneos*]" = "iPhone Developer";
				COPY_PHASE_STRIP = YES;
				GCC_C_LANGUAGE_STANDARD = gnu99;
				GCC_VERSION = com.apple.compilers.llvm.clang.1_0;
				GCC_WARN_ABOUT_RETURN_TYPE = YES;
				GCC_WARN_UNINITIALIZED_AUTOS = YES;
				GCC_WARN_UNUSED_VARIABLE = YES;
				IBC_PLUGIN_SEARCH_PATHS = "";
				IPHONEOS_DEPLOYMENT_TARGET = 5.1;
				OTHER_CFLAGS = "-DNS_BLOCK_ASSERTIONS=1";
				SDKROOT = iphoneos;
				TARGETED_DEVICE_FAMILY = "1,2";
				VALIDATE_PRODUCT = YES;
			};
			name = Release;
		};
		91219CB7157DBAA8005DE38F /* Debug */ = {
			isa = XCBuildConfiguration;
			buildSettings = {
				ALWAYS_SEARCH_USER_PATHS = YES;
				CODE_SIGN_IDENTITY = "iPhone Developer";
				GCC_PRECOMPILE_PREFIX_HEADER = YES;
				GCC_PREFIX_HEADER = "MPfm/MPfm-Prefix.pch";
				HEADER_SEARCH_PATHS = "\"/Users/animal/Projects/svn-base/iOS/TagLib/\"";
				IBC_PLUGIN_SEARCH_PATHS = "";
				INFOPLIST_FILE = "MPfm/MPfm-Info.plist";
				LIBRARY_SEARCH_PATHS = (
					"$(inherited)",
					"\"$(SRCROOT)/Other Frameworks\"",
					"\"$(SRCROOT)/../../../../Desktop\"",
				);
				PRODUCT_NAME = "$(TARGET_NAME)";
				PROVISIONING_PROFILE = "";
				WRAPPER_EXTENSION = app;
			};
			name = Debug;
		};
		91219CB8157DBAA8005DE38F /* Release */ = {
			isa = XCBuildConfiguration;
			buildSettings = {
				ALWAYS_SEARCH_USER_PATHS = YES;
				CODE_SIGN_IDENTITY = "iPhone Distribution";
				"CODE_SIGN_IDENTITY[sdk=iphoneos*]" = "iPhone Distribution";
				GCC_PRECOMPILE_PREFIX_HEADER = YES;
				GCC_PREFIX_HEADER = "MPfm/MPfm-Prefix.pch";
				HEADER_SEARCH_PATHS = "\"/Users/animal/Projects/svn-base/iOS/TagLib/\"";
				IBC_PLUGIN_SEARCH_PATHS = "";
				INFOPLIST_FILE = "MPfm/MPfm-Info.plist";
				LIBRARY_SEARCH_PATHS = (
					"$(inherited)",
					"\"$(SRCROOT)/Other Frameworks\"",
					"\"$(SRCROOT)/../../../../Desktop\"",
				);
				PRODUCT_NAME = "$(TARGET_NAME)";
				PROVISIONING_PROFILE = "";
				"PROVISIONING_PROFILE[sdk=iphoneos*]" = "";
				SKIP_INSTALL = NO;
				WRAPPER_EXTENSION = app;
			};
			name = Release;
		};
		91219CBA157DBAA8005DE38F /* Debug */ = {
			isa = XCBuildConfiguration;
			buildSettings = {
				BUNDLE_LOADER = "$(BUILT_PRODUCTS_DIR)/MPfm.app/MPfm";
				FRAMEWORK_SEARCH_PATHS = (
					"$(SDKROOT)/Developer/Library/Frameworks",
					"$(DEVELOPER_LIBRARY_DIR)/Frameworks",
				);
				GCC_PRECOMPILE_PREFIX_HEADER = YES;
				GCC_PREFIX_HEADER = "MPfm/MPfm-Prefix.pch";
				INFOPLIST_FILE = "MPfmTests/MPfmTests-Info.plist";
				PRODUCT_NAME = "$(TARGET_NAME)";
				TEST_HOST = "$(BUNDLE_LOADER)";
				WRAPPER_EXTENSION = octest;
			};
			name = Debug;
		};
		91219CBB157DBAA8005DE38F /* Release */ = {
			isa = XCBuildConfiguration;
			buildSettings = {
				BUNDLE_LOADER = "$(BUILT_PRODUCTS_DIR)/MPfm.app/MPfm";
				FRAMEWORK_SEARCH_PATHS = (
					"$(SDKROOT)/Developer/Library/Frameworks",
					"$(DEVELOPER_LIBRARY_DIR)/Frameworks",
				);
				GCC_PRECOMPILE_PREFIX_HEADER = YES;
				GCC_PREFIX_HEADER = "MPfm/MPfm-Prefix.pch";
				INFOPLIST_FILE = "MPfmTests/MPfmTests-Info.plist";
				PRODUCT_NAME = "$(TARGET_NAME)";
				TEST_HOST = "$(BUNDLE_LOADER)";
				WRAPPER_EXTENSION = octest;
			};
			name = Release;
		};
/* End XCBuildConfiguration section */

/* Begin XCConfigurationList section */
		91219C6F157DBAA8005DE38F /* Build configuration list for PBXProject "MPfm" */ = {
			isa = XCConfigurationList;
			buildConfigurations = (
				91219CB4157DBAA8005DE38F /* Debug */,
				91219CB5157DBAA8005DE38F /* Release */,
			);
			defaultConfigurationIsVisible = 0;
			defaultConfigurationName = Release;
		};
		91219CB6157DBAA8005DE38F /* Build configuration list for PBXNativeTarget "MPfm" */ = {
			isa = XCConfigurationList;
			buildConfigurations = (
				91219CB7157DBAA8005DE38F /* Debug */,
				91219CB8157DBAA8005DE38F /* Release */,
			);
			defaultConfigurationIsVisible = 0;
			defaultConfigurationName = Release;
		};
		91219CB9157DBAA8005DE38F /* Build configuration list for PBXNativeTarget "MPfmTests" */ = {
			isa = XCConfigurationList;
			buildConfigurations = (
				91219CBA157DBAA8005DE38F /* Debug */,
				91219CBB157DBAA8005DE38F /* Release */,
			);
			defaultConfigurationIsVisible = 0;
			defaultConfigurationName = Release;
		};
/* End XCConfigurationList section */
	};
	rootObject = 91219C6C157DBAA8005DE38F /* Project object */;
}
