
Microsoft Visual Studio Solution File, Format Version 12.00
# Visual Studio 2012
Project("{FAE04EC0-301F-11D3-BF4B-00C04F79EFBC}") = "MPfm.WindowsPhone", "MPfm.WindowsPhone\MPfm.WindowsPhone.csproj", "{04E03A6B-A909-40F0-BE84-86ECB9D8E7D5}"
EndProject
Project("{FAE04EC0-301F-11D3-BF4B-00C04F79EFBC}") = "MPfm.Core.WindowsPhone", "MPfm.Core\MPfm.Core.WindowsPhone.csproj", "{5CA0AA57-8F15-4DC2-B5C6-25692F200869}"
EndProject
Project("{FAE04EC0-301F-11D3-BF4B-00C04F79EFBC}") = "MPfm.Sound.WindowsPhone", "MPfm.Sound\MPfm.Sound.WindowsPhone.csproj", "{591A3842-87BC-467F-AA99-42749C8DBFB3}"
EndProject
Project("{FAE04EC0-301F-11D3-BF4B-00C04F79EFBC}") = "MPfm.Player.WindowsPhone", "MPfm.Player\MPfm.Player.WindowsPhone.csproj", "{4ACC27D9-C476-4BCA-B5BE-F1A067B5E317}"
EndProject
Project("{FAE04EC0-301F-11D3-BF4B-00C04F79EFBC}") = "MPfm.Library.WindowsPhone", "MPfm.Library\MPfm.Library.WindowsPhone.csproj", "{317F03EF-9294-47D4-A915-7ABDC647897A}"
EndProject
Project("{8BC9CEB8-8B4A-11D0-8D11-00A0C91BC942}") = "Sqlite", "..\..\sqlite-net-wp8\Sqlite.vcxproj", "{59B35F6C-E062-4F0E-88D8-13F3F82A24F3}"
EndProject
Project("{FAE04EC0-301F-11D3-BF4B-00C04F79EFBC}") = "MPfm.MVP.WindowsPhone", "MPfm.MVP\MPfm.MVP.WindowsPhone.csproj", "{FC1E0293-0863-4C96-A514-98B70C695DAC}"
EndProject
Project("{FAE04EC0-301F-11D3-BF4B-00C04F79EFBC}") = "MPfm.WindowsPhone.AudioPlaybackAgent", "MPfm.WindowsPhone\MPfm.WindowsPhone.AudioPlaybackAgent\MPfm.WindowsPhone.AudioPlaybackAgent.csproj", "{6CD3D155-7478-4F27-A1DE-043E6D4DE396}"
EndProject
Global
	GlobalSection(SolutionConfigurationPlatforms) = preSolution
		Debug|Any CPU = Debug|Any CPU
		Debug|ARM = Debug|ARM
		Debug|Mixed Platforms = Debug|Mixed Platforms
		Debug|Win32 = Debug|Win32
		Debug|x86 = Debug|x86
		Debug-ARM|Any CPU = Debug-ARM|Any CPU
		Debug-ARM|ARM = Debug-ARM|ARM
		Debug-ARM|Mixed Platforms = Debug-ARM|Mixed Platforms
		Debug-ARM|Win32 = Debug-ARM|Win32
		Debug-ARM|x86 = Debug-ARM|x86
		Release|Any CPU = Release|Any CPU
		Release|ARM = Release|ARM
		Release|Mixed Platforms = Release|Mixed Platforms
		Release|Win32 = Release|Win32
		Release|x86 = Release|x86
	EndGlobalSection
	GlobalSection(ProjectConfigurationPlatforms) = postSolution
		{04E03A6B-A909-40F0-BE84-86ECB9D8E7D5}.Debug|Any CPU.ActiveCfg = Debug|Any CPU
		{04E03A6B-A909-40F0-BE84-86ECB9D8E7D5}.Debug|Any CPU.Build.0 = Debug|Any CPU
		{04E03A6B-A909-40F0-BE84-86ECB9D8E7D5}.Debug|Any CPU.Deploy.0 = Debug|Any CPU
		{04E03A6B-A909-40F0-BE84-86ECB9D8E7D5}.Debug|ARM.ActiveCfg = Debug|ARM
		{04E03A6B-A909-40F0-BE84-86ECB9D8E7D5}.Debug|ARM.Build.0 = Debug|ARM
		{04E03A6B-A909-40F0-BE84-86ECB9D8E7D5}.Debug|ARM.Deploy.0 = Debug|ARM
		{04E03A6B-A909-40F0-BE84-86ECB9D8E7D5}.Debug|Mixed Platforms.ActiveCfg = Debug|ARM
		{04E03A6B-A909-40F0-BE84-86ECB9D8E7D5}.Debug|Mixed Platforms.Build.0 = Debug|ARM
		{04E03A6B-A909-40F0-BE84-86ECB9D8E7D5}.Debug|Mixed Platforms.Deploy.0 = Debug|ARM
		{04E03A6B-A909-40F0-BE84-86ECB9D8E7D5}.Debug|Win32.ActiveCfg = Debug|x86
		{04E03A6B-A909-40F0-BE84-86ECB9D8E7D5}.Debug|Win32.Build.0 = Debug|x86
		{04E03A6B-A909-40F0-BE84-86ECB9D8E7D5}.Debug|Win32.Deploy.0 = Debug|x86
		{04E03A6B-A909-40F0-BE84-86ECB9D8E7D5}.Debug|x86.ActiveCfg = Debug|x86
		{04E03A6B-A909-40F0-BE84-86ECB9D8E7D5}.Debug|x86.Build.0 = Debug|x86
		{04E03A6B-A909-40F0-BE84-86ECB9D8E7D5}.Debug|x86.Deploy.0 = Debug|x86
		{04E03A6B-A909-40F0-BE84-86ECB9D8E7D5}.Debug-ARM|Any CPU.ActiveCfg = Debug-ARM|Any CPU
		{04E03A6B-A909-40F0-BE84-86ECB9D8E7D5}.Debug-ARM|Any CPU.Build.0 = Debug-ARM|Any CPU
		{04E03A6B-A909-40F0-BE84-86ECB9D8E7D5}.Debug-ARM|Any CPU.Deploy.0 = Debug-ARM|Any CPU
		{04E03A6B-A909-40F0-BE84-86ECB9D8E7D5}.Debug-ARM|ARM.ActiveCfg = Debug-ARM|ARM
		{04E03A6B-A909-40F0-BE84-86ECB9D8E7D5}.Debug-ARM|ARM.Build.0 = Debug-ARM|ARM
		{04E03A6B-A909-40F0-BE84-86ECB9D8E7D5}.Debug-ARM|ARM.Deploy.0 = Debug-ARM|ARM
		{04E03A6B-A909-40F0-BE84-86ECB9D8E7D5}.Debug-ARM|Mixed Platforms.ActiveCfg = Debug-ARM|ARM
		{04E03A6B-A909-40F0-BE84-86ECB9D8E7D5}.Debug-ARM|Mixed Platforms.Build.0 = Debug-ARM|ARM
		{04E03A6B-A909-40F0-BE84-86ECB9D8E7D5}.Debug-ARM|Mixed Platforms.Deploy.0 = Debug-ARM|ARM
		{04E03A6B-A909-40F0-BE84-86ECB9D8E7D5}.Debug-ARM|Win32.ActiveCfg = Debug-ARM|x86
		{04E03A6B-A909-40F0-BE84-86ECB9D8E7D5}.Debug-ARM|Win32.Build.0 = Debug-ARM|x86
		{04E03A6B-A909-40F0-BE84-86ECB9D8E7D5}.Debug-ARM|Win32.Deploy.0 = Debug-ARM|x86
		{04E03A6B-A909-40F0-BE84-86ECB9D8E7D5}.Debug-ARM|x86.ActiveCfg = Debug-ARM|x86
		{04E03A6B-A909-40F0-BE84-86ECB9D8E7D5}.Debug-ARM|x86.Build.0 = Debug-ARM|x86
		{04E03A6B-A909-40F0-BE84-86ECB9D8E7D5}.Debug-ARM|x86.Deploy.0 = Debug-ARM|x86
		{04E03A6B-A909-40F0-BE84-86ECB9D8E7D5}.Release|Any CPU.ActiveCfg = Release|Any CPU
		{04E03A6B-A909-40F0-BE84-86ECB9D8E7D5}.Release|Any CPU.Build.0 = Release|Any CPU
		{04E03A6B-A909-40F0-BE84-86ECB9D8E7D5}.Release|Any CPU.Deploy.0 = Release|Any CPU
		{04E03A6B-A909-40F0-BE84-86ECB9D8E7D5}.Release|ARM.ActiveCfg = Release|ARM
		{04E03A6B-A909-40F0-BE84-86ECB9D8E7D5}.Release|ARM.Build.0 = Release|ARM
		{04E03A6B-A909-40F0-BE84-86ECB9D8E7D5}.Release|ARM.Deploy.0 = Release|ARM
		{04E03A6B-A909-40F0-BE84-86ECB9D8E7D5}.Release|Mixed Platforms.ActiveCfg = Release|x86
		{04E03A6B-A909-40F0-BE84-86ECB9D8E7D5}.Release|Mixed Platforms.Build.0 = Release|x86
		{04E03A6B-A909-40F0-BE84-86ECB9D8E7D5}.Release|Mixed Platforms.Deploy.0 = Release|x86
		{04E03A6B-A909-40F0-BE84-86ECB9D8E7D5}.Release|Win32.ActiveCfg = Release|x86
		{04E03A6B-A909-40F0-BE84-86ECB9D8E7D5}.Release|Win32.Build.0 = Release|x86
		{04E03A6B-A909-40F0-BE84-86ECB9D8E7D5}.Release|Win32.Deploy.0 = Release|x86
		{04E03A6B-A909-40F0-BE84-86ECB9D8E7D5}.Release|x86.ActiveCfg = Release|x86
		{04E03A6B-A909-40F0-BE84-86ECB9D8E7D5}.Release|x86.Build.0 = Release|x86
		{04E03A6B-A909-40F0-BE84-86ECB9D8E7D5}.Release|x86.Deploy.0 = Release|x86
		{5CA0AA57-8F15-4DC2-B5C6-25692F200869}.Debug|Any CPU.ActiveCfg = Debug|Any CPU
		{5CA0AA57-8F15-4DC2-B5C6-25692F200869}.Debug|Any CPU.Build.0 = Debug|Any CPU
		{5CA0AA57-8F15-4DC2-B5C6-25692F200869}.Debug|ARM.ActiveCfg = Debug|ARM
		{5CA0AA57-8F15-4DC2-B5C6-25692F200869}.Debug|ARM.Build.0 = Debug|ARM
		{5CA0AA57-8F15-4DC2-B5C6-25692F200869}.Debug|Mixed Platforms.ActiveCfg = Debug|ARM
		{5CA0AA57-8F15-4DC2-B5C6-25692F200869}.Debug|Mixed Platforms.Build.0 = Debug|ARM
		{5CA0AA57-8F15-4DC2-B5C6-25692F200869}.Debug|Win32.ActiveCfg = Debug|x86
		{5CA0AA57-8F15-4DC2-B5C6-25692F200869}.Debug|Win32.Build.0 = Debug|x86
		{5CA0AA57-8F15-4DC2-B5C6-25692F200869}.Debug|x86.ActiveCfg = Debug|x86
		{5CA0AA57-8F15-4DC2-B5C6-25692F200869}.Debug|x86.Build.0 = Debug|x86
		{5CA0AA57-8F15-4DC2-B5C6-25692F200869}.Debug-ARM|Any CPU.ActiveCfg = Debug-ARM|Any CPU
		{5CA0AA57-8F15-4DC2-B5C6-25692F200869}.Debug-ARM|Any CPU.Build.0 = Debug-ARM|Any CPU
		{5CA0AA57-8F15-4DC2-B5C6-25692F200869}.Debug-ARM|ARM.ActiveCfg = Debug-ARM|ARM
		{5CA0AA57-8F15-4DC2-B5C6-25692F200869}.Debug-ARM|ARM.Build.0 = Debug-ARM|ARM
		{5CA0AA57-8F15-4DC2-B5C6-25692F200869}.Debug-ARM|Mixed Platforms.ActiveCfg = Debug-ARM|ARM
		{5CA0AA57-8F15-4DC2-B5C6-25692F200869}.Debug-ARM|Mixed Platforms.Build.0 = Debug-ARM|ARM
		{5CA0AA57-8F15-4DC2-B5C6-25692F200869}.Debug-ARM|Win32.ActiveCfg = Debug-ARM|x86
		{5CA0AA57-8F15-4DC2-B5C6-25692F200869}.Debug-ARM|Win32.Build.0 = Debug-ARM|x86
		{5CA0AA57-8F15-4DC2-B5C6-25692F200869}.Debug-ARM|x86.ActiveCfg = Debug-ARM|x86
		{5CA0AA57-8F15-4DC2-B5C6-25692F200869}.Debug-ARM|x86.Build.0 = Debug-ARM|x86
		{5CA0AA57-8F15-4DC2-B5C6-25692F200869}.Release|Any CPU.ActiveCfg = Release|Any CPU
		{5CA0AA57-8F15-4DC2-B5C6-25692F200869}.Release|Any CPU.Build.0 = Release|Any CPU
		{5CA0AA57-8F15-4DC2-B5C6-25692F200869}.Release|ARM.ActiveCfg = Release|ARM
		{5CA0AA57-8F15-4DC2-B5C6-25692F200869}.Release|ARM.Build.0 = Release|ARM
		{5CA0AA57-8F15-4DC2-B5C6-25692F200869}.Release|Mixed Platforms.ActiveCfg = Release|x86
		{5CA0AA57-8F15-4DC2-B5C6-25692F200869}.Release|Mixed Platforms.Build.0 = Release|x86
		{5CA0AA57-8F15-4DC2-B5C6-25692F200869}.Release|Win32.ActiveCfg = Release|x86
		{5CA0AA57-8F15-4DC2-B5C6-25692F200869}.Release|Win32.Build.0 = Release|x86
		{5CA0AA57-8F15-4DC2-B5C6-25692F200869}.Release|x86.ActiveCfg = Release|x86
		{5CA0AA57-8F15-4DC2-B5C6-25692F200869}.Release|x86.Build.0 = Release|x86
		{591A3842-87BC-467F-AA99-42749C8DBFB3}.Debug|Any CPU.ActiveCfg = Debug|Any CPU
		{591A3842-87BC-467F-AA99-42749C8DBFB3}.Debug|Any CPU.Build.0 = Debug|Any CPU
		{591A3842-87BC-467F-AA99-42749C8DBFB3}.Debug|ARM.ActiveCfg = Debug|ARM
		{591A3842-87BC-467F-AA99-42749C8DBFB3}.Debug|ARM.Build.0 = Debug|ARM
		{591A3842-87BC-467F-AA99-42749C8DBFB3}.Debug|Mixed Platforms.ActiveCfg = Debug|ARM
		{591A3842-87BC-467F-AA99-42749C8DBFB3}.Debug|Mixed Platforms.Build.0 = Debug|ARM
		{591A3842-87BC-467F-AA99-42749C8DBFB3}.Debug|Win32.ActiveCfg = Debug|x86
		{591A3842-87BC-467F-AA99-42749C8DBFB3}.Debug|Win32.Build.0 = Debug|x86
		{591A3842-87BC-467F-AA99-42749C8DBFB3}.Debug|x86.ActiveCfg = Debug|x86
		{591A3842-87BC-467F-AA99-42749C8DBFB3}.Debug|x86.Build.0 = Debug|x86
		{591A3842-87BC-467F-AA99-42749C8DBFB3}.Debug-ARM|Any CPU.ActiveCfg = Debug-ARM|Any CPU
		{591A3842-87BC-467F-AA99-42749C8DBFB3}.Debug-ARM|Any CPU.Build.0 = Debug-ARM|Any CPU
		{591A3842-87BC-467F-AA99-42749C8DBFB3}.Debug-ARM|ARM.ActiveCfg = Debug-ARM|ARM
		{591A3842-87BC-467F-AA99-42749C8DBFB3}.Debug-ARM|ARM.Build.0 = Debug-ARM|ARM
		{591A3842-87BC-467F-AA99-42749C8DBFB3}.Debug-ARM|Mixed Platforms.ActiveCfg = Debug-ARM|ARM
		{591A3842-87BC-467F-AA99-42749C8DBFB3}.Debug-ARM|Mixed Platforms.Build.0 = Debug-ARM|ARM
		{591A3842-87BC-467F-AA99-42749C8DBFB3}.Debug-ARM|Win32.ActiveCfg = Debug-ARM|x86
		{591A3842-87BC-467F-AA99-42749C8DBFB3}.Debug-ARM|Win32.Build.0 = Debug-ARM|x86
		{591A3842-87BC-467F-AA99-42749C8DBFB3}.Debug-ARM|x86.ActiveCfg = Debug-ARM|x86
		{591A3842-87BC-467F-AA99-42749C8DBFB3}.Debug-ARM|x86.Build.0 = Debug-ARM|x86
		{591A3842-87BC-467F-AA99-42749C8DBFB3}.Release|Any CPU.ActiveCfg = Release|Any CPU
		{591A3842-87BC-467F-AA99-42749C8DBFB3}.Release|Any CPU.Build.0 = Release|Any CPU
		{591A3842-87BC-467F-AA99-42749C8DBFB3}.Release|ARM.ActiveCfg = Release|ARM
		{591A3842-87BC-467F-AA99-42749C8DBFB3}.Release|ARM.Build.0 = Release|ARM
		{591A3842-87BC-467F-AA99-42749C8DBFB3}.Release|Mixed Platforms.ActiveCfg = Release|x86
		{591A3842-87BC-467F-AA99-42749C8DBFB3}.Release|Mixed Platforms.Build.0 = Release|x86
		{591A3842-87BC-467F-AA99-42749C8DBFB3}.Release|Win32.ActiveCfg = Release|x86
		{591A3842-87BC-467F-AA99-42749C8DBFB3}.Release|Win32.Build.0 = Release|x86
		{591A3842-87BC-467F-AA99-42749C8DBFB3}.Release|x86.ActiveCfg = Release|x86
		{591A3842-87BC-467F-AA99-42749C8DBFB3}.Release|x86.Build.0 = Release|x86
		{4ACC27D9-C476-4BCA-B5BE-F1A067B5E317}.Debug|Any CPU.ActiveCfg = Debug|Any CPU
		{4ACC27D9-C476-4BCA-B5BE-F1A067B5E317}.Debug|Any CPU.Build.0 = Debug|Any CPU
		{4ACC27D9-C476-4BCA-B5BE-F1A067B5E317}.Debug|ARM.ActiveCfg = Debug|ARM
		{4ACC27D9-C476-4BCA-B5BE-F1A067B5E317}.Debug|ARM.Build.0 = Debug|ARM
		{4ACC27D9-C476-4BCA-B5BE-F1A067B5E317}.Debug|Mixed Platforms.ActiveCfg = Debug|ARM
		{4ACC27D9-C476-4BCA-B5BE-F1A067B5E317}.Debug|Mixed Platforms.Build.0 = Debug|ARM
		{4ACC27D9-C476-4BCA-B5BE-F1A067B5E317}.Debug|Win32.ActiveCfg = Debug|x86
		{4ACC27D9-C476-4BCA-B5BE-F1A067B5E317}.Debug|Win32.Build.0 = Debug|x86
		{4ACC27D9-C476-4BCA-B5BE-F1A067B5E317}.Debug|x86.ActiveCfg = Debug|x86
		{4ACC27D9-C476-4BCA-B5BE-F1A067B5E317}.Debug|x86.Build.0 = Debug|x86
		{4ACC27D9-C476-4BCA-B5BE-F1A067B5E317}.Debug-ARM|Any CPU.ActiveCfg = Debug-ARM|Any CPU
		{4ACC27D9-C476-4BCA-B5BE-F1A067B5E317}.Debug-ARM|Any CPU.Build.0 = Debug-ARM|Any CPU
		{4ACC27D9-C476-4BCA-B5BE-F1A067B5E317}.Debug-ARM|ARM.ActiveCfg = Debug-ARM|ARM
		{4ACC27D9-C476-4BCA-B5BE-F1A067B5E317}.Debug-ARM|ARM.Build.0 = Debug-ARM|ARM
		{4ACC27D9-C476-4BCA-B5BE-F1A067B5E317}.Debug-ARM|Mixed Platforms.ActiveCfg = Debug-ARM|ARM
		{4ACC27D9-C476-4BCA-B5BE-F1A067B5E317}.Debug-ARM|Mixed Platforms.Build.0 = Debug-ARM|ARM
		{4ACC27D9-C476-4BCA-B5BE-F1A067B5E317}.Debug-ARM|Win32.ActiveCfg = Debug-ARM|x86
		{4ACC27D9-C476-4BCA-B5BE-F1A067B5E317}.Debug-ARM|Win32.Build.0 = Debug-ARM|x86
		{4ACC27D9-C476-4BCA-B5BE-F1A067B5E317}.Debug-ARM|x86.ActiveCfg = Debug-ARM|x86
		{4ACC27D9-C476-4BCA-B5BE-F1A067B5E317}.Debug-ARM|x86.Build.0 = Debug-ARM|x86
		{4ACC27D9-C476-4BCA-B5BE-F1A067B5E317}.Release|Any CPU.ActiveCfg = Release|Any CPU
		{4ACC27D9-C476-4BCA-B5BE-F1A067B5E317}.Release|Any CPU.Build.0 = Release|Any CPU
		{4ACC27D9-C476-4BCA-B5BE-F1A067B5E317}.Release|ARM.ActiveCfg = Release|ARM
		{4ACC27D9-C476-4BCA-B5BE-F1A067B5E317}.Release|ARM.Build.0 = Release|ARM
		{4ACC27D9-C476-4BCA-B5BE-F1A067B5E317}.Release|Mixed Platforms.ActiveCfg = Release|x86
		{4ACC27D9-C476-4BCA-B5BE-F1A067B5E317}.Release|Mixed Platforms.Build.0 = Release|x86
		{4ACC27D9-C476-4BCA-B5BE-F1A067B5E317}.Release|Win32.ActiveCfg = Release|x86
		{4ACC27D9-C476-4BCA-B5BE-F1A067B5E317}.Release|Win32.Build.0 = Release|x86
		{4ACC27D9-C476-4BCA-B5BE-F1A067B5E317}.Release|x86.ActiveCfg = Release|x86
		{4ACC27D9-C476-4BCA-B5BE-F1A067B5E317}.Release|x86.Build.0 = Release|x86
		{317F03EF-9294-47D4-A915-7ABDC647897A}.Debug|Any CPU.ActiveCfg = Debug|ARM
		{317F03EF-9294-47D4-A915-7ABDC647897A}.Debug|Any CPU.Build.0 = Debug|ARM
		{317F03EF-9294-47D4-A915-7ABDC647897A}.Debug|ARM.ActiveCfg = Debug|ARM
		{317F03EF-9294-47D4-A915-7ABDC647897A}.Debug|ARM.Build.0 = Debug|ARM
		{317F03EF-9294-47D4-A915-7ABDC647897A}.Debug|Mixed Platforms.ActiveCfg = Debug|ARM
		{317F03EF-9294-47D4-A915-7ABDC647897A}.Debug|Mixed Platforms.Build.0 = Debug|ARM
		{317F03EF-9294-47D4-A915-7ABDC647897A}.Debug|Win32.ActiveCfg = Debug|x86
		{317F03EF-9294-47D4-A915-7ABDC647897A}.Debug|Win32.Build.0 = Debug|x86
		{317F03EF-9294-47D4-A915-7ABDC647897A}.Debug|x86.ActiveCfg = Debug|x86
		{317F03EF-9294-47D4-A915-7ABDC647897A}.Debug|x86.Build.0 = Debug|x86
		{317F03EF-9294-47D4-A915-7ABDC647897A}.Debug-ARM|Any CPU.ActiveCfg = Debug-ARM|Any CPU
		{317F03EF-9294-47D4-A915-7ABDC647897A}.Debug-ARM|Any CPU.Build.0 = Debug-ARM|Any CPU
		{317F03EF-9294-47D4-A915-7ABDC647897A}.Debug-ARM|ARM.ActiveCfg = Debug-ARM|ARM
		{317F03EF-9294-47D4-A915-7ABDC647897A}.Debug-ARM|ARM.Build.0 = Debug-ARM|ARM
		{317F03EF-9294-47D4-A915-7ABDC647897A}.Debug-ARM|Mixed Platforms.ActiveCfg = Debug-ARM|ARM
		{317F03EF-9294-47D4-A915-7ABDC647897A}.Debug-ARM|Mixed Platforms.Build.0 = Debug-ARM|ARM
		{317F03EF-9294-47D4-A915-7ABDC647897A}.Debug-ARM|Win32.ActiveCfg = Debug-ARM|x86
		{317F03EF-9294-47D4-A915-7ABDC647897A}.Debug-ARM|Win32.Build.0 = Debug-ARM|x86
		{317F03EF-9294-47D4-A915-7ABDC647897A}.Debug-ARM|x86.ActiveCfg = Debug-ARM|x86
		{317F03EF-9294-47D4-A915-7ABDC647897A}.Debug-ARM|x86.Build.0 = Debug-ARM|x86
		{317F03EF-9294-47D4-A915-7ABDC647897A}.Release|Any CPU.ActiveCfg = Release|Any CPU
		{317F03EF-9294-47D4-A915-7ABDC647897A}.Release|Any CPU.Build.0 = Release|Any CPU
		{317F03EF-9294-47D4-A915-7ABDC647897A}.Release|ARM.ActiveCfg = Release|ARM
		{317F03EF-9294-47D4-A915-7ABDC647897A}.Release|ARM.Build.0 = Release|ARM
		{317F03EF-9294-47D4-A915-7ABDC647897A}.Release|Mixed Platforms.ActiveCfg = Release|x86
		{317F03EF-9294-47D4-A915-7ABDC647897A}.Release|Mixed Platforms.Build.0 = Release|x86
		{317F03EF-9294-47D4-A915-7ABDC647897A}.Release|Win32.ActiveCfg = Release|x86
		{317F03EF-9294-47D4-A915-7ABDC647897A}.Release|Win32.Build.0 = Release|x86
		{317F03EF-9294-47D4-A915-7ABDC647897A}.Release|x86.ActiveCfg = Release|x86
		{317F03EF-9294-47D4-A915-7ABDC647897A}.Release|x86.Build.0 = Release|x86
		{59B35F6C-E062-4F0E-88D8-13F3F82A24F3}.Debug|Any CPU.ActiveCfg = Debug|Win32
		{59B35F6C-E062-4F0E-88D8-13F3F82A24F3}.Debug|ARM.ActiveCfg = Debug|ARM
		{59B35F6C-E062-4F0E-88D8-13F3F82A24F3}.Debug|ARM.Build.0 = Debug|ARM
		{59B35F6C-E062-4F0E-88D8-13F3F82A24F3}.Debug|Mixed Platforms.ActiveCfg = Debug|ARM
		{59B35F6C-E062-4F0E-88D8-13F3F82A24F3}.Debug|Mixed Platforms.Build.0 = Debug|ARM
		{59B35F6C-E062-4F0E-88D8-13F3F82A24F3}.Debug|Win32.ActiveCfg = Debug|Win32
		{59B35F6C-E062-4F0E-88D8-13F3F82A24F3}.Debug|Win32.Build.0 = Debug|Win32
		{59B35F6C-E062-4F0E-88D8-13F3F82A24F3}.Debug|x86.ActiveCfg = Debug|Win32
		{59B35F6C-E062-4F0E-88D8-13F3F82A24F3}.Debug|x86.Build.0 = Debug|Win32
		{59B35F6C-E062-4F0E-88D8-13F3F82A24F3}.Debug-ARM|Any CPU.ActiveCfg = Debug-ARM|Win32
		{59B35F6C-E062-4F0E-88D8-13F3F82A24F3}.Debug-ARM|ARM.ActiveCfg = Debug-ARM|ARM
		{59B35F6C-E062-4F0E-88D8-13F3F82A24F3}.Debug-ARM|ARM.Build.0 = Debug-ARM|ARM
		{59B35F6C-E062-4F0E-88D8-13F3F82A24F3}.Debug-ARM|Mixed Platforms.ActiveCfg = Debug-ARM|ARM
		{59B35F6C-E062-4F0E-88D8-13F3F82A24F3}.Debug-ARM|Mixed Platforms.Build.0 = Debug-ARM|ARM
		{59B35F6C-E062-4F0E-88D8-13F3F82A24F3}.Debug-ARM|Win32.ActiveCfg = Debug-ARM|Win32
		{59B35F6C-E062-4F0E-88D8-13F3F82A24F3}.Debug-ARM|Win32.Build.0 = Debug-ARM|Win32
		{59B35F6C-E062-4F0E-88D8-13F3F82A24F3}.Debug-ARM|x86.ActiveCfg = Debug-ARM|Win32
		{59B35F6C-E062-4F0E-88D8-13F3F82A24F3}.Debug-ARM|x86.Build.0 = Debug-ARM|Win32
		{59B35F6C-E062-4F0E-88D8-13F3F82A24F3}.Release|Any CPU.ActiveCfg = Release|Win32
		{59B35F6C-E062-4F0E-88D8-13F3F82A24F3}.Release|ARM.ActiveCfg = Release|ARM
		{59B35F6C-E062-4F0E-88D8-13F3F82A24F3}.Release|ARM.Build.0 = Release|ARM
		{59B35F6C-E062-4F0E-88D8-13F3F82A24F3}.Release|Mixed Platforms.ActiveCfg = Release|Win32
		{59B35F6C-E062-4F0E-88D8-13F3F82A24F3}.Release|Mixed Platforms.Build.0 = Release|Win32
		{59B35F6C-E062-4F0E-88D8-13F3F82A24F3}.Release|Win32.ActiveCfg = Release|Win32
		{59B35F6C-E062-4F0E-88D8-13F3F82A24F3}.Release|Win32.Build.0 = Release|Win32
		{59B35F6C-E062-4F0E-88D8-13F3F82A24F3}.Release|x86.ActiveCfg = Release|Win32
		{59B35F6C-E062-4F0E-88D8-13F3F82A24F3}.Release|x86.Build.0 = Release|Win32
		{FC1E0293-0863-4C96-A514-98B70C695DAC}.Debug|Any CPU.ActiveCfg = Debug|Any CPU
		{FC1E0293-0863-4C96-A514-98B70C695DAC}.Debug|Any CPU.Build.0 = Debug|Any CPU
		{FC1E0293-0863-4C96-A514-98B70C695DAC}.Debug|ARM.ActiveCfg = Debug|ARM
		{FC1E0293-0863-4C96-A514-98B70C695DAC}.Debug|ARM.Build.0 = Debug|ARM
		{FC1E0293-0863-4C96-A514-98B70C695DAC}.Debug|Mixed Platforms.ActiveCfg = Debug|ARM
		{FC1E0293-0863-4C96-A514-98B70C695DAC}.Debug|Mixed Platforms.Build.0 = Debug|ARM
		{FC1E0293-0863-4C96-A514-98B70C695DAC}.Debug|Win32.ActiveCfg = Debug|x86
		{FC1E0293-0863-4C96-A514-98B70C695DAC}.Debug|Win32.Build.0 = Debug|x86
		{FC1E0293-0863-4C96-A514-98B70C695DAC}.Debug|x86.ActiveCfg = Debug|x86
		{FC1E0293-0863-4C96-A514-98B70C695DAC}.Debug|x86.Build.0 = Debug|x86
		{FC1E0293-0863-4C96-A514-98B70C695DAC}.Debug-ARM|Any CPU.ActiveCfg = Debug-ARM|Any CPU
		{FC1E0293-0863-4C96-A514-98B70C695DAC}.Debug-ARM|Any CPU.Build.0 = Debug-ARM|Any CPU
		{FC1E0293-0863-4C96-A514-98B70C695DAC}.Debug-ARM|ARM.ActiveCfg = Debug-ARM|ARM
		{FC1E0293-0863-4C96-A514-98B70C695DAC}.Debug-ARM|ARM.Build.0 = Debug-ARM|ARM
		{FC1E0293-0863-4C96-A514-98B70C695DAC}.Debug-ARM|Mixed Platforms.ActiveCfg = Debug-ARM|ARM
		{FC1E0293-0863-4C96-A514-98B70C695DAC}.Debug-ARM|Mixed Platforms.Build.0 = Debug-ARM|ARM
		{FC1E0293-0863-4C96-A514-98B70C695DAC}.Debug-ARM|Win32.ActiveCfg = Debug-ARM|x86
		{FC1E0293-0863-4C96-A514-98B70C695DAC}.Debug-ARM|Win32.Build.0 = Debug-ARM|x86
		{FC1E0293-0863-4C96-A514-98B70C695DAC}.Debug-ARM|x86.ActiveCfg = Debug-ARM|x86
		{FC1E0293-0863-4C96-A514-98B70C695DAC}.Debug-ARM|x86.Build.0 = Debug-ARM|x86
		{FC1E0293-0863-4C96-A514-98B70C695DAC}.Release|Any CPU.ActiveCfg = Release|Any CPU
		{FC1E0293-0863-4C96-A514-98B70C695DAC}.Release|Any CPU.Build.0 = Release|Any CPU
		{FC1E0293-0863-4C96-A514-98B70C695DAC}.Release|ARM.ActiveCfg = Release|ARM
		{FC1E0293-0863-4C96-A514-98B70C695DAC}.Release|ARM.Build.0 = Release|ARM
		{FC1E0293-0863-4C96-A514-98B70C695DAC}.Release|Mixed Platforms.ActiveCfg = Release|x86
		{FC1E0293-0863-4C96-A514-98B70C695DAC}.Release|Mixed Platforms.Build.0 = Release|x86
		{FC1E0293-0863-4C96-A514-98B70C695DAC}.Release|Win32.ActiveCfg = Release|x86
		{FC1E0293-0863-4C96-A514-98B70C695DAC}.Release|Win32.Build.0 = Release|x86
		{FC1E0293-0863-4C96-A514-98B70C695DAC}.Release|x86.ActiveCfg = Release|x86
		{FC1E0293-0863-4C96-A514-98B70C695DAC}.Release|x86.Build.0 = Release|x86
		{6CD3D155-7478-4F27-A1DE-043E6D4DE396}.Debug|Any CPU.ActiveCfg = Debug|Any CPU
		{6CD3D155-7478-4F27-A1DE-043E6D4DE396}.Debug|Any CPU.Build.0 = Debug|Any CPU
		{6CD3D155-7478-4F27-A1DE-043E6D4DE396}.Debug|ARM.ActiveCfg = Debug|ARM
		{6CD3D155-7478-4F27-A1DE-043E6D4DE396}.Debug|ARM.Build.0 = Debug|ARM
		{6CD3D155-7478-4F27-A1DE-043E6D4DE396}.Debug|Mixed Platforms.ActiveCfg = Debug|ARM
		{6CD3D155-7478-4F27-A1DE-043E6D4DE396}.Debug|Mixed Platforms.Build.0 = Debug|ARM
		{6CD3D155-7478-4F27-A1DE-043E6D4DE396}.Debug|Win32.ActiveCfg = Debug|x86
		{6CD3D155-7478-4F27-A1DE-043E6D4DE396}.Debug|Win32.Build.0 = Debug|x86
		{6CD3D155-7478-4F27-A1DE-043E6D4DE396}.Debug|x86.ActiveCfg = Debug|x86
		{6CD3D155-7478-4F27-A1DE-043E6D4DE396}.Debug|x86.Build.0 = Debug|x86
		{6CD3D155-7478-4F27-A1DE-043E6D4DE396}.Debug-ARM|Any CPU.ActiveCfg = Debug|Any CPU
		{6CD3D155-7478-4F27-A1DE-043E6D4DE396}.Debug-ARM|Any CPU.Build.0 = Debug|Any CPU
		{6CD3D155-7478-4F27-A1DE-043E6D4DE396}.Debug-ARM|ARM.ActiveCfg = Debug|ARM
		{6CD3D155-7478-4F27-A1DE-043E6D4DE396}.Debug-ARM|ARM.Build.0 = Debug|ARM
		{6CD3D155-7478-4F27-A1DE-043E6D4DE396}.Debug-ARM|Mixed Platforms.ActiveCfg = Debug|x86
		{6CD3D155-7478-4F27-A1DE-043E6D4DE396}.Debug-ARM|Mixed Platforms.Build.0 = Debug|x86
		{6CD3D155-7478-4F27-A1DE-043E6D4DE396}.Debug-ARM|Win32.ActiveCfg = Debug|x86
		{6CD3D155-7478-4F27-A1DE-043E6D4DE396}.Debug-ARM|Win32.Build.0 = Debug|x86
		{6CD3D155-7478-4F27-A1DE-043E6D4DE396}.Debug-ARM|x86.ActiveCfg = Debug|x86
		{6CD3D155-7478-4F27-A1DE-043E6D4DE396}.Debug-ARM|x86.Build.0 = Debug|x86
		{6CD3D155-7478-4F27-A1DE-043E6D4DE396}.Release|Any CPU.ActiveCfg = Release|Any CPU
		{6CD3D155-7478-4F27-A1DE-043E6D4DE396}.Release|Any CPU.Build.0 = Release|Any CPU
		{6CD3D155-7478-4F27-A1DE-043E6D4DE396}.Release|ARM.ActiveCfg = Release|ARM
		{6CD3D155-7478-4F27-A1DE-043E6D4DE396}.Release|ARM.Build.0 = Release|ARM
		{6CD3D155-7478-4F27-A1DE-043E6D4DE396}.Release|Mixed Platforms.ActiveCfg = Release|x86
		{6CD3D155-7478-4F27-A1DE-043E6D4DE396}.Release|Mixed Platforms.Build.0 = Release|x86
		{6CD3D155-7478-4F27-A1DE-043E6D4DE396}.Release|Win32.ActiveCfg = Release|x86
		{6CD3D155-7478-4F27-A1DE-043E6D4DE396}.Release|Win32.Build.0 = Release|x86
		{6CD3D155-7478-4F27-A1DE-043E6D4DE396}.Release|x86.ActiveCfg = Release|x86
		{6CD3D155-7478-4F27-A1DE-043E6D4DE396}.Release|x86.Build.0 = Release|x86
	EndGlobalSection
	GlobalSection(SolutionProperties) = preSolution
		HideSolutionNode = FALSE
	EndGlobalSection
EndGlobal
