
Microsoft Visual Studio Solution File, Format Version 12.00
# Visual Studio 2012
Project("{FAE04EC0-301F-11D3-BF4B-00C04F79EFBC}") = "MPfm.WindowsStore", "MPfm.WindowsStore\MPfm.WindowsStore.csproj", "{B7E431B3-1AEF-4023-B8B5-36BE68D713E9}"
EndProject
Project("{FAE04EC0-301F-11D3-BF4B-00C04F79EFBC}") = "MPfm.Core.WindowsStore", "MPfm.Core\MPfm.Core.WindowsStore.csproj", "{E97BAD77-806E-402B-A3FC-283C31FDB37D}"
EndProject
Project("{FAE04EC0-301F-11D3-BF4B-00C04F79EFBC}") = "MPfm.Sound.WindowsStore", "MPfm.Sound\MPfm.Sound.WindowsStore.csproj", "{A0D06CD4-F009-4068-A79C-377A7D2E014C}"
EndProject
Project("{FAE04EC0-301F-11D3-BF4B-00C04F79EFBC}") = "MPfm.Player.WindowsStore", "MPfm.Player\MPfm.Player.WindowsStore.csproj", "{B096C459-3E2D-4932-A961-DE692F6B6C1C}"
EndProject
Project("{FAE04EC0-301F-11D3-BF4B-00C04F79EFBC}") = "MPfm.Library.WindowsStore", "MPfm.Library\MPfm.Library.WindowsStore.csproj", "{394F4601-AF24-43A1-BCD3-0784645DAB17}"
EndProject
Global
	GlobalSection(SolutionConfigurationPlatforms) = preSolution
		Debug_Linux|Any CPU = Debug_Linux|Any CPU
		Debug_Linux|ARM = Debug_Linux|ARM
		Debug_Linux|x64 = Debug_Linux|x64
		Debug_Linux|x86 = Debug_Linux|x86
		Debug_MacOSX|Any CPU = Debug_MacOSX|Any CPU
		Debug_MacOSX|ARM = Debug_MacOSX|ARM
		Debug_MacOSX|x64 = Debug_MacOSX|x64
		Debug_MacOSX|x86 = Debug_MacOSX|x86
		Debug|Any CPU = Debug|Any CPU
		Debug|ARM = Debug|ARM
		Debug|x64 = Debug|x64
		Debug|x86 = Debug|x86
		Release_Linux|Any CPU = Release_Linux|Any CPU
		Release_Linux|ARM = Release_Linux|ARM
		Release_Linux|x64 = Release_Linux|x64
		Release_Linux|x86 = Release_Linux|x86
		Release_MacOSX|Any CPU = Release_MacOSX|Any CPU
		Release_MacOSX|ARM = Release_MacOSX|ARM
		Release_MacOSX|x64 = Release_MacOSX|x64
		Release_MacOSX|x86 = Release_MacOSX|x86
		Release|Any CPU = Release|Any CPU
		Release|ARM = Release|ARM
		Release|x64 = Release|x64
		Release|x86 = Release|x86
	EndGlobalSection
	GlobalSection(ProjectConfigurationPlatforms) = postSolution
		{B7E431B3-1AEF-4023-B8B5-36BE68D713E9}.Debug_Linux|Any CPU.ActiveCfg = Debug|Any CPU
		{B7E431B3-1AEF-4023-B8B5-36BE68D713E9}.Debug_Linux|Any CPU.Build.0 = Debug|Any CPU
		{B7E431B3-1AEF-4023-B8B5-36BE68D713E9}.Debug_Linux|Any CPU.Deploy.0 = Debug|Any CPU
		{B7E431B3-1AEF-4023-B8B5-36BE68D713E9}.Debug_Linux|ARM.ActiveCfg = Debug|ARM
		{B7E431B3-1AEF-4023-B8B5-36BE68D713E9}.Debug_Linux|ARM.Build.0 = Debug|ARM
		{B7E431B3-1AEF-4023-B8B5-36BE68D713E9}.Debug_Linux|ARM.Deploy.0 = Debug|ARM
		{B7E431B3-1AEF-4023-B8B5-36BE68D713E9}.Debug_Linux|x64.ActiveCfg = Debug|x64
		{B7E431B3-1AEF-4023-B8B5-36BE68D713E9}.Debug_Linux|x64.Build.0 = Debug|x64
		{B7E431B3-1AEF-4023-B8B5-36BE68D713E9}.Debug_Linux|x64.Deploy.0 = Debug|x64
		{B7E431B3-1AEF-4023-B8B5-36BE68D713E9}.Debug_Linux|x86.ActiveCfg = Debug|x86
		{B7E431B3-1AEF-4023-B8B5-36BE68D713E9}.Debug_Linux|x86.Build.0 = Debug|x86
		{B7E431B3-1AEF-4023-B8B5-36BE68D713E9}.Debug_Linux|x86.Deploy.0 = Debug|x86
		{B7E431B3-1AEF-4023-B8B5-36BE68D713E9}.Debug_MacOSX|Any CPU.ActiveCfg = Debug|Any CPU
		{B7E431B3-1AEF-4023-B8B5-36BE68D713E9}.Debug_MacOSX|Any CPU.Build.0 = Debug|Any CPU
		{B7E431B3-1AEF-4023-B8B5-36BE68D713E9}.Debug_MacOSX|Any CPU.Deploy.0 = Debug|Any CPU
		{B7E431B3-1AEF-4023-B8B5-36BE68D713E9}.Debug_MacOSX|ARM.ActiveCfg = Debug|ARM
		{B7E431B3-1AEF-4023-B8B5-36BE68D713E9}.Debug_MacOSX|ARM.Build.0 = Debug|ARM
		{B7E431B3-1AEF-4023-B8B5-36BE68D713E9}.Debug_MacOSX|ARM.Deploy.0 = Debug|ARM
		{B7E431B3-1AEF-4023-B8B5-36BE68D713E9}.Debug_MacOSX|x64.ActiveCfg = Debug|x64
		{B7E431B3-1AEF-4023-B8B5-36BE68D713E9}.Debug_MacOSX|x64.Build.0 = Debug|x64
		{B7E431B3-1AEF-4023-B8B5-36BE68D713E9}.Debug_MacOSX|x64.Deploy.0 = Debug|x64
		{B7E431B3-1AEF-4023-B8B5-36BE68D713E9}.Debug_MacOSX|x86.ActiveCfg = Debug|x86
		{B7E431B3-1AEF-4023-B8B5-36BE68D713E9}.Debug_MacOSX|x86.Build.0 = Debug|x86
		{B7E431B3-1AEF-4023-B8B5-36BE68D713E9}.Debug_MacOSX|x86.Deploy.0 = Debug|x86
		{B7E431B3-1AEF-4023-B8B5-36BE68D713E9}.Debug|Any CPU.ActiveCfg = Debug|x86
		{B7E431B3-1AEF-4023-B8B5-36BE68D713E9}.Debug|Any CPU.Build.0 = Debug|x86
		{B7E431B3-1AEF-4023-B8B5-36BE68D713E9}.Debug|Any CPU.Deploy.0 = Debug|x86
		{B7E431B3-1AEF-4023-B8B5-36BE68D713E9}.Debug|ARM.ActiveCfg = Debug|ARM
		{B7E431B3-1AEF-4023-B8B5-36BE68D713E9}.Debug|ARM.Build.0 = Debug|ARM
		{B7E431B3-1AEF-4023-B8B5-36BE68D713E9}.Debug|ARM.Deploy.0 = Debug|ARM
		{B7E431B3-1AEF-4023-B8B5-36BE68D713E9}.Debug|x64.ActiveCfg = Debug|x64
		{B7E431B3-1AEF-4023-B8B5-36BE68D713E9}.Debug|x64.Build.0 = Debug|x64
		{B7E431B3-1AEF-4023-B8B5-36BE68D713E9}.Debug|x64.Deploy.0 = Debug|x64
		{B7E431B3-1AEF-4023-B8B5-36BE68D713E9}.Debug|x86.ActiveCfg = Debug|x86
		{B7E431B3-1AEF-4023-B8B5-36BE68D713E9}.Debug|x86.Build.0 = Debug|x86
		{B7E431B3-1AEF-4023-B8B5-36BE68D713E9}.Debug|x86.Deploy.0 = Debug|x86
		{B7E431B3-1AEF-4023-B8B5-36BE68D713E9}.Release_Linux|Any CPU.ActiveCfg = Release|Any CPU
		{B7E431B3-1AEF-4023-B8B5-36BE68D713E9}.Release_Linux|Any CPU.Build.0 = Release|Any CPU
		{B7E431B3-1AEF-4023-B8B5-36BE68D713E9}.Release_Linux|Any CPU.Deploy.0 = Release|Any CPU
		{B7E431B3-1AEF-4023-B8B5-36BE68D713E9}.Release_Linux|ARM.ActiveCfg = Release|ARM
		{B7E431B3-1AEF-4023-B8B5-36BE68D713E9}.Release_Linux|ARM.Build.0 = Release|ARM
		{B7E431B3-1AEF-4023-B8B5-36BE68D713E9}.Release_Linux|ARM.Deploy.0 = Release|ARM
		{B7E431B3-1AEF-4023-B8B5-36BE68D713E9}.Release_Linux|x64.ActiveCfg = Release|x64
		{B7E431B3-1AEF-4023-B8B5-36BE68D713E9}.Release_Linux|x64.Build.0 = Release|x64
		{B7E431B3-1AEF-4023-B8B5-36BE68D713E9}.Release_Linux|x64.Deploy.0 = Release|x64
		{B7E431B3-1AEF-4023-B8B5-36BE68D713E9}.Release_Linux|x86.ActiveCfg = Release|x86
		{B7E431B3-1AEF-4023-B8B5-36BE68D713E9}.Release_Linux|x86.Build.0 = Release|x86
		{B7E431B3-1AEF-4023-B8B5-36BE68D713E9}.Release_Linux|x86.Deploy.0 = Release|x86
		{B7E431B3-1AEF-4023-B8B5-36BE68D713E9}.Release_MacOSX|Any CPU.ActiveCfg = Release|Any CPU
		{B7E431B3-1AEF-4023-B8B5-36BE68D713E9}.Release_MacOSX|Any CPU.Build.0 = Release|Any CPU
		{B7E431B3-1AEF-4023-B8B5-36BE68D713E9}.Release_MacOSX|Any CPU.Deploy.0 = Release|Any CPU
		{B7E431B3-1AEF-4023-B8B5-36BE68D713E9}.Release_MacOSX|ARM.ActiveCfg = Release|ARM
		{B7E431B3-1AEF-4023-B8B5-36BE68D713E9}.Release_MacOSX|ARM.Build.0 = Release|ARM
		{B7E431B3-1AEF-4023-B8B5-36BE68D713E9}.Release_MacOSX|ARM.Deploy.0 = Release|ARM
		{B7E431B3-1AEF-4023-B8B5-36BE68D713E9}.Release_MacOSX|x64.ActiveCfg = Release|x64
		{B7E431B3-1AEF-4023-B8B5-36BE68D713E9}.Release_MacOSX|x64.Build.0 = Release|x64
		{B7E431B3-1AEF-4023-B8B5-36BE68D713E9}.Release_MacOSX|x64.Deploy.0 = Release|x64
		{B7E431B3-1AEF-4023-B8B5-36BE68D713E9}.Release_MacOSX|x86.ActiveCfg = Release|x86
		{B7E431B3-1AEF-4023-B8B5-36BE68D713E9}.Release_MacOSX|x86.Build.0 = Release|x86
		{B7E431B3-1AEF-4023-B8B5-36BE68D713E9}.Release_MacOSX|x86.Deploy.0 = Release|x86
		{B7E431B3-1AEF-4023-B8B5-36BE68D713E9}.Release|Any CPU.ActiveCfg = Release|Any CPU
		{B7E431B3-1AEF-4023-B8B5-36BE68D713E9}.Release|Any CPU.Build.0 = Release|Any CPU
		{B7E431B3-1AEF-4023-B8B5-36BE68D713E9}.Release|Any CPU.Deploy.0 = Release|Any CPU
		{B7E431B3-1AEF-4023-B8B5-36BE68D713E9}.Release|ARM.ActiveCfg = Release|ARM
		{B7E431B3-1AEF-4023-B8B5-36BE68D713E9}.Release|ARM.Build.0 = Release|ARM
		{B7E431B3-1AEF-4023-B8B5-36BE68D713E9}.Release|ARM.Deploy.0 = Release|ARM
		{B7E431B3-1AEF-4023-B8B5-36BE68D713E9}.Release|x64.ActiveCfg = Release|x64
		{B7E431B3-1AEF-4023-B8B5-36BE68D713E9}.Release|x64.Build.0 = Release|x64
		{B7E431B3-1AEF-4023-B8B5-36BE68D713E9}.Release|x64.Deploy.0 = Release|x64
		{B7E431B3-1AEF-4023-B8B5-36BE68D713E9}.Release|x86.ActiveCfg = Release|x86
		{B7E431B3-1AEF-4023-B8B5-36BE68D713E9}.Release|x86.Build.0 = Release|x86
		{B7E431B3-1AEF-4023-B8B5-36BE68D713E9}.Release|x86.Deploy.0 = Release|x86
		{E97BAD77-806E-402B-A3FC-283C31FDB37D}.Debug_Linux|Any CPU.ActiveCfg = Debug|Any CPU
		{E97BAD77-806E-402B-A3FC-283C31FDB37D}.Debug_Linux|Any CPU.Build.0 = Debug|Any CPU
		{E97BAD77-806E-402B-A3FC-283C31FDB37D}.Debug_Linux|ARM.ActiveCfg = Debug|ARM
		{E97BAD77-806E-402B-A3FC-283C31FDB37D}.Debug_Linux|ARM.Build.0 = Debug|ARM
		{E97BAD77-806E-402B-A3FC-283C31FDB37D}.Debug_Linux|x64.ActiveCfg = Debug|x64
		{E97BAD77-806E-402B-A3FC-283C31FDB37D}.Debug_Linux|x64.Build.0 = Debug|x64
		{E97BAD77-806E-402B-A3FC-283C31FDB37D}.Debug_Linux|x86.ActiveCfg = Debug|x86
		{E97BAD77-806E-402B-A3FC-283C31FDB37D}.Debug_Linux|x86.Build.0 = Debug|x86
		{E97BAD77-806E-402B-A3FC-283C31FDB37D}.Debug_MacOSX|Any CPU.ActiveCfg = Debug|Any CPU
		{E97BAD77-806E-402B-A3FC-283C31FDB37D}.Debug_MacOSX|Any CPU.Build.0 = Debug|Any CPU
		{E97BAD77-806E-402B-A3FC-283C31FDB37D}.Debug_MacOSX|ARM.ActiveCfg = Debug|ARM
		{E97BAD77-806E-402B-A3FC-283C31FDB37D}.Debug_MacOSX|ARM.Build.0 = Debug|ARM
		{E97BAD77-806E-402B-A3FC-283C31FDB37D}.Debug_MacOSX|x64.ActiveCfg = Debug|x64
		{E97BAD77-806E-402B-A3FC-283C31FDB37D}.Debug_MacOSX|x64.Build.0 = Debug|x64
		{E97BAD77-806E-402B-A3FC-283C31FDB37D}.Debug_MacOSX|x86.ActiveCfg = Debug|x86
		{E97BAD77-806E-402B-A3FC-283C31FDB37D}.Debug_MacOSX|x86.Build.0 = Debug|x86
		{E97BAD77-806E-402B-A3FC-283C31FDB37D}.Debug|Any CPU.ActiveCfg = Debug|x86
		{E97BAD77-806E-402B-A3FC-283C31FDB37D}.Debug|Any CPU.Build.0 = Debug|x86
		{E97BAD77-806E-402B-A3FC-283C31FDB37D}.Debug|ARM.ActiveCfg = Debug|ARM
		{E97BAD77-806E-402B-A3FC-283C31FDB37D}.Debug|ARM.Build.0 = Debug|ARM
		{E97BAD77-806E-402B-A3FC-283C31FDB37D}.Debug|x64.ActiveCfg = Debug|x64
		{E97BAD77-806E-402B-A3FC-283C31FDB37D}.Debug|x64.Build.0 = Debug|x64
		{E97BAD77-806E-402B-A3FC-283C31FDB37D}.Debug|x86.ActiveCfg = Debug|x86
		{E97BAD77-806E-402B-A3FC-283C31FDB37D}.Debug|x86.Build.0 = Debug|x86
		{E97BAD77-806E-402B-A3FC-283C31FDB37D}.Release_Linux|Any CPU.ActiveCfg = Release|Any CPU
		{E97BAD77-806E-402B-A3FC-283C31FDB37D}.Release_Linux|Any CPU.Build.0 = Release|Any CPU
		{E97BAD77-806E-402B-A3FC-283C31FDB37D}.Release_Linux|ARM.ActiveCfg = Release|ARM
		{E97BAD77-806E-402B-A3FC-283C31FDB37D}.Release_Linux|ARM.Build.0 = Release|ARM
		{E97BAD77-806E-402B-A3FC-283C31FDB37D}.Release_Linux|x64.ActiveCfg = Release|x64
		{E97BAD77-806E-402B-A3FC-283C31FDB37D}.Release_Linux|x64.Build.0 = Release|x64
		{E97BAD77-806E-402B-A3FC-283C31FDB37D}.Release_Linux|x86.ActiveCfg = Release|x86
		{E97BAD77-806E-402B-A3FC-283C31FDB37D}.Release_Linux|x86.Build.0 = Release|x86
		{E97BAD77-806E-402B-A3FC-283C31FDB37D}.Release_MacOSX|Any CPU.ActiveCfg = Release|Any CPU
		{E97BAD77-806E-402B-A3FC-283C31FDB37D}.Release_MacOSX|Any CPU.Build.0 = Release|Any CPU
		{E97BAD77-806E-402B-A3FC-283C31FDB37D}.Release_MacOSX|ARM.ActiveCfg = Release|ARM
		{E97BAD77-806E-402B-A3FC-283C31FDB37D}.Release_MacOSX|ARM.Build.0 = Release|ARM
		{E97BAD77-806E-402B-A3FC-283C31FDB37D}.Release_MacOSX|x64.ActiveCfg = Release|x64
		{E97BAD77-806E-402B-A3FC-283C31FDB37D}.Release_MacOSX|x64.Build.0 = Release|x64
		{E97BAD77-806E-402B-A3FC-283C31FDB37D}.Release_MacOSX|x86.ActiveCfg = Release|x86
		{E97BAD77-806E-402B-A3FC-283C31FDB37D}.Release_MacOSX|x86.Build.0 = Release|x86
		{E97BAD77-806E-402B-A3FC-283C31FDB37D}.Release|Any CPU.ActiveCfg = Release|Any CPU
		{E97BAD77-806E-402B-A3FC-283C31FDB37D}.Release|Any CPU.Build.0 = Release|Any CPU
		{E97BAD77-806E-402B-A3FC-283C31FDB37D}.Release|ARM.ActiveCfg = Release|ARM
		{E97BAD77-806E-402B-A3FC-283C31FDB37D}.Release|ARM.Build.0 = Release|ARM
		{E97BAD77-806E-402B-A3FC-283C31FDB37D}.Release|x64.ActiveCfg = Release|x64
		{E97BAD77-806E-402B-A3FC-283C31FDB37D}.Release|x64.Build.0 = Release|x64
		{E97BAD77-806E-402B-A3FC-283C31FDB37D}.Release|x86.ActiveCfg = Release|x86
		{E97BAD77-806E-402B-A3FC-283C31FDB37D}.Release|x86.Build.0 = Release|x86
		{A0D06CD4-F009-4068-A79C-377A7D2E014C}.Debug_Linux|Any CPU.ActiveCfg = Debug|Any CPU
		{A0D06CD4-F009-4068-A79C-377A7D2E014C}.Debug_Linux|Any CPU.Build.0 = Debug|Any CPU
		{A0D06CD4-F009-4068-A79C-377A7D2E014C}.Debug_Linux|ARM.ActiveCfg = Debug|ARM
		{A0D06CD4-F009-4068-A79C-377A7D2E014C}.Debug_Linux|ARM.Build.0 = Debug|ARM
		{A0D06CD4-F009-4068-A79C-377A7D2E014C}.Debug_Linux|x64.ActiveCfg = Debug|x64
		{A0D06CD4-F009-4068-A79C-377A7D2E014C}.Debug_Linux|x64.Build.0 = Debug|x64
		{A0D06CD4-F009-4068-A79C-377A7D2E014C}.Debug_Linux|x86.ActiveCfg = Debug|x86
		{A0D06CD4-F009-4068-A79C-377A7D2E014C}.Debug_Linux|x86.Build.0 = Debug|x86
		{A0D06CD4-F009-4068-A79C-377A7D2E014C}.Debug_MacOSX|Any CPU.ActiveCfg = Debug|Any CPU
		{A0D06CD4-F009-4068-A79C-377A7D2E014C}.Debug_MacOSX|Any CPU.Build.0 = Debug|Any CPU
		{A0D06CD4-F009-4068-A79C-377A7D2E014C}.Debug_MacOSX|ARM.ActiveCfg = Debug|ARM
		{A0D06CD4-F009-4068-A79C-377A7D2E014C}.Debug_MacOSX|ARM.Build.0 = Debug|ARM
		{A0D06CD4-F009-4068-A79C-377A7D2E014C}.Debug_MacOSX|x64.ActiveCfg = Debug|x64
		{A0D06CD4-F009-4068-A79C-377A7D2E014C}.Debug_MacOSX|x64.Build.0 = Debug|x64
		{A0D06CD4-F009-4068-A79C-377A7D2E014C}.Debug_MacOSX|x86.ActiveCfg = Debug|x86
		{A0D06CD4-F009-4068-A79C-377A7D2E014C}.Debug_MacOSX|x86.Build.0 = Debug|x86
		{A0D06CD4-F009-4068-A79C-377A7D2E014C}.Debug|Any CPU.ActiveCfg = Debug|x86
		{A0D06CD4-F009-4068-A79C-377A7D2E014C}.Debug|Any CPU.Build.0 = Debug|x86
		{A0D06CD4-F009-4068-A79C-377A7D2E014C}.Debug|ARM.ActiveCfg = Debug|ARM
		{A0D06CD4-F009-4068-A79C-377A7D2E014C}.Debug|ARM.Build.0 = Debug|ARM
		{A0D06CD4-F009-4068-A79C-377A7D2E014C}.Debug|x64.ActiveCfg = Debug|x64
		{A0D06CD4-F009-4068-A79C-377A7D2E014C}.Debug|x64.Build.0 = Debug|x64
		{A0D06CD4-F009-4068-A79C-377A7D2E014C}.Debug|x86.ActiveCfg = Debug|x86
		{A0D06CD4-F009-4068-A79C-377A7D2E014C}.Debug|x86.Build.0 = Debug|x86
		{A0D06CD4-F009-4068-A79C-377A7D2E014C}.Release_Linux|Any CPU.ActiveCfg = Release|Any CPU
		{A0D06CD4-F009-4068-A79C-377A7D2E014C}.Release_Linux|Any CPU.Build.0 = Release|Any CPU
		{A0D06CD4-F009-4068-A79C-377A7D2E014C}.Release_Linux|ARM.ActiveCfg = Release|ARM
		{A0D06CD4-F009-4068-A79C-377A7D2E014C}.Release_Linux|ARM.Build.0 = Release|ARM
		{A0D06CD4-F009-4068-A79C-377A7D2E014C}.Release_Linux|x64.ActiveCfg = Release|x64
		{A0D06CD4-F009-4068-A79C-377A7D2E014C}.Release_Linux|x64.Build.0 = Release|x64
		{A0D06CD4-F009-4068-A79C-377A7D2E014C}.Release_Linux|x86.ActiveCfg = Release|x86
		{A0D06CD4-F009-4068-A79C-377A7D2E014C}.Release_Linux|x86.Build.0 = Release|x86
		{A0D06CD4-F009-4068-A79C-377A7D2E014C}.Release_MacOSX|Any CPU.ActiveCfg = Release|Any CPU
		{A0D06CD4-F009-4068-A79C-377A7D2E014C}.Release_MacOSX|Any CPU.Build.0 = Release|Any CPU
		{A0D06CD4-F009-4068-A79C-377A7D2E014C}.Release_MacOSX|ARM.ActiveCfg = Release|ARM
		{A0D06CD4-F009-4068-A79C-377A7D2E014C}.Release_MacOSX|ARM.Build.0 = Release|ARM
		{A0D06CD4-F009-4068-A79C-377A7D2E014C}.Release_MacOSX|x64.ActiveCfg = Release|x64
		{A0D06CD4-F009-4068-A79C-377A7D2E014C}.Release_MacOSX|x64.Build.0 = Release|x64
		{A0D06CD4-F009-4068-A79C-377A7D2E014C}.Release_MacOSX|x86.ActiveCfg = Release|x86
		{A0D06CD4-F009-4068-A79C-377A7D2E014C}.Release_MacOSX|x86.Build.0 = Release|x86
		{A0D06CD4-F009-4068-A79C-377A7D2E014C}.Release|Any CPU.ActiveCfg = Release|Any CPU
		{A0D06CD4-F009-4068-A79C-377A7D2E014C}.Release|Any CPU.Build.0 = Release|Any CPU
		{A0D06CD4-F009-4068-A79C-377A7D2E014C}.Release|ARM.ActiveCfg = Release|ARM
		{A0D06CD4-F009-4068-A79C-377A7D2E014C}.Release|ARM.Build.0 = Release|ARM
		{A0D06CD4-F009-4068-A79C-377A7D2E014C}.Release|x64.ActiveCfg = Release|x64
		{A0D06CD4-F009-4068-A79C-377A7D2E014C}.Release|x64.Build.0 = Release|x64
		{A0D06CD4-F009-4068-A79C-377A7D2E014C}.Release|x86.ActiveCfg = Release|x86
		{A0D06CD4-F009-4068-A79C-377A7D2E014C}.Release|x86.Build.0 = Release|x86
		{B096C459-3E2D-4932-A961-DE692F6B6C1C}.Debug_Linux|Any CPU.ActiveCfg = Debug|Any CPU
		{B096C459-3E2D-4932-A961-DE692F6B6C1C}.Debug_Linux|Any CPU.Build.0 = Debug|Any CPU
		{B096C459-3E2D-4932-A961-DE692F6B6C1C}.Debug_Linux|ARM.ActiveCfg = Debug|ARM
		{B096C459-3E2D-4932-A961-DE692F6B6C1C}.Debug_Linux|ARM.Build.0 = Debug|ARM
		{B096C459-3E2D-4932-A961-DE692F6B6C1C}.Debug_Linux|x64.ActiveCfg = Debug|x64
		{B096C459-3E2D-4932-A961-DE692F6B6C1C}.Debug_Linux|x64.Build.0 = Debug|x64
		{B096C459-3E2D-4932-A961-DE692F6B6C1C}.Debug_Linux|x86.ActiveCfg = Debug|x86
		{B096C459-3E2D-4932-A961-DE692F6B6C1C}.Debug_Linux|x86.Build.0 = Debug|x86
		{B096C459-3E2D-4932-A961-DE692F6B6C1C}.Debug_MacOSX|Any CPU.ActiveCfg = Debug|Any CPU
		{B096C459-3E2D-4932-A961-DE692F6B6C1C}.Debug_MacOSX|Any CPU.Build.0 = Debug|Any CPU
		{B096C459-3E2D-4932-A961-DE692F6B6C1C}.Debug_MacOSX|ARM.ActiveCfg = Debug|ARM
		{B096C459-3E2D-4932-A961-DE692F6B6C1C}.Debug_MacOSX|ARM.Build.0 = Debug|ARM
		{B096C459-3E2D-4932-A961-DE692F6B6C1C}.Debug_MacOSX|x64.ActiveCfg = Debug|x64
		{B096C459-3E2D-4932-A961-DE692F6B6C1C}.Debug_MacOSX|x64.Build.0 = Debug|x64
		{B096C459-3E2D-4932-A961-DE692F6B6C1C}.Debug_MacOSX|x86.ActiveCfg = Debug|x86
		{B096C459-3E2D-4932-A961-DE692F6B6C1C}.Debug_MacOSX|x86.Build.0 = Debug|x86
		{B096C459-3E2D-4932-A961-DE692F6B6C1C}.Debug|Any CPU.ActiveCfg = Debug|x86
		{B096C459-3E2D-4932-A961-DE692F6B6C1C}.Debug|Any CPU.Build.0 = Debug|x86
		{B096C459-3E2D-4932-A961-DE692F6B6C1C}.Debug|ARM.ActiveCfg = Debug|ARM
		{B096C459-3E2D-4932-A961-DE692F6B6C1C}.Debug|ARM.Build.0 = Debug|ARM
		{B096C459-3E2D-4932-A961-DE692F6B6C1C}.Debug|x64.ActiveCfg = Debug|x64
		{B096C459-3E2D-4932-A961-DE692F6B6C1C}.Debug|x64.Build.0 = Debug|x64
		{B096C459-3E2D-4932-A961-DE692F6B6C1C}.Debug|x86.ActiveCfg = Debug|x86
		{B096C459-3E2D-4932-A961-DE692F6B6C1C}.Debug|x86.Build.0 = Debug|x86
		{B096C459-3E2D-4932-A961-DE692F6B6C1C}.Release_Linux|Any CPU.ActiveCfg = Release|Any CPU
		{B096C459-3E2D-4932-A961-DE692F6B6C1C}.Release_Linux|Any CPU.Build.0 = Release|Any CPU
		{B096C459-3E2D-4932-A961-DE692F6B6C1C}.Release_Linux|ARM.ActiveCfg = Release|ARM
		{B096C459-3E2D-4932-A961-DE692F6B6C1C}.Release_Linux|ARM.Build.0 = Release|ARM
		{B096C459-3E2D-4932-A961-DE692F6B6C1C}.Release_Linux|x64.ActiveCfg = Release|x64
		{B096C459-3E2D-4932-A961-DE692F6B6C1C}.Release_Linux|x64.Build.0 = Release|x64
		{B096C459-3E2D-4932-A961-DE692F6B6C1C}.Release_Linux|x86.ActiveCfg = Release|x86
		{B096C459-3E2D-4932-A961-DE692F6B6C1C}.Release_Linux|x86.Build.0 = Release|x86
		{B096C459-3E2D-4932-A961-DE692F6B6C1C}.Release_MacOSX|Any CPU.ActiveCfg = Release|Any CPU
		{B096C459-3E2D-4932-A961-DE692F6B6C1C}.Release_MacOSX|Any CPU.Build.0 = Release|Any CPU
		{B096C459-3E2D-4932-A961-DE692F6B6C1C}.Release_MacOSX|ARM.ActiveCfg = Release|ARM
		{B096C459-3E2D-4932-A961-DE692F6B6C1C}.Release_MacOSX|ARM.Build.0 = Release|ARM
		{B096C459-3E2D-4932-A961-DE692F6B6C1C}.Release_MacOSX|x64.ActiveCfg = Release|x64
		{B096C459-3E2D-4932-A961-DE692F6B6C1C}.Release_MacOSX|x64.Build.0 = Release|x64
		{B096C459-3E2D-4932-A961-DE692F6B6C1C}.Release_MacOSX|x86.ActiveCfg = Release|x86
		{B096C459-3E2D-4932-A961-DE692F6B6C1C}.Release_MacOSX|x86.Build.0 = Release|x86
		{B096C459-3E2D-4932-A961-DE692F6B6C1C}.Release|Any CPU.ActiveCfg = Release|Any CPU
		{B096C459-3E2D-4932-A961-DE692F6B6C1C}.Release|Any CPU.Build.0 = Release|Any CPU
		{B096C459-3E2D-4932-A961-DE692F6B6C1C}.Release|ARM.ActiveCfg = Release|ARM
		{B096C459-3E2D-4932-A961-DE692F6B6C1C}.Release|ARM.Build.0 = Release|ARM
		{B096C459-3E2D-4932-A961-DE692F6B6C1C}.Release|x64.ActiveCfg = Release|x64
		{B096C459-3E2D-4932-A961-DE692F6B6C1C}.Release|x64.Build.0 = Release|x64
		{B096C459-3E2D-4932-A961-DE692F6B6C1C}.Release|x86.ActiveCfg = Release|x86
		{B096C459-3E2D-4932-A961-DE692F6B6C1C}.Release|x86.Build.0 = Release|x86
		{394F4601-AF24-43A1-BCD3-0784645DAB17}.Debug_Linux|Any CPU.ActiveCfg = Debug|Any CPU
		{394F4601-AF24-43A1-BCD3-0784645DAB17}.Debug_Linux|Any CPU.Build.0 = Debug|Any CPU
		{394F4601-AF24-43A1-BCD3-0784645DAB17}.Debug_Linux|ARM.ActiveCfg = Debug|ARM
		{394F4601-AF24-43A1-BCD3-0784645DAB17}.Debug_Linux|ARM.Build.0 = Debug|ARM
		{394F4601-AF24-43A1-BCD3-0784645DAB17}.Debug_Linux|x64.ActiveCfg = Debug|x64
		{394F4601-AF24-43A1-BCD3-0784645DAB17}.Debug_Linux|x64.Build.0 = Debug|x64
		{394F4601-AF24-43A1-BCD3-0784645DAB17}.Debug_Linux|x86.ActiveCfg = Debug|x86
		{394F4601-AF24-43A1-BCD3-0784645DAB17}.Debug_Linux|x86.Build.0 = Debug|x86
		{394F4601-AF24-43A1-BCD3-0784645DAB17}.Debug_MacOSX|Any CPU.ActiveCfg = Debug|Any CPU
		{394F4601-AF24-43A1-BCD3-0784645DAB17}.Debug_MacOSX|Any CPU.Build.0 = Debug|Any CPU
		{394F4601-AF24-43A1-BCD3-0784645DAB17}.Debug_MacOSX|ARM.ActiveCfg = Debug|ARM
		{394F4601-AF24-43A1-BCD3-0784645DAB17}.Debug_MacOSX|ARM.Build.0 = Debug|ARM
		{394F4601-AF24-43A1-BCD3-0784645DAB17}.Debug_MacOSX|x64.ActiveCfg = Debug|x64
		{394F4601-AF24-43A1-BCD3-0784645DAB17}.Debug_MacOSX|x64.Build.0 = Debug|x64
		{394F4601-AF24-43A1-BCD3-0784645DAB17}.Debug_MacOSX|x86.ActiveCfg = Debug|x86
		{394F4601-AF24-43A1-BCD3-0784645DAB17}.Debug_MacOSX|x86.Build.0 = Debug|x86
		{394F4601-AF24-43A1-BCD3-0784645DAB17}.Debug|Any CPU.ActiveCfg = Debug|x86
		{394F4601-AF24-43A1-BCD3-0784645DAB17}.Debug|Any CPU.Build.0 = Debug|x86
		{394F4601-AF24-43A1-BCD3-0784645DAB17}.Debug|ARM.ActiveCfg = Debug|ARM
		{394F4601-AF24-43A1-BCD3-0784645DAB17}.Debug|ARM.Build.0 = Debug|ARM
		{394F4601-AF24-43A1-BCD3-0784645DAB17}.Debug|x64.ActiveCfg = Debug|x64
		{394F4601-AF24-43A1-BCD3-0784645DAB17}.Debug|x64.Build.0 = Debug|x64
		{394F4601-AF24-43A1-BCD3-0784645DAB17}.Debug|x86.ActiveCfg = Debug|x86
		{394F4601-AF24-43A1-BCD3-0784645DAB17}.Debug|x86.Build.0 = Debug|x86
		{394F4601-AF24-43A1-BCD3-0784645DAB17}.Release_Linux|Any CPU.ActiveCfg = Release|Any CPU
		{394F4601-AF24-43A1-BCD3-0784645DAB17}.Release_Linux|Any CPU.Build.0 = Release|Any CPU
		{394F4601-AF24-43A1-BCD3-0784645DAB17}.Release_Linux|ARM.ActiveCfg = Release|ARM
		{394F4601-AF24-43A1-BCD3-0784645DAB17}.Release_Linux|ARM.Build.0 = Release|ARM
		{394F4601-AF24-43A1-BCD3-0784645DAB17}.Release_Linux|x64.ActiveCfg = Release|x64
		{394F4601-AF24-43A1-BCD3-0784645DAB17}.Release_Linux|x64.Build.0 = Release|x64
		{394F4601-AF24-43A1-BCD3-0784645DAB17}.Release_Linux|x86.ActiveCfg = Release|x86
		{394F4601-AF24-43A1-BCD3-0784645DAB17}.Release_Linux|x86.Build.0 = Release|x86
		{394F4601-AF24-43A1-BCD3-0784645DAB17}.Release_MacOSX|Any CPU.ActiveCfg = Release|Any CPU
		{394F4601-AF24-43A1-BCD3-0784645DAB17}.Release_MacOSX|Any CPU.Build.0 = Release|Any CPU
		{394F4601-AF24-43A1-BCD3-0784645DAB17}.Release_MacOSX|ARM.ActiveCfg = Release|ARM
		{394F4601-AF24-43A1-BCD3-0784645DAB17}.Release_MacOSX|ARM.Build.0 = Release|ARM
		{394F4601-AF24-43A1-BCD3-0784645DAB17}.Release_MacOSX|x64.ActiveCfg = Release|x64
		{394F4601-AF24-43A1-BCD3-0784645DAB17}.Release_MacOSX|x64.Build.0 = Release|x64
		{394F4601-AF24-43A1-BCD3-0784645DAB17}.Release_MacOSX|x86.ActiveCfg = Release|x86
		{394F4601-AF24-43A1-BCD3-0784645DAB17}.Release_MacOSX|x86.Build.0 = Release|x86
		{394F4601-AF24-43A1-BCD3-0784645DAB17}.Release|Any CPU.ActiveCfg = Release|Any CPU
		{394F4601-AF24-43A1-BCD3-0784645DAB17}.Release|Any CPU.Build.0 = Release|Any CPU
		{394F4601-AF24-43A1-BCD3-0784645DAB17}.Release|ARM.ActiveCfg = Release|ARM
		{394F4601-AF24-43A1-BCD3-0784645DAB17}.Release|ARM.Build.0 = Release|ARM
		{394F4601-AF24-43A1-BCD3-0784645DAB17}.Release|x64.ActiveCfg = Release|x64
		{394F4601-AF24-43A1-BCD3-0784645DAB17}.Release|x64.Build.0 = Release|x64
		{394F4601-AF24-43A1-BCD3-0784645DAB17}.Release|x86.ActiveCfg = Release|x86
		{394F4601-AF24-43A1-BCD3-0784645DAB17}.Release|x86.Build.0 = Release|x86
	EndGlobalSection
	GlobalSection(SolutionProperties) = preSolution
		HideSolutionNode = FALSE
	EndGlobalSection
EndGlobal
