
Microsoft Visual Studio Solution File, Format Version 11.00
# Visual Studio 2010
Project("{FAE04EC0-301F-11D3-BF4B-00C04F79EFBC}") = "MPfm.Core", "MPfm.Core\MPfm.Core.csproj", "{D536FDE5-989E-4979-9B39-63621AE4A205}"
EndProject
Project("{FAE04EC0-301F-11D3-BF4B-00C04F79EFBC}") = "MPfm.Sound", "MPfm.Sound\MPfm.Sound.csproj", "{D92F718E-9A24-4B8B-9E40-77F93CF89EAE}"
EndProject
Project("{FAE04EC0-301F-11D3-BF4B-00C04F79EFBC}") = "MPfm.Library", "MPfm.Library\MPfm.Library.csproj", "{2A62D229-D7FC-41DA-B676-BB1371659BFB}"
EndProject
Project("{FAE04EC0-301F-11D3-BF4B-00C04F79EFBC}") = "MPfm.Player", "MPfm.Player\MPfm.Player.csproj", "{FEB7497C-784C-4380-874F-46FD93C82BA1}"
EndProject
Project("{FAE04EC0-301F-11D3-BF4B-00C04F79EFBC}") = "MPfm.Mac", "MPfm.Mac\MPfm.Mac.csproj", "{0BC54417-B1EB-4EE0-892D-8F1B94F88843}"
EndProject
Project("{FAE04EC0-301F-11D3-BF4B-00C04F79EFBC}") = "MPfm.MVP", "MPfm.MVP\MPfm.MVP.csproj", "{B6B0613C-FF39-479D-9EF0-31DAF9684A06}"
EndProject
Project("{FAE04EC0-301F-11D3-BF4B-00C04F79EFBC}") = "MPfm.Tests", "MPfm.Tests\MPfm.Tests.csproj", "{81545D7C-6241-48F4-8575-492A0ECE3BA1}"
EndProject
Project("{FAE04EC0-301F-11D3-BF4B-00C04F79EFBC}") = "MPfm.GenericControls", "MPfm.GenericControls\MPfm.GenericControls.csproj", "{F2A4E954-0439-42CF-B795-82819C9A39CF}"
EndProject
Global
	GlobalSection(SolutionConfigurationPlatforms) = preSolution
		Debug|Any CPU = Debug|Any CPU
		Release|Any CPU = Release|Any CPU
		Debug_Linux|Any CPU = Debug_Linux|Any CPU
		Debug_MacOSX|Any CPU = Debug_MacOSX|Any CPU
		Release_MacOSX|Any CPU = Release_MacOSX|Any CPU
		Release_Linux|Any CPU = Release_Linux|Any CPU
	EndGlobalSection
	GlobalSection(ProjectConfigurationPlatforms) = postSolution
		{0BC54417-B1EB-4EE0-892D-8F1B94F88843}.Debug_Linux|Any CPU.ActiveCfg = Debug_Linux|Any CPU
		{0BC54417-B1EB-4EE0-892D-8F1B94F88843}.Debug_Linux|Any CPU.Build.0 = Debug_Linux|Any CPU
		{0BC54417-B1EB-4EE0-892D-8F1B94F88843}.Debug_MacOSX|Any CPU.ActiveCfg = Debug_MacOSX|Any CPU
		{0BC54417-B1EB-4EE0-892D-8F1B94F88843}.Debug_MacOSX|Any CPU.Build.0 = Debug_MacOSX|Any CPU
		{0BC54417-B1EB-4EE0-892D-8F1B94F88843}.Debug|Any CPU.ActiveCfg = Debug|Any CPU
		{0BC54417-B1EB-4EE0-892D-8F1B94F88843}.Debug|Any CPU.Build.0 = Debug|Any CPU
		{0BC54417-B1EB-4EE0-892D-8F1B94F88843}.Release_Linux|Any CPU.ActiveCfg = Release_Linux|Any CPU
		{0BC54417-B1EB-4EE0-892D-8F1B94F88843}.Release_Linux|Any CPU.Build.0 = Release_Linux|Any CPU
		{0BC54417-B1EB-4EE0-892D-8F1B94F88843}.Release_MacOSX|Any CPU.ActiveCfg = Release_MacOSX|Any CPU
		{0BC54417-B1EB-4EE0-892D-8F1B94F88843}.Release_MacOSX|Any CPU.Build.0 = Release_MacOSX|Any CPU
		{0BC54417-B1EB-4EE0-892D-8F1B94F88843}.Release|Any CPU.ActiveCfg = Release|Any CPU
		{0BC54417-B1EB-4EE0-892D-8F1B94F88843}.Release|Any CPU.Build.0 = Release|Any CPU
		{2A62D229-D7FC-41DA-B676-BB1371659BFB}.Debug_Linux|Any CPU.ActiveCfg = Debug_Linux|Any CPU
		{2A62D229-D7FC-41DA-B676-BB1371659BFB}.Debug_Linux|Any CPU.Build.0 = Debug_Linux|Any CPU
		{2A62D229-D7FC-41DA-B676-BB1371659BFB}.Debug_MacOSX|Any CPU.ActiveCfg = Debug_MacOSX|Any CPU
		{2A62D229-D7FC-41DA-B676-BB1371659BFB}.Debug_MacOSX|Any CPU.Build.0 = Debug_MacOSX|Any CPU
		{2A62D229-D7FC-41DA-B676-BB1371659BFB}.Debug|Any CPU.ActiveCfg = Debug|Any CPU
		{2A62D229-D7FC-41DA-B676-BB1371659BFB}.Debug|Any CPU.Build.0 = Debug|Any CPU
		{2A62D229-D7FC-41DA-B676-BB1371659BFB}.Release_Linux|Any CPU.ActiveCfg = Release_Linux|Any CPU
		{2A62D229-D7FC-41DA-B676-BB1371659BFB}.Release_Linux|Any CPU.Build.0 = Release_Linux|Any CPU
		{2A62D229-D7FC-41DA-B676-BB1371659BFB}.Release_MacOSX|Any CPU.ActiveCfg = Release_MacOSX|Any CPU
		{2A62D229-D7FC-41DA-B676-BB1371659BFB}.Release_MacOSX|Any CPU.Build.0 = Release_MacOSX|Any CPU
		{2A62D229-D7FC-41DA-B676-BB1371659BFB}.Release|Any CPU.ActiveCfg = Release|Any CPU
		{2A62D229-D7FC-41DA-B676-BB1371659BFB}.Release|Any CPU.Build.0 = Release|Any CPU
		{81545D7C-6241-48F4-8575-492A0ECE3BA1}.Debug_Linux|Any CPU.ActiveCfg = Debug|Any CPU
		{81545D7C-6241-48F4-8575-492A0ECE3BA1}.Debug_Linux|Any CPU.Build.0 = Debug|Any CPU
		{81545D7C-6241-48F4-8575-492A0ECE3BA1}.Debug_MacOSX|Any CPU.ActiveCfg = Debug|Any CPU
		{81545D7C-6241-48F4-8575-492A0ECE3BA1}.Debug_MacOSX|Any CPU.Build.0 = Debug|Any CPU
		{81545D7C-6241-48F4-8575-492A0ECE3BA1}.Debug|Any CPU.ActiveCfg = Debug|Any CPU
		{81545D7C-6241-48F4-8575-492A0ECE3BA1}.Debug|Any CPU.Build.0 = Debug|Any CPU
		{81545D7C-6241-48F4-8575-492A0ECE3BA1}.Release_Linux|Any CPU.ActiveCfg = Release_Linux|Any CPU
		{81545D7C-6241-48F4-8575-492A0ECE3BA1}.Release_Linux|Any CPU.Build.0 = Release_Linux|Any CPU
		{81545D7C-6241-48F4-8575-492A0ECE3BA1}.Release_MacOSX|Any CPU.ActiveCfg = Release_MacOSX|Any CPU
		{81545D7C-6241-48F4-8575-492A0ECE3BA1}.Release_MacOSX|Any CPU.Build.0 = Release_MacOSX|Any CPU
		{81545D7C-6241-48F4-8575-492A0ECE3BA1}.Release|Any CPU.ActiveCfg = Release|Any CPU
		{81545D7C-6241-48F4-8575-492A0ECE3BA1}.Release|Any CPU.Build.0 = Release|Any CPU
		{B6B0613C-FF39-479D-9EF0-31DAF9684A06}.Debug_Linux|Any CPU.ActiveCfg = Debug_Linux|Any CPU
		{B6B0613C-FF39-479D-9EF0-31DAF9684A06}.Debug_Linux|Any CPU.Build.0 = Debug_Linux|Any CPU
		{B6B0613C-FF39-479D-9EF0-31DAF9684A06}.Debug_MacOSX|Any CPU.ActiveCfg = Debug_MacOSX|Any CPU
		{B6B0613C-FF39-479D-9EF0-31DAF9684A06}.Debug_MacOSX|Any CPU.Build.0 = Debug_MacOSX|Any CPU
		{B6B0613C-FF39-479D-9EF0-31DAF9684A06}.Debug|Any CPU.ActiveCfg = Debug|Any CPU
		{B6B0613C-FF39-479D-9EF0-31DAF9684A06}.Debug|Any CPU.Build.0 = Debug|Any CPU
		{B6B0613C-FF39-479D-9EF0-31DAF9684A06}.Release_Linux|Any CPU.ActiveCfg = Release_Linux|Any CPU
		{B6B0613C-FF39-479D-9EF0-31DAF9684A06}.Release_Linux|Any CPU.Build.0 = Release_Linux|Any CPU
		{B6B0613C-FF39-479D-9EF0-31DAF9684A06}.Release_MacOSX|Any CPU.ActiveCfg = Release_MacOSX|Any CPU
		{B6B0613C-FF39-479D-9EF0-31DAF9684A06}.Release_MacOSX|Any CPU.Build.0 = Release_MacOSX|Any CPU
		{B6B0613C-FF39-479D-9EF0-31DAF9684A06}.Release|Any CPU.ActiveCfg = Release|Any CPU
		{B6B0613C-FF39-479D-9EF0-31DAF9684A06}.Release|Any CPU.Build.0 = Release|Any CPU
		{D536FDE5-989E-4979-9B39-63621AE4A205}.Debug_Linux|Any CPU.ActiveCfg = Debug_Linux|Any CPU
		{D536FDE5-989E-4979-9B39-63621AE4A205}.Debug_Linux|Any CPU.Build.0 = Debug_Linux|Any CPU
		{D536FDE5-989E-4979-9B39-63621AE4A205}.Debug_MacOSX|Any CPU.ActiveCfg = Debug_MacOSX|Any CPU
		{D536FDE5-989E-4979-9B39-63621AE4A205}.Debug_MacOSX|Any CPU.Build.0 = Debug_MacOSX|Any CPU
		{D536FDE5-989E-4979-9B39-63621AE4A205}.Debug|Any CPU.ActiveCfg = Debug|Any CPU
		{D536FDE5-989E-4979-9B39-63621AE4A205}.Debug|Any CPU.Build.0 = Debug|Any CPU
		{D536FDE5-989E-4979-9B39-63621AE4A205}.Release_Linux|Any CPU.ActiveCfg = Release_Linux|Any CPU
		{D536FDE5-989E-4979-9B39-63621AE4A205}.Release_Linux|Any CPU.Build.0 = Release_Linux|Any CPU
		{D536FDE5-989E-4979-9B39-63621AE4A205}.Release_MacOSX|Any CPU.ActiveCfg = Release_MacOSX|Any CPU
		{D536FDE5-989E-4979-9B39-63621AE4A205}.Release_MacOSX|Any CPU.Build.0 = Release_MacOSX|Any CPU
		{D536FDE5-989E-4979-9B39-63621AE4A205}.Release|Any CPU.ActiveCfg = Release|Any CPU
		{D536FDE5-989E-4979-9B39-63621AE4A205}.Release|Any CPU.Build.0 = Release|Any CPU
		{D92F718E-9A24-4B8B-9E40-77F93CF89EAE}.Debug_Linux|Any CPU.ActiveCfg = Debug_Linux|Any CPU
		{D92F718E-9A24-4B8B-9E40-77F93CF89EAE}.Debug_Linux|Any CPU.Build.0 = Debug_Linux|Any CPU
		{D92F718E-9A24-4B8B-9E40-77F93CF89EAE}.Debug_MacOSX|Any CPU.ActiveCfg = Debug_MacOSX|Any CPU
		{D92F718E-9A24-4B8B-9E40-77F93CF89EAE}.Debug_MacOSX|Any CPU.Build.0 = Debug_MacOSX|Any CPU
		{D92F718E-9A24-4B8B-9E40-77F93CF89EAE}.Debug|Any CPU.ActiveCfg = Debug|Any CPU
		{D92F718E-9A24-4B8B-9E40-77F93CF89EAE}.Debug|Any CPU.Build.0 = Debug|Any CPU
		{D92F718E-9A24-4B8B-9E40-77F93CF89EAE}.Release_Linux|Any CPU.ActiveCfg = Release_Linux|Any CPU
		{D92F718E-9A24-4B8B-9E40-77F93CF89EAE}.Release_Linux|Any CPU.Build.0 = Release_Linux|Any CPU
		{D92F718E-9A24-4B8B-9E40-77F93CF89EAE}.Release_MacOSX|Any CPU.ActiveCfg = Release_MacOSX|Any CPU
		{D92F718E-9A24-4B8B-9E40-77F93CF89EAE}.Release_MacOSX|Any CPU.Build.0 = Release_MacOSX|Any CPU
		{D92F718E-9A24-4B8B-9E40-77F93CF89EAE}.Release|Any CPU.ActiveCfg = Release|Any CPU
		{D92F718E-9A24-4B8B-9E40-77F93CF89EAE}.Release|Any CPU.Build.0 = Release|Any CPU
		{F2A4E954-0439-42CF-B795-82819C9A39CF}.Debug_Linux|Any CPU.ActiveCfg = Debug|Any CPU
		{F2A4E954-0439-42CF-B795-82819C9A39CF}.Debug_Linux|Any CPU.Build.0 = Debug|Any CPU
		{F2A4E954-0439-42CF-B795-82819C9A39CF}.Debug_MacOSX|Any CPU.ActiveCfg = Debug_MacOSX|Any CPU
		{F2A4E954-0439-42CF-B795-82819C9A39CF}.Debug_MacOSX|Any CPU.Build.0 = Debug_MacOSX|Any CPU
		{F2A4E954-0439-42CF-B795-82819C9A39CF}.Debug|Any CPU.ActiveCfg = Debug|Any CPU
		{F2A4E954-0439-42CF-B795-82819C9A39CF}.Debug|Any CPU.Build.0 = Debug|Any CPU
		{F2A4E954-0439-42CF-B795-82819C9A39CF}.Release_Linux|Any CPU.ActiveCfg = Release|Any CPU
		{F2A4E954-0439-42CF-B795-82819C9A39CF}.Release_Linux|Any CPU.Build.0 = Release|Any CPU
		{F2A4E954-0439-42CF-B795-82819C9A39CF}.Release_MacOSX|Any CPU.ActiveCfg = Release|Any CPU
		{F2A4E954-0439-42CF-B795-82819C9A39CF}.Release_MacOSX|Any CPU.Build.0 = Release|Any CPU
		{F2A4E954-0439-42CF-B795-82819C9A39CF}.Release|Any CPU.ActiveCfg = Release|Any CPU
		{F2A4E954-0439-42CF-B795-82819C9A39CF}.Release|Any CPU.Build.0 = Release|Any CPU
		{FEB7497C-784C-4380-874F-46FD93C82BA1}.Debug_Linux|Any CPU.ActiveCfg = Debug_Linux|Any CPU
		{FEB7497C-784C-4380-874F-46FD93C82BA1}.Debug_Linux|Any CPU.Build.0 = Debug_Linux|Any CPU
		{FEB7497C-784C-4380-874F-46FD93C82BA1}.Debug_MacOSX|Any CPU.ActiveCfg = Debug_MacOSX|Any CPU
		{FEB7497C-784C-4380-874F-46FD93C82BA1}.Debug_MacOSX|Any CPU.Build.0 = Debug_MacOSX|Any CPU
		{FEB7497C-784C-4380-874F-46FD93C82BA1}.Debug|Any CPU.ActiveCfg = Debug|Any CPU
		{FEB7497C-784C-4380-874F-46FD93C82BA1}.Debug|Any CPU.Build.0 = Debug|Any CPU
		{FEB7497C-784C-4380-874F-46FD93C82BA1}.Release_Linux|Any CPU.ActiveCfg = Release_Linux|Any CPU
		{FEB7497C-784C-4380-874F-46FD93C82BA1}.Release_Linux|Any CPU.Build.0 = Release_Linux|Any CPU
		{FEB7497C-784C-4380-874F-46FD93C82BA1}.Release_MacOSX|Any CPU.ActiveCfg = Release_MacOSX|Any CPU
		{FEB7497C-784C-4380-874F-46FD93C82BA1}.Release_MacOSX|Any CPU.Build.0 = Release_MacOSX|Any CPU
		{FEB7497C-784C-4380-874F-46FD93C82BA1}.Release|Any CPU.ActiveCfg = Release|Any CPU
		{FEB7497C-784C-4380-874F-46FD93C82BA1}.Release|Any CPU.Build.0 = Release|Any CPU
	EndGlobalSection
	GlobalSection(MonoDevelopProperties) = preSolution
		StartupItem = MPfm.Mac\MPfm.Mac.csproj
		Policies = $0
		$0.DotNetNamingPolicy = $1
		$1.DirectoryNamespaceAssociation = None
		$1.ResourceNamePolicy = FileFormatDefault
		$0.TextStylePolicy = $2
		$2.inheritsSet = VisualStudio
		$2.inheritsScope = text/plain
		$2.scope = text/x-csharp
		$0.CSharpFormattingPolicy = $3
		$3.IndentSwitchBody = True
		$3.AnonymousMethodBraceStyle = NextLine
		$3.PropertyBraceStyle = NextLine
		$3.PropertyGetBraceStyle = NextLine
		$3.PropertySetBraceStyle = NextLine
		$3.EventBraceStyle = NextLine
		$3.EventAddBraceStyle = NextLine
		$3.EventRemoveBraceStyle = NextLine
		$3.StatementBraceStyle = NextLine
		$3.ArrayInitializerBraceStyle = NextLine
		$3.BeforeMethodDeclarationParentheses = False
		$3.BeforeMethodCallParentheses = False
		$3.BeforeConstructorDeclarationParentheses = False
		$3.BeforeDelegateDeclarationParentheses = False
		$3.NewParentheses = False
		$3.inheritsSet = Mono
		$3.inheritsScope = text/x-csharp
		$3.scope = text/x-csharp
		$0.TextStylePolicy = $4
		$4.inheritsSet = VisualStudio
		$4.inheritsScope = text/plain
		$4.scope = text/plain
		$0.StandardHeader = $5
		$5.Text = 
		$5.IncludeInNewFiles = True
		$0.NameConventionPolicy = $6
		$6.Rules = $7
		$7.NamingRule = $8
		$8.Name = Namespaces
		$8.AffectedEntity = Namespace
		$8.VisibilityMask = VisibilityMask
		$8.NamingStyle = PascalCase
		$8.IncludeInstanceMembers = True
		$8.IncludeStaticEntities = True
		$7.NamingRule = $9
		$9.Name = Types
		$9.AffectedEntity = Class, Struct, Enum, Delegate
		$9.VisibilityMask = VisibilityMask
		$9.NamingStyle = PascalCase
		$9.IncludeInstanceMembers = True
		$9.IncludeStaticEntities = True
		$7.NamingRule = $10
		$10.Name = Interfaces
		$10.RequiredPrefixes = $11
		$11.String = I
		$10.AffectedEntity = Interface
		$10.VisibilityMask = VisibilityMask
		$10.NamingStyle = PascalCase
		$10.IncludeInstanceMembers = True
		$10.IncludeStaticEntities = True
		$7.NamingRule = $12
		$12.Name = Attributes
		$12.RequiredSuffixes = $13
		$13.String = Attribute
		$12.AffectedEntity = CustomAttributes
		$12.VisibilityMask = VisibilityMask
		$12.NamingStyle = PascalCase
		$12.IncludeInstanceMembers = True
		$12.IncludeStaticEntities = True
		$7.NamingRule = $14
		$14.Name = Event Arguments
		$14.RequiredSuffixes = $15
		$15.String = EventArgs
		$14.AffectedEntity = CustomEventArgs
		$14.VisibilityMask = VisibilityMask
		$14.NamingStyle = PascalCase
		$14.IncludeInstanceMembers = True
		$14.IncludeStaticEntities = True
		$7.NamingRule = $16
		$16.Name = Exceptions
		$16.RequiredSuffixes = $17
		$17.String = Exception
		$16.AffectedEntity = CustomExceptions
		$16.VisibilityMask = VisibilityMask
		$16.NamingStyle = PascalCase
		$16.IncludeInstanceMembers = True
		$16.IncludeStaticEntities = True
		$7.NamingRule = $18
		$18.Name = Methods
		$18.AffectedEntity = Methods
		$18.VisibilityMask = VisibilityMask
		$18.NamingStyle = PascalCase
		$18.IncludeInstanceMembers = True
		$18.IncludeStaticEntities = True
		$7.NamingRule = $19
		$19.Name = Static Readonly Fields
		$19.AffectedEntity = ReadonlyField
		$19.VisibilityMask = Internal, Protected, Public
		$19.NamingStyle = PascalCase
		$19.IncludeInstanceMembers = False
		$19.IncludeStaticEntities = True
		$7.NamingRule = $20
		$20.Name = Fields (Non Private)
		$20.AffectedEntity = Field
		$20.VisibilityMask = Internal, Protected, Public
		$20.NamingStyle = PascalCase
		$20.IncludeInstanceMembers = True
		$20.IncludeStaticEntities = True
		$7.NamingRule = $21
		$21.Name = ReadOnly Fields (Non Private)
		$21.AffectedEntity = ReadonlyField
		$21.VisibilityMask = Internal, Protected, Public
		$21.NamingStyle = PascalCase
		$21.IncludeInstanceMembers = True
		$21.IncludeStaticEntities = False
		$7.NamingRule = $22
		$22.Name = Fields (Private)
		$22.AllowedPrefixes = $23
		$23.String = _
		$23.String = m_
		$22.AffectedEntity = Field, ReadonlyField
		$22.VisibilityMask = Private
		$22.NamingStyle = CamelCase
		$22.IncludeInstanceMembers = True
		$22.IncludeStaticEntities = False
		$7.NamingRule = $24
		$24.Name = Static Fields (Private)
		$24.AffectedEntity = Field
		$24.VisibilityMask = Private
		$24.NamingStyle = CamelCase
		$24.IncludeInstanceMembers = False
		$24.IncludeStaticEntities = True
		$7.NamingRule = $25
		$25.Name = ReadOnly Fields (Private)
		$25.AllowedPrefixes = $26
		$26.String = _
		$26.String = m_
		$25.AffectedEntity = ReadonlyField
		$25.VisibilityMask = Private
		$25.NamingStyle = CamelCase
		$25.IncludeInstanceMembers = True
		$25.IncludeStaticEntities = False
		$7.NamingRule = $27
		$27.Name = Constant Fields
		$27.AffectedEntity = ConstantField
		$27.VisibilityMask = VisibilityMask
		$27.NamingStyle = PascalCase
		$27.IncludeInstanceMembers = True
		$27.IncludeStaticEntities = True
		$7.NamingRule = $28
		$28.Name = Properties
		$28.AffectedEntity = Property
		$28.VisibilityMask = VisibilityMask
		$28.NamingStyle = PascalCase
		$28.IncludeInstanceMembers = True
		$28.IncludeStaticEntities = True
		$7.NamingRule = $29
		$29.Name = Events
		$29.AffectedEntity = Event
		$29.VisibilityMask = VisibilityMask
		$29.NamingStyle = PascalCase
		$29.IncludeInstanceMembers = True
		$29.IncludeStaticEntities = True
		$7.NamingRule = $30
		$30.Name = Enum Members
		$30.AffectedEntity = EnumMember
		$30.VisibilityMask = VisibilityMask
		$30.NamingStyle = PascalCase
		$30.IncludeInstanceMembers = True
		$30.IncludeStaticEntities = True
		$7.NamingRule = $31
		$31.Name = Parameters
		$31.AffectedEntity = Parameter
		$31.VisibilityMask = VisibilityMask
		$31.NamingStyle = CamelCase
		$31.IncludeInstanceMembers = True
		$31.IncludeStaticEntities = True
		$7.NamingRule = $32
		$32.Name = Type Parameters
		$32.RequiredPrefixes = $33
		$33.String = T
		$32.AffectedEntity = TypeParameter
		$32.VisibilityMask = VisibilityMask
		$32.NamingStyle = PascalCase
		$32.IncludeInstanceMembers = True
		$32.IncludeStaticEntities = True
		$0.VersionControlPolicy = $34
		$34.inheritsSet = Mono
	EndGlobalSection
	GlobalSection(SubversionScc) = preSolution
		Svn-Managed = True
		Manager = AnkhSVN - Subversion Support for Visual Studio
	EndGlobalSection
	GlobalSection(SolutionProperties) = preSolution
		HideSolutionNode = FALSE
	EndGlobalSection
EndGlobal
