
Microsoft Visual Studio Solution File, Format Version 11.00
# Visual Studio 2010
Project("{FAE04EC0-301F-11D3-BF4B-00C04F79EFBC}") = "MPfm.iOS", "MPfm.iOS\MPfm.iOS.csproj", "{BEA91CF6-4564-41F8-8A8C-8267E5CC046B}"
EndProject
Project("{FAE04EC0-301F-11D3-BF4B-00C04F79EFBC}") = "MPfm.Core.iOS", "MPfm.Core\MPfm.Core.iOS.csproj", "{D536FDE5-989E-4979-9B39-63621AE4A205}"
EndProject
Project("{FAE04EC0-301F-11D3-BF4B-00C04F79EFBC}") = "MPfm.Sound.iOS", "MPfm.Sound\MPfm.Sound.iOS.csproj", "{D92F718E-9A24-4B8B-9E40-77F93CF89EAE}"
EndProject
Project("{FAE04EC0-301F-11D3-BF4B-00C04F79EFBC}") = "MPfm.Player.iOS", "MPfm.Player\MPfm.Player.iOS.csproj", "{FEB7497C-784C-4380-874F-46FD93C82BA1}"
EndProject
Project("{FAE04EC0-301F-11D3-BF4B-00C04F79EFBC}") = "MPfm.Library.iOS", "MPfm.Library\MPfm.Library.iOS.csproj", "{2A62D229-D7FC-41DA-B676-BB1371659BFB}"
EndProject
Project("{FAE04EC0-301F-11D3-BF4B-00C04F79EFBC}") = "MPfm.MVP.iOS", "MPfm.MVP\MPfm.MVP.iOS.csproj", "{B6B0613C-FF39-479D-9EF0-31DAF9684A06}"
EndProject
Global
	GlobalSection(SolutionConfigurationPlatforms) = preSolution
		Debug|iPhoneSimulator = Debug|iPhoneSimulator
		Release|iPhoneSimulator = Release|iPhoneSimulator
		Debug|iPhone = Debug|iPhone
		Release|iPhone = Release|iPhone
		Ad-Hoc|iPhone = Ad-Hoc|iPhone
		AppStore|iPhone = AppStore|iPhone
		Debug_Linux|Any CPU = Debug_Linux|Any CPU
		Debug_MacOSX|Any CPU = Debug_MacOSX|Any CPU
		Release_MacOSX|Any CPU = Release_MacOSX|Any CPU
		Release_Linux|Any CPU = Release_Linux|Any CPU
	EndGlobalSection
	GlobalSection(ProjectConfigurationPlatforms) = postSolution
		{2A62D229-D7FC-41DA-B676-BB1371659BFB}.Ad-Hoc|iPhone.ActiveCfg = Ad-Hoc|iPhone
		{2A62D229-D7FC-41DA-B676-BB1371659BFB}.Ad-Hoc|iPhone.Build.0 = Ad-Hoc|iPhone
		{2A62D229-D7FC-41DA-B676-BB1371659BFB}.AppStore|iPhone.ActiveCfg = AppStore|iPhone
		{2A62D229-D7FC-41DA-B676-BB1371659BFB}.AppStore|iPhone.Build.0 = AppStore|iPhone
		{2A62D229-D7FC-41DA-B676-BB1371659BFB}.Debug_Linux|Any CPU.ActiveCfg = Debug_Linux|Any CPU
		{2A62D229-D7FC-41DA-B676-BB1371659BFB}.Debug_Linux|Any CPU.Build.0 = Debug_Linux|Any CPU
		{2A62D229-D7FC-41DA-B676-BB1371659BFB}.Debug_MacOSX|Any CPU.ActiveCfg = Debug_MacOSX|Any CPU
		{2A62D229-D7FC-41DA-B676-BB1371659BFB}.Debug_MacOSX|Any CPU.Build.0 = Debug_MacOSX|Any CPU
		{2A62D229-D7FC-41DA-B676-BB1371659BFB}.Debug|iPhone.ActiveCfg = Debug|iPhone
		{2A62D229-D7FC-41DA-B676-BB1371659BFB}.Debug|iPhone.Build.0 = Debug|iPhone
		{2A62D229-D7FC-41DA-B676-BB1371659BFB}.Debug|iPhoneSimulator.ActiveCfg = Debug|iPhoneSimulator
		{2A62D229-D7FC-41DA-B676-BB1371659BFB}.Debug|iPhoneSimulator.Build.0 = Debug|iPhoneSimulator
		{2A62D229-D7FC-41DA-B676-BB1371659BFB}.Release_Linux|Any CPU.ActiveCfg = Release_Linux|Any CPU
		{2A62D229-D7FC-41DA-B676-BB1371659BFB}.Release_Linux|Any CPU.Build.0 = Release_Linux|Any CPU
		{2A62D229-D7FC-41DA-B676-BB1371659BFB}.Release_MacOSX|Any CPU.ActiveCfg = Release_MacOSX|Any CPU
		{2A62D229-D7FC-41DA-B676-BB1371659BFB}.Release_MacOSX|Any CPU.Build.0 = Release_MacOSX|Any CPU
		{2A62D229-D7FC-41DA-B676-BB1371659BFB}.Release|iPhone.ActiveCfg = Release|iPhone
		{2A62D229-D7FC-41DA-B676-BB1371659BFB}.Release|iPhone.Build.0 = Release|iPhone
		{2A62D229-D7FC-41DA-B676-BB1371659BFB}.Release|iPhoneSimulator.ActiveCfg = Release|iPhoneSimulator
		{2A62D229-D7FC-41DA-B676-BB1371659BFB}.Release|iPhoneSimulator.Build.0 = Release|iPhoneSimulator
		{B6B0613C-FF39-479D-9EF0-31DAF9684A06}.Ad-Hoc|iPhone.ActiveCfg = Ad-Hoc|iPhone
		{B6B0613C-FF39-479D-9EF0-31DAF9684A06}.Ad-Hoc|iPhone.Build.0 = Ad-Hoc|iPhone
		{B6B0613C-FF39-479D-9EF0-31DAF9684A06}.AppStore|iPhone.ActiveCfg = AppStore|iPhone
		{B6B0613C-FF39-479D-9EF0-31DAF9684A06}.AppStore|iPhone.Build.0 = AppStore|iPhone
		{B6B0613C-FF39-479D-9EF0-31DAF9684A06}.Debug_Linux|Any CPU.ActiveCfg = Debug_Linux|Any CPU
		{B6B0613C-FF39-479D-9EF0-31DAF9684A06}.Debug_Linux|Any CPU.Build.0 = Debug_Linux|Any CPU
		{B6B0613C-FF39-479D-9EF0-31DAF9684A06}.Debug_MacOSX|Any CPU.ActiveCfg = Debug_MacOSX|Any CPU
		{B6B0613C-FF39-479D-9EF0-31DAF9684A06}.Debug_MacOSX|Any CPU.Build.0 = Debug_MacOSX|Any CPU
		{B6B0613C-FF39-479D-9EF0-31DAF9684A06}.Debug|iPhone.ActiveCfg = Debug|iPhone
		{B6B0613C-FF39-479D-9EF0-31DAF9684A06}.Debug|iPhone.Build.0 = Debug|iPhone
		{B6B0613C-FF39-479D-9EF0-31DAF9684A06}.Debug|iPhoneSimulator.ActiveCfg = Debug|iPhoneSimulator
		{B6B0613C-FF39-479D-9EF0-31DAF9684A06}.Debug|iPhoneSimulator.Build.0 = Debug|iPhoneSimulator
		{B6B0613C-FF39-479D-9EF0-31DAF9684A06}.Release_Linux|Any CPU.ActiveCfg = Release_Linux|Any CPU
		{B6B0613C-FF39-479D-9EF0-31DAF9684A06}.Release_Linux|Any CPU.Build.0 = Release_Linux|Any CPU
		{B6B0613C-FF39-479D-9EF0-31DAF9684A06}.Release_MacOSX|Any CPU.ActiveCfg = Release_MacOSX|Any CPU
		{B6B0613C-FF39-479D-9EF0-31DAF9684A06}.Release_MacOSX|Any CPU.Build.0 = Release_MacOSX|Any CPU
		{B6B0613C-FF39-479D-9EF0-31DAF9684A06}.Release|iPhone.ActiveCfg = Release|iPhone
		{B6B0613C-FF39-479D-9EF0-31DAF9684A06}.Release|iPhone.Build.0 = Release|iPhone
		{B6B0613C-FF39-479D-9EF0-31DAF9684A06}.Release|iPhoneSimulator.ActiveCfg = Release|iPhoneSimulator
		{B6B0613C-FF39-479D-9EF0-31DAF9684A06}.Release|iPhoneSimulator.Build.0 = Release|iPhoneSimulator
		{BEA91CF6-4564-41F8-8A8C-8267E5CC046B}.Ad-Hoc|iPhone.ActiveCfg = Ad-Hoc|iPhone
		{BEA91CF6-4564-41F8-8A8C-8267E5CC046B}.Ad-Hoc|iPhone.Build.0 = Ad-Hoc|iPhone
		{BEA91CF6-4564-41F8-8A8C-8267E5CC046B}.AppStore|iPhone.ActiveCfg = AppStore|iPhone
		{BEA91CF6-4564-41F8-8A8C-8267E5CC046B}.AppStore|iPhone.Build.0 = AppStore|iPhone
		{BEA91CF6-4564-41F8-8A8C-8267E5CC046B}.Debug|iPhone.ActiveCfg = Debug|iPhone
		{BEA91CF6-4564-41F8-8A8C-8267E5CC046B}.Debug|iPhone.Build.0 = Debug|iPhone
		{BEA91CF6-4564-41F8-8A8C-8267E5CC046B}.Debug|iPhoneSimulator.ActiveCfg = Debug|iPhoneSimulator
		{BEA91CF6-4564-41F8-8A8C-8267E5CC046B}.Debug|iPhoneSimulator.Build.0 = Debug|iPhoneSimulator
		{BEA91CF6-4564-41F8-8A8C-8267E5CC046B}.Release|iPhone.ActiveCfg = Release|iPhone
		{BEA91CF6-4564-41F8-8A8C-8267E5CC046B}.Release|iPhone.Build.0 = Release|iPhone
		{BEA91CF6-4564-41F8-8A8C-8267E5CC046B}.Release|iPhoneSimulator.ActiveCfg = Release|iPhoneSimulator
		{BEA91CF6-4564-41F8-8A8C-8267E5CC046B}.Release|iPhoneSimulator.Build.0 = Release|iPhoneSimulator
		{D536FDE5-989E-4979-9B39-63621AE4A205}.Ad-Hoc|iPhone.ActiveCfg = Ad-Hoc|iPhone
		{D536FDE5-989E-4979-9B39-63621AE4A205}.Ad-Hoc|iPhone.Build.0 = Ad-Hoc|iPhone
		{D536FDE5-989E-4979-9B39-63621AE4A205}.AppStore|iPhone.ActiveCfg = AppStore|iPhone
		{D536FDE5-989E-4979-9B39-63621AE4A205}.AppStore|iPhone.Build.0 = AppStore|iPhone
		{D536FDE5-989E-4979-9B39-63621AE4A205}.Debug_Linux|Any CPU.ActiveCfg = Debug_Linux|Any CPU
		{D536FDE5-989E-4979-9B39-63621AE4A205}.Debug_Linux|Any CPU.Build.0 = Debug_Linux|Any CPU
		{D536FDE5-989E-4979-9B39-63621AE4A205}.Debug_MacOSX|Any CPU.ActiveCfg = Debug_MacOSX|Any CPU
		{D536FDE5-989E-4979-9B39-63621AE4A205}.Debug_MacOSX|Any CPU.Build.0 = Debug_MacOSX|Any CPU
		{D536FDE5-989E-4979-9B39-63621AE4A205}.Debug|iPhone.ActiveCfg = Debug|iPhone
		{D536FDE5-989E-4979-9B39-63621AE4A205}.Debug|iPhone.Build.0 = Debug|iPhone
		{D536FDE5-989E-4979-9B39-63621AE4A205}.Debug|iPhoneSimulator.ActiveCfg = Debug|iPhoneSimulator
		{D536FDE5-989E-4979-9B39-63621AE4A205}.Debug|iPhoneSimulator.Build.0 = Debug|iPhoneSimulator
		{D536FDE5-989E-4979-9B39-63621AE4A205}.Release_Linux|Any CPU.ActiveCfg = Release_Linux|Any CPU
		{D536FDE5-989E-4979-9B39-63621AE4A205}.Release_Linux|Any CPU.Build.0 = Release_Linux|Any CPU
		{D536FDE5-989E-4979-9B39-63621AE4A205}.Release_MacOSX|Any CPU.ActiveCfg = Release_MacOSX|Any CPU
		{D536FDE5-989E-4979-9B39-63621AE4A205}.Release_MacOSX|Any CPU.Build.0 = Release_MacOSX|Any CPU
		{D536FDE5-989E-4979-9B39-63621AE4A205}.Release|iPhone.ActiveCfg = Release|iPhone
		{D536FDE5-989E-4979-9B39-63621AE4A205}.Release|iPhone.Build.0 = Release|iPhone
		{D536FDE5-989E-4979-9B39-63621AE4A205}.Release|iPhoneSimulator.ActiveCfg = Release|iPhoneSimulator
		{D536FDE5-989E-4979-9B39-63621AE4A205}.Release|iPhoneSimulator.Build.0 = Release|iPhoneSimulator
		{D92F718E-9A24-4B8B-9E40-77F93CF89EAE}.Ad-Hoc|iPhone.ActiveCfg = Ad-Hoc|iPhone
		{D92F718E-9A24-4B8B-9E40-77F93CF89EAE}.Ad-Hoc|iPhone.Build.0 = Ad-Hoc|iPhone
		{D92F718E-9A24-4B8B-9E40-77F93CF89EAE}.AppStore|iPhone.ActiveCfg = AppStore|iPhone
		{D92F718E-9A24-4B8B-9E40-77F93CF89EAE}.AppStore|iPhone.Build.0 = AppStore|iPhone
		{D92F718E-9A24-4B8B-9E40-77F93CF89EAE}.Debug_Linux|Any CPU.ActiveCfg = Debug_Linux|Any CPU
		{D92F718E-9A24-4B8B-9E40-77F93CF89EAE}.Debug_Linux|Any CPU.Build.0 = Debug_Linux|Any CPU
		{D92F718E-9A24-4B8B-9E40-77F93CF89EAE}.Debug_MacOSX|Any CPU.ActiveCfg = Debug_MacOSX|Any CPU
		{D92F718E-9A24-4B8B-9E40-77F93CF89EAE}.Debug_MacOSX|Any CPU.Build.0 = Debug_MacOSX|Any CPU
		{D92F718E-9A24-4B8B-9E40-77F93CF89EAE}.Debug|iPhone.ActiveCfg = Debug|iPhone
		{D92F718E-9A24-4B8B-9E40-77F93CF89EAE}.Debug|iPhone.Build.0 = Debug|iPhone
		{D92F718E-9A24-4B8B-9E40-77F93CF89EAE}.Debug|iPhoneSimulator.ActiveCfg = Debug|iPhoneSimulator
		{D92F718E-9A24-4B8B-9E40-77F93CF89EAE}.Debug|iPhoneSimulator.Build.0 = Debug|iPhoneSimulator
		{D92F718E-9A24-4B8B-9E40-77F93CF89EAE}.Release_Linux|Any CPU.ActiveCfg = Release_Linux|Any CPU
		{D92F718E-9A24-4B8B-9E40-77F93CF89EAE}.Release_Linux|Any CPU.Build.0 = Release_Linux|Any CPU
		{D92F718E-9A24-4B8B-9E40-77F93CF89EAE}.Release_MacOSX|Any CPU.ActiveCfg = Release_MacOSX|Any CPU
		{D92F718E-9A24-4B8B-9E40-77F93CF89EAE}.Release_MacOSX|Any CPU.Build.0 = Release_MacOSX|Any CPU
		{D92F718E-9A24-4B8B-9E40-77F93CF89EAE}.Release|iPhone.ActiveCfg = Release|iPhone
		{D92F718E-9A24-4B8B-9E40-77F93CF89EAE}.Release|iPhone.Build.0 = Release|iPhone
		{D92F718E-9A24-4B8B-9E40-77F93CF89EAE}.Release|iPhoneSimulator.ActiveCfg = Release|iPhoneSimulator
		{D92F718E-9A24-4B8B-9E40-77F93CF89EAE}.Release|iPhoneSimulator.Build.0 = Release|iPhoneSimulator
		{FEB7497C-784C-4380-874F-46FD93C82BA1}.Ad-Hoc|iPhone.ActiveCfg = Ad-Hoc|iPhone
		{FEB7497C-784C-4380-874F-46FD93C82BA1}.Ad-Hoc|iPhone.Build.0 = Ad-Hoc|iPhone
		{FEB7497C-784C-4380-874F-46FD93C82BA1}.AppStore|iPhone.ActiveCfg = AppStore|iPhone
		{FEB7497C-784C-4380-874F-46FD93C82BA1}.AppStore|iPhone.Build.0 = AppStore|iPhone
		{FEB7497C-784C-4380-874F-46FD93C82BA1}.Debug_Linux|Any CPU.ActiveCfg = Debug_Linux|Any CPU
		{FEB7497C-784C-4380-874F-46FD93C82BA1}.Debug_Linux|Any CPU.Build.0 = Debug_Linux|Any CPU
		{FEB7497C-784C-4380-874F-46FD93C82BA1}.Debug_MacOSX|Any CPU.ActiveCfg = Debug_MacOSX|Any CPU
		{FEB7497C-784C-4380-874F-46FD93C82BA1}.Debug_MacOSX|Any CPU.Build.0 = Debug_MacOSX|Any CPU
		{FEB7497C-784C-4380-874F-46FD93C82BA1}.Debug|iPhone.ActiveCfg = Debug|iPhone
		{FEB7497C-784C-4380-874F-46FD93C82BA1}.Debug|iPhone.Build.0 = Debug|iPhone
		{FEB7497C-784C-4380-874F-46FD93C82BA1}.Debug|iPhoneSimulator.ActiveCfg = Debug|iPhoneSimulator
		{FEB7497C-784C-4380-874F-46FD93C82BA1}.Debug|iPhoneSimulator.Build.0 = Debug|iPhoneSimulator
		{FEB7497C-784C-4380-874F-46FD93C82BA1}.Release_Linux|Any CPU.ActiveCfg = Release_Linux|Any CPU
		{FEB7497C-784C-4380-874F-46FD93C82BA1}.Release_Linux|Any CPU.Build.0 = Release_Linux|Any CPU
		{FEB7497C-784C-4380-874F-46FD93C82BA1}.Release_MacOSX|Any CPU.ActiveCfg = Release_MacOSX|Any CPU
		{FEB7497C-784C-4380-874F-46FD93C82BA1}.Release_MacOSX|Any CPU.Build.0 = Release_MacOSX|Any CPU
		{FEB7497C-784C-4380-874F-46FD93C82BA1}.Release|iPhone.ActiveCfg = Release|iPhone
		{FEB7497C-784C-4380-874F-46FD93C82BA1}.Release|iPhone.Build.0 = Release|iPhone
		{FEB7497C-784C-4380-874F-46FD93C82BA1}.Release|iPhoneSimulator.ActiveCfg = Release|iPhoneSimulator
		{FEB7497C-784C-4380-874F-46FD93C82BA1}.Release|iPhoneSimulator.Build.0 = Release|iPhoneSimulator
	EndGlobalSection
	GlobalSection(MonoDevelopProperties) = preSolution
		StartupItem = MPfm.iOS.csproj
	EndGlobalSection
EndGlobal
