// !$*UTF8*$!
{
	archiveVersion = 1;
	classes = {
	};
	objectVersion = 46;
	objects = {

/* Begin PBXBuildFile section */
		911903D6157DA75500F18551 /* AudioToolbox.framework in Frameworks */ = {isa = PBXBuildFile; fileRef = 911903D5157DA75500F18551 /* AudioToolbox.framework */; };
		911903D9157DA75F00F18551 /* SystemConfiguration.framework in Frameworks */ = {isa = PBXBuildFile; fileRef = 911903D8157DA75F00F18551 /* SystemConfiguration.framework */; };
		911903DB157DA76800F18551 /* CFNetwork.framework in Frameworks */ = {isa = PBXBuildFile; fileRef = 911903DA157DA76800F18551 /* CFNetwork.framework */; };
		911903DD157DA76F00F18551 /* CoreMIDI.framework in Frameworks */ = {isa = PBXBuildFile; fileRef = 911903DC157DA76F00F18551 /* CoreMIDI.framework */; };
		915188991579D3D800C5B3B8 /* UIKit.framework in Frameworks */ = {isa = PBXBuildFile; fileRef = 915188981579D3D800C5B3B8 /* UIKit.framework */; };
		9151889B1579D3D800C5B3B8 /* Foundation.framework in Frameworks */ = {isa = PBXBuildFile; fileRef = 9151889A1579D3D800C5B3B8 /* Foundation.framework */; };
		9151889D1579D3D800C5B3B8 /* CoreGraphics.framework in Frameworks */ = {isa = PBXBuildFile; fileRef = 9151889C1579D3D800C5B3B8 /* CoreGraphics.framework */; };
		915188A31579D3D800C5B3B8 /* InfoPlist.strings in Resources */ = {isa = PBXBuildFile; fileRef = 915188A11579D3D800C5B3B8 /* InfoPlist.strings */; };
		915188A51579D3D800C5B3B8 /* main.m in Sources */ = {isa = PBXBuildFile; fileRef = 915188A41579D3D800C5B3B8 /* main.m */; };
		915188A91579D3D800C5B3B8 /* MPfmAppDelegate.m in Sources */ = {isa = PBXBuildFile; fileRef = 915188A81579D3D800C5B3B8 /* MPfmAppDelegate.m */; };
		915188AC1579D3D800C5B3B8 /* MainStoryboard_iPhone.storyboard in Resources */ = {isa = PBXBuildFile; fileRef = 915188AA1579D3D800C5B3B8 /* MainStoryboard_iPhone.storyboard */; };
		915188AF1579D3D800C5B3B8 /* MainStoryboard_iPad.storyboard in Resources */ = {isa = PBXBuildFile; fileRef = 915188AD1579D3D800C5B3B8 /* MainStoryboard_iPad.storyboard */; };
		915188B21579D3D800C5B3B8 /* MPfmPlayerViewController.m in Sources */ = {isa = PBXBuildFile; fileRef = 915188B11579D3D800C5B3B8 /* MPfmPlayerViewController.m */; };
		915188B41579D3D800C5B3B8 /* first.png in Resources */ = {isa = PBXBuildFile; fileRef = 915188B31579D3D800C5B3B8 /* first.png */; };
		915188B61579D3D800C5B3B8 /* first@2x.png in Resources */ = {isa = PBXBuildFile; fileRef = 915188B51579D3D800C5B3B8 /* first@2x.png */; };
		915188B91579D3D800C5B3B8 /* MPfmLibraryBrowserViewController.m in Sources */ = {isa = PBXBuildFile; fileRef = 915188B81579D3D800C5B3B8 /* MPfmLibraryBrowserViewController.m */; };
		915188BB1579D3D800C5B3B8 /* second.png in Resources */ = {isa = PBXBuildFile; fileRef = 915188BA1579D3D800C5B3B8 /* second.png */; };
		915188BD1579D3D800C5B3B8 /* second@2x.png in Resources */ = {isa = PBXBuildFile; fileRef = 915188BC1579D3D800C5B3B8 /* second@2x.png */; };
		915188C51579D3D800C5B3B8 /* SenTestingKit.framework in Frameworks */ = {isa = PBXBuildFile; fileRef = 915188C41579D3D800C5B3B8 /* SenTestingKit.framework */; };
		915188C61579D3D800C5B3B8 /* UIKit.framework in Frameworks */ = {isa = PBXBuildFile; fileRef = 915188981579D3D800C5B3B8 /* UIKit.framework */; };
		915188C71579D3D800C5B3B8 /* Foundation.framework in Frameworks */ = {isa = PBXBuildFile; fileRef = 9151889A1579D3D800C5B3B8 /* Foundation.framework */; };
		915188CF1579D3D800C5B3B8 /* InfoPlist.strings in Resources */ = {isa = PBXBuildFile; fileRef = 915188CD1579D3D800C5B3B8 /* InfoPlist.strings */; };
		915188D21579D3D800C5B3B8 /* MPfmTests.m in Sources */ = {isa = PBXBuildFile; fileRef = 915188D11579D3D800C5B3B8 /* MPfmTests.m */; };
		915188DE1579D52700C5B3B8 /* MPfmPlayer.m in Sources */ = {isa = PBXBuildFile; fileRef = 915188DD1579D52700C5B3B8 /* MPfmPlayer.m */; };
		915188DF1579D52700C5B3B8 /* MPfmPlayer.m in Sources */ = {isa = PBXBuildFile; fileRef = 915188DD1579D52700C5B3B8 /* MPfmPlayer.m */; };
		915188E71579DB6C00C5B3B8 /* PlayerView.xib in Resources */ = {isa = PBXBuildFile; fileRef = 915188E61579DB6C00C5B3B8 /* PlayerView.xib */; };
		915188E81579DB6C00C5B3B8 /* PlayerView.xib in Resources */ = {isa = PBXBuildFile; fileRef = 915188E61579DB6C00C5B3B8 /* PlayerView.xib */; };
		915188F21579DF8C00C5B3B8 /* MPfmViewController.m in Sources */ = {isa = PBXBuildFile; fileRef = 915188F01579DF8B00C5B3B8 /* MPfmViewController.m */; };
		915188F31579DF8C00C5B3B8 /* MPfmViewController.m in Sources */ = {isa = PBXBuildFile; fileRef = 915188F01579DF8B00C5B3B8 /* MPfmViewController.m */; };
		915188F41579DF8C00C5B3B8 /* MPfmViewController.xib in Resources */ = {isa = PBXBuildFile; fileRef = 915188F11579DF8B00C5B3B8 /* MPfmViewController.xib */; };
		915188F51579DF8C00C5B3B8 /* MPfmViewController.xib in Resources */ = {isa = PBXBuildFile; fileRef = 915188F11579DF8B00C5B3B8 /* MPfmViewController.xib */; };
		91E581EC157D86B500F536E1 /* libbass.a in Frameworks */ = {isa = PBXBuildFile; fileRef = 91E581EB157D86B500F536E1 /* libbass.a */; };
		91E581EE157D86C600F536E1 /* libbassflac.a in Frameworks */ = {isa = PBXBuildFile; fileRef = 91E581ED157D86C600F536E1 /* libbassflac.a */; };
		91E581F0157D86D400F536E1 /* libbasswv.a in Frameworks */ = {isa = PBXBuildFile; fileRef = 91E581EF157D86D400F536E1 /* libbasswv.a */; };
		91E581F2157D86F100F536E1 /* libbass_fx.a in Frameworks */ = {isa = PBXBuildFile; fileRef = 91E581F1157D86F100F536E1 /* libbass_fx.a */; };
/* End PBXBuildFile section */

/* Begin PBXContainerItemProxy section */
		915188C81579D3D800C5B3B8 /* PBXContainerItemProxy */ = {
			isa = PBXContainerItemProxy;
			containerPortal = 9151888B1579D3D800C5B3B8 /* Project object */;
			proxyType = 1;
			remoteGlobalIDString = 915188931579D3D800C5B3B8;
			remoteInfo = MPfm;
		};
/* End PBXContainerItemProxy section */

/* Begin PBXFileReference section */
		911903D5157DA75500F18551 /* AudioToolbox.framework */ = {isa = PBXFileReference; lastKnownFileType = wrapper.framework; name = AudioToolbox.framework; path = System/Library/Frameworks/AudioToolbox.framework; sourceTree = SDKROOT; };
		911903D8157DA75F00F18551 /* SystemConfiguration.framework */ = {isa = PBXFileReference; lastKnownFileType = wrapper.framework; name = SystemConfiguration.framework; path = System/Library/Frameworks/SystemConfiguration.framework; sourceTree = SDKROOT; };
		911903DA157DA76800F18551 /* CFNetwork.framework */ = {isa = PBXFileReference; lastKnownFileType = wrapper.framework; name = CFNetwork.framework; path = System/Library/Frameworks/CFNetwork.framework; sourceTree = SDKROOT; };
		911903DC157DA76F00F18551 /* CoreMIDI.framework */ = {isa = PBXFileReference; lastKnownFileType = wrapper.framework; name = CoreMIDI.framework; path = System/Library/Frameworks/CoreMIDI.framework; sourceTree = SDKROOT; };
		915188941579D3D800C5B3B8 /* MPfm.app */ = {isa = PBXFileReference; explicitFileType = wrapper.application; includeInIndex = 0; path = MPfm.app; sourceTree = BUILT_PRODUCTS_DIR; };
		915188981579D3D800C5B3B8 /* UIKit.framework */ = {isa = PBXFileReference; lastKnownFileType = wrapper.framework; name = UIKit.framework; path = System/Library/Frameworks/UIKit.framework; sourceTree = SDKROOT; };
		9151889A1579D3D800C5B3B8 /* Foundation.framework */ = {isa = PBXFileReference; lastKnownFileType = wrapper.framework; name = Foundation.framework; path = System/Library/Frameworks/Foundation.framework; sourceTree = SDKROOT; };
		9151889C1579D3D800C5B3B8 /* CoreGraphics.framework */ = {isa = PBXFileReference; lastKnownFileType = wrapper.framework; name = CoreGraphics.framework; path = System/Library/Frameworks/CoreGraphics.framework; sourceTree = SDKROOT; };
		915188A01579D3D800C5B3B8 /* MPfm-Info.plist */ = {isa = PBXFileReference; lastKnownFileType = text.plist.xml; path = "MPfm-Info.plist"; sourceTree = "<group>"; };
		915188A21579D3D800C5B3B8 /* en */ = {isa = PBXFileReference; lastKnownFileType = text.plist.strings; name = en; path = en.lproj/InfoPlist.strings; sourceTree = "<group>"; };
		915188A41579D3D800C5B3B8 /* main.m */ = {isa = PBXFileReference; lastKnownFileType = sourcecode.c.objc; path = main.m; sourceTree = "<group>"; };
		915188A61579D3D800C5B3B8 /* MPfm-Prefix.pch */ = {isa = PBXFileReference; lastKnownFileType = sourcecode.c.h; path = "MPfm-Prefix.pch"; sourceTree = "<group>"; };
		915188A71579D3D800C5B3B8 /* MPfmAppDelegate.h */ = {isa = PBXFileReference; lastKnownFileType = sourcecode.c.h; path = MPfmAppDelegate.h; sourceTree = "<group>"; };
		915188A81579D3D800C5B3B8 /* MPfmAppDelegate.m */ = {isa = PBXFileReference; lastKnownFileType = sourcecode.c.objc; path = MPfmAppDelegate.m; sourceTree = "<group>"; };
		915188AB1579D3D800C5B3B8 /* en */ = {isa = PBXFileReference; lastKnownFileType = file.storyboard; name = en; path = en.lproj/MainStoryboard_iPhone.storyboard; sourceTree = "<group>"; };
		915188AE1579D3D800C5B3B8 /* en */ = {isa = PBXFileReference; lastKnownFileType = file.storyboard; name = en; path = en.lproj/MainStoryboard_iPad.storyboard; sourceTree = "<group>"; };
		915188B01579D3D800C5B3B8 /* MPfmPlayerViewController.h */ = {isa = PBXFileReference; lastKnownFileType = sourcecode.c.h; path = MPfmPlayerViewController.h; sourceTree = "<group>"; };
		915188B11579D3D800C5B3B8 /* MPfmPlayerViewController.m */ = {isa = PBXFileReference; lastKnownFileType = sourcecode.c.objc; path = MPfmPlayerViewController.m; sourceTree = "<group>"; };
		915188B31579D3D800C5B3B8 /* first.png */ = {isa = PBXFileReference; lastKnownFileType = image.png; path = first.png; sourceTree = "<group>"; };
		915188B51579D3D800C5B3B8 /* first@2x.png */ = {isa = PBXFileReference; lastKnownFileType = image.png; path = "first@2x.png"; sourceTree = "<group>"; };
		915188B71579D3D800C5B3B8 /* MPfmLibraryBrowserViewController.h */ = {isa = PBXFileReference; lastKnownFileType = sourcecode.c.h; path = MPfmLibraryBrowserViewController.h; sourceTree = "<group>"; };
		915188B81579D3D800C5B3B8 /* MPfmLibraryBrowserViewController.m */ = {isa = PBXFileReference; lastKnownFileType = sourcecode.c.objc; path = MPfmLibraryBrowserViewController.m; sourceTree = "<group>"; };
		915188BA1579D3D800C5B3B8 /* second.png */ = {isa = PBXFileReference; lastKnownFileType = image.png; path = second.png; sourceTree = "<group>"; };
		915188BC1579D3D800C5B3B8 /* second@2x.png */ = {isa = PBXFileReference; lastKnownFileType = image.png; path = "second@2x.png"; sourceTree = "<group>"; };
		915188C31579D3D800C5B3B8 /* MPfmTests.octest */ = {isa = PBXFileReference; explicitFileType = wrapper.cfbundle; includeInIndex = 0; path = MPfmTests.octest; sourceTree = BUILT_PRODUCTS_DIR; };
		915188C41579D3D800C5B3B8 /* SenTestingKit.framework */ = {isa = PBXFileReference; lastKnownFileType = wrapper.framework; name = SenTestingKit.framework; path = Library/Frameworks/SenTestingKit.framework; sourceTree = DEVELOPER_DIR; };
		915188CC1579D3D800C5B3B8 /* MPfmTests-Info.plist */ = {isa = PBXFileReference; lastKnownFileType = text.plist.xml; path = "MPfmTests-Info.plist"; sourceTree = "<group>"; };
		915188CE1579D3D800C5B3B8 /* en */ = {isa = PBXFileReference; lastKnownFileType = text.plist.strings; name = en; path = en.lproj/InfoPlist.strings; sourceTree = "<group>"; };
		915188D01579D3D800C5B3B8 /* MPfmTests.h */ = {isa = PBXFileReference; lastKnownFileType = sourcecode.c.h; path = MPfmTests.h; sourceTree = "<group>"; };
		915188D11579D3D800C5B3B8 /* MPfmTests.m */ = {isa = PBXFileReference; lastKnownFileType = sourcecode.c.objc; path = MPfmTests.m; sourceTree = "<group>"; };
		915188DC1579D52700C5B3B8 /* MPfmPlayer.h */ = {isa = PBXFileReference; fileEncoding = 4; lastKnownFileType = sourcecode.c.h; path = MPfmPlayer.h; sourceTree = "<group>"; };
		915188DD1579D52700C5B3B8 /* MPfmPlayer.m */ = {isa = PBXFileReference; fileEncoding = 4; lastKnownFileType = sourcecode.c.objc; path = MPfmPlayer.m; sourceTree = "<group>"; };
		915188E61579DB6C00C5B3B8 /* PlayerView.xib */ = {isa = PBXFileReference; fileEncoding = 4; lastKnownFileType = file.xib; name = PlayerView.xib; path = iPhone/Views/PlayerView.xib; sourceTree = SOURCE_ROOT; };
		915188EF1579DF8B00C5B3B8 /* MPfmViewController.h */ = {isa = PBXFileReference; fileEncoding = 4; lastKnownFileType = sourcecode.c.h; path = MPfmViewController.h; sourceTree = "<group>"; };
		915188F01579DF8B00C5B3B8 /* MPfmViewController.m */ = {isa = PBXFileReference; fileEncoding = 4; lastKnownFileType = sourcecode.c.objc; path = MPfmViewController.m; sourceTree = "<group>"; };
		915188F11579DF8B00C5B3B8 /* MPfmViewController.xib */ = {isa = PBXFileReference; fileEncoding = 4; lastKnownFileType = file.xib; path = MPfmViewController.xib; sourceTree = "<group>"; };
		91641A87157DA4E00035728D /* bass.h */ = {isa = PBXFileReference; fileEncoding = 4; lastKnownFileType = sourcecode.c.h; path = bass.h; sourceTree = "<group>"; };
		91E581EB157D86B500F536E1 /* libbass.a */ = {isa = PBXFileReference; lastKnownFileType = archive.ar; name = libbass.a; path = "../../../../Downloads/bass24-iphone/libbass.a"; sourceTree = "<group>"; };
		91E581ED157D86C600F536E1 /* libbassflac.a */ = {isa = PBXFileReference; lastKnownFileType = archive.ar; name = libbassflac.a; path = "../../../../Downloads/bass24-iphone/bassflac/libbassflac.a"; sourceTree = "<group>"; };
		91E581EF157D86D400F536E1 /* libbasswv.a */ = {isa = PBXFileReference; lastKnownFileType = archive.ar; name = libbasswv.a; path = "../../../../Downloads/bass24-iphone/basswv/libbasswv.a"; sourceTree = "<group>"; };
		91E581F1157D86F100F536E1 /* libbass_fx.a */ = {isa = PBXFileReference; lastKnownFileType = archive.ar; name = libbass_fx.a; path = "../../../../Downloads/bass_fx24-iphone/libbass_fx.a"; sourceTree = "<group>"; };
/* End PBXFileReference section */

/* Begin PBXFrameworksBuildPhase section */
		915188911579D3D800C5B3B8 /* Frameworks */ = {
			isa = PBXFrameworksBuildPhase;
			buildActionMask = 2147483647;
			files = (
				911903DD157DA76F00F18551 /* CoreMIDI.framework in Frameworks */,
				911903DB157DA76800F18551 /* CFNetwork.framework in Frameworks */,
				911903D9157DA75F00F18551 /* SystemConfiguration.framework in Frameworks */,
				911903D6157DA75500F18551 /* AudioToolbox.framework in Frameworks */,
				91E581F2157D86F100F536E1 /* libbass_fx.a in Frameworks */,
				91E581F0157D86D400F536E1 /* libbasswv.a in Frameworks */,
				91E581EE157D86C600F536E1 /* libbassflac.a in Frameworks */,
				91E581EC157D86B500F536E1 /* libbass.a in Frameworks */,
				915188991579D3D800C5B3B8 /* UIKit.framework in Frameworks */,
				9151889B1579D3D800C5B3B8 /* Foundation.framework in Frameworks */,
				9151889D1579D3D800C5B3B8 /* CoreGraphics.framework in Frameworks */,
			);
			runOnlyForDeploymentPostprocessing = 0;
		};
		915188BF1579D3D800C5B3B8 /* Frameworks */ = {
			isa = PBXFrameworksBuildPhase;
			buildActionMask = 2147483647;
			files = (
				915188C51579D3D800C5B3B8 /* SenTestingKit.framework in Frameworks */,
				915188C61579D3D800C5B3B8 /* UIKit.framework in Frameworks */,
				915188C71579D3D800C5B3B8 /* Foundation.framework in Frameworks */,
			);
			runOnlyForDeploymentPostprocessing = 0;
		};
/* End PBXFrameworksBuildPhase section */

/* Begin PBXGroup section */
		915188891579D3D800C5B3B8 = {
			isa = PBXGroup;
			children = (
				915188EA1579DD3E00C5B3B8 /* Resources */,
				915188DB1579D4D500C5B3B8 /* Core */,
				9151889E1579D3D800C5B3B8 /* MPfm */,
				915188CA1579D3D800C5B3B8 /* MPfmTests */,
				915188971579D3D800C5B3B8 /* Frameworks */,
				915188951579D3D800C5B3B8 /* Products */,
			);
			sourceTree = "<group>";
		};
		915188951579D3D800C5B3B8 /* Products */ = {
			isa = PBXGroup;
			children = (
				915188941579D3D800C5B3B8 /* MPfm.app */,
				915188C31579D3D800C5B3B8 /* MPfmTests.octest */,
			);
			name = Products;
			sourceTree = "<group>";
		};
		915188971579D3D800C5B3B8 /* Frameworks */ = {
			isa = PBXGroup;
			children = (
				91641A85157DA4690035728D /* BASS */,
				911903DC157DA76F00F18551 /* CoreMIDI.framework */,
				911903DA157DA76800F18551 /* CFNetwork.framework */,
				911903D8157DA75F00F18551 /* SystemConfiguration.framework */,
				911903D5157DA75500F18551 /* AudioToolbox.framework */,
				915188981579D3D800C5B3B8 /* UIKit.framework */,
				9151889A1579D3D800C5B3B8 /* Foundation.framework */,
				9151889C1579D3D800C5B3B8 /* CoreGraphics.framework */,
				915188C41579D3D800C5B3B8 /* SenTestingKit.framework */,
			);
			name = Frameworks;
			sourceTree = "<group>";
		};
		9151889E1579D3D800C5B3B8 /* MPfm */ = {
			isa = PBXGroup;
			children = (
				915188E91579DD3100C5B3B8 /* iPad */,
				915188E41579DB5D00C5B3B8 /* iPhone */,
				915188A71579D3D800C5B3B8 /* MPfmAppDelegate.h */,
				915188A81579D3D800C5B3B8 /* MPfmAppDelegate.m */,
				915188B01579D3D800C5B3B8 /* MPfmPlayerViewController.h */,
				915188B11579D3D800C5B3B8 /* MPfmPlayerViewController.m */,
				915188B71579D3D800C5B3B8 /* MPfmLibraryBrowserViewController.h */,
				915188B81579D3D800C5B3B8 /* MPfmLibraryBrowserViewController.m */,
				9151889F1579D3D800C5B3B8 /* Supporting Files */,
				915188EF1579DF8B00C5B3B8 /* MPfmViewController.h */,
				915188F01579DF8B00C5B3B8 /* MPfmViewController.m */,
				915188F11579DF8B00C5B3B8 /* MPfmViewController.xib */,
			);
			path = MPfm;
			sourceTree = "<group>";
		};
		9151889F1579D3D800C5B3B8 /* Supporting Files */ = {
			isa = PBXGroup;
			children = (
				915188A01579D3D800C5B3B8 /* MPfm-Info.plist */,
				915188A11579D3D800C5B3B8 /* InfoPlist.strings */,
				915188A41579D3D800C5B3B8 /* main.m */,
				915188A61579D3D800C5B3B8 /* MPfm-Prefix.pch */,
			);
			name = "Supporting Files";
			sourceTree = "<group>";
		};
		915188CA1579D3D800C5B3B8 /* MPfmTests */ = {
			isa = PBXGroup;
			children = (
				915188D01579D3D800C5B3B8 /* MPfmTests.h */,
				915188D11579D3D800C5B3B8 /* MPfmTests.m */,
				915188CB1579D3D800C5B3B8 /* Supporting Files */,
			);
			path = MPfmTests;
			sourceTree = "<group>";
		};
		915188CB1579D3D800C5B3B8 /* Supporting Files */ = {
			isa = PBXGroup;
			children = (
				915188CC1579D3D800C5B3B8 /* MPfmTests-Info.plist */,
				915188CD1579D3D800C5B3B8 /* InfoPlist.strings */,
			);
			name = "Supporting Files";
			sourceTree = "<group>";
		};
		915188DB1579D4D500C5B3B8 /* Core */ = {
			isa = PBXGroup;
			children = (
				915188DC1579D52700C5B3B8 /* MPfmPlayer.h */,
				915188DD1579D52700C5B3B8 /* MPfmPlayer.m */,
			);
			path = Core;
			sourceTree = "<group>";
		};
		915188E41579DB5D00C5B3B8 /* iPhone */ = {
			isa = PBXGroup;
			children = (
				915188AA1579D3D800C5B3B8 /* MainStoryboard_iPhone.storyboard */,
				915188E51579DB6400C5B3B8 /* Views */,
			);
			name = iPhone;
			sourceTree = "<group>";
		};
		915188E51579DB6400C5B3B8 /* Views */ = {
			isa = PBXGroup;
			children = (
				915188E61579DB6C00C5B3B8 /* PlayerView.xib */,
			);
			name = Views;
			sourceTree = "<group>";
		};
		915188E91579DD3100C5B3B8 /* iPad */ = {
			isa = PBXGroup;
			children = (
				915188AD1579D3D800C5B3B8 /* MainStoryboard_iPad.storyboard */,
			);
			name = iPad;
			sourceTree = "<group>";
		};
		915188EA1579DD3E00C5B3B8 /* Resources */ = {
			isa = PBXGroup;
			children = (
				915188B31579D3D800C5B3B8 /* first.png */,
				915188B51579D3D800C5B3B8 /* first@2x.png */,
				915188BA1579D3D800C5B3B8 /* second.png */,
				915188BC1579D3D800C5B3B8 /* second@2x.png */,
			);
			path = Resources;
			sourceTree = "<group>";
		};
		91641A85157DA4690035728D /* BASS */ = {
			isa = PBXGroup;
			children = (
				91641A87157DA4E00035728D /* bass.h */,
				91E581F1157D86F100F536E1 /* libbass_fx.a */,
				91E581EF157D86D400F536E1 /* libbasswv.a */,
				91E581ED157D86C600F536E1 /* libbassflac.a */,
				91E581EB157D86B500F536E1 /* libbass.a */,
			);
			name = BASS;
			sourceTree = "<group>";
		};
/* End PBXGroup section */

/* Begin PBXNativeTarget section */
		915188931579D3D800C5B3B8 /* MPfm */ = {
			isa = PBXNativeTarget;
			buildConfigurationList = 915188D51579D3D800C5B3B8 /* Build configuration list for PBXNativeTarget "MPfm" */;
			buildPhases = (
				915188901579D3D800C5B3B8 /* Sources */,
				915188911579D3D800C5B3B8 /* Frameworks */,
				915188921579D3D800C5B3B8 /* Resources */,
			);
			buildRules = (
			);
			dependencies = (
			);
			name = MPfm;
			productName = MPfm;
			productReference = 915188941579D3D800C5B3B8 /* MPfm.app */;
			productType = "com.apple.product-type.application";
		};
		915188C21579D3D800C5B3B8 /* MPfmTests */ = {
			isa = PBXNativeTarget;
			buildConfigurationList = 915188D81579D3D800C5B3B8 /* Build configuration list for PBXNativeTarget "MPfmTests" */;
			buildPhases = (
				915188BE1579D3D800C5B3B8 /* Sources */,
				915188BF1579D3D800C5B3B8 /* Frameworks */,
				915188C01579D3D800C5B3B8 /* Resources */,
				915188C11579D3D800C5B3B8 /* ShellScript */,
			);
			buildRules = (
			);
			dependencies = (
				915188C91579D3D800C5B3B8 /* PBXTargetDependency */,
			);
			name = MPfmTests;
			productName = MPfmTests;
			productReference = 915188C31579D3D800C5B3B8 /* MPfmTests.octest */;
			productType = "com.apple.product-type.bundle";
		};
/* End PBXNativeTarget section */

/* Begin PBXProject section */
		9151888B1579D3D800C5B3B8 /* Project object */ = {
			isa = PBXProject;
			attributes = {
				CLASSPREFIX = MPfm;
				LastUpgradeCheck = 0430;
			};
			buildConfigurationList = 9151888E1579D3D800C5B3B8 /* Build configuration list for PBXProject "MPfm" */;
			compatibilityVersion = "Xcode 3.2";
			developmentRegion = English;
			hasScannedForEncodings = 0;
			knownRegions = (
				en,
			);
			mainGroup = 915188891579D3D800C5B3B8;
			productRefGroup = 915188951579D3D800C5B3B8 /* Products */;
			projectDirPath = "";
			projectRoot = "";
			targets = (
				915188931579D3D800C5B3B8 /* MPfm */,
				915188C21579D3D800C5B3B8 /* MPfmTests */,
			);
		};
/* End PBXProject section */

/* Begin PBXResourcesBuildPhase section */
		915188921579D3D800C5B3B8 /* Resources */ = {
			isa = PBXResourcesBuildPhase;
			buildActionMask = 2147483647;
			files = (
				915188A31579D3D800C5B3B8 /* InfoPlist.strings in Resources */,
				915188AC1579D3D800C5B3B8 /* MainStoryboard_iPhone.storyboard in Resources */,
				915188AF1579D3D800C5B3B8 /* MainStoryboard_iPad.storyboard in Resources */,
				915188B41579D3D800C5B3B8 /* first.png in Resources */,
				915188B61579D3D800C5B3B8 /* first@2x.png in Resources */,
				915188BB1579D3D800C5B3B8 /* second.png in Resources */,
				915188BD1579D3D800C5B3B8 /* second@2x.png in Resources */,
				915188E71579DB6C00C5B3B8 /* PlayerView.xib in Resources */,
				915188F41579DF8C00C5B3B8 /* MPfmViewController.xib in Resources */,
			);
			runOnlyForDeploymentPostprocessing = 0;
		};
		915188C01579D3D800C5B3B8 /* Resources */ = {
			isa = PBXResourcesBuildPhase;
			buildActionMask = 2147483647;
			files = (
				915188CF1579D3D800C5B3B8 /* InfoPlist.strings in Resources */,
				915188E81579DB6C00C5B3B8 /* PlayerView.xib in Resources */,
				915188F51579DF8C00C5B3B8 /* MPfmViewController.xib in Resources */,
			);
			runOnlyForDeploymentPostprocessing = 0;
		};
/* End PBXResourcesBuildPhase section */

/* Begin PBXShellScriptBuildPhase section */
		915188C11579D3D800C5B3B8 /* ShellScript */ = {
			isa = PBXShellScriptBuildPhase;
			buildActionMask = 2147483647;
			files = (
			);
			inputPaths = (
			);
			outputPaths = (
			);
			runOnlyForDeploymentPostprocessing = 0;
			shellPath = /bin/sh;
			shellScript = "# Run the unit tests in this test bundle.\n\"${SYSTEM_DEVELOPER_DIR}/Tools/RunUnitTests\"\n";
		};
/* End PBXShellScriptBuildPhase section */

/* Begin PBXSourcesBuildPhase section */
		915188901579D3D800C5B3B8 /* Sources */ = {
			isa = PBXSourcesBuildPhase;
			buildActionMask = 2147483647;
			files = (
				915188A51579D3D800C5B3B8 /* main.m in Sources */,
				915188A91579D3D800C5B3B8 /* MPfmAppDelegate.m in Sources */,
				915188B21579D3D800C5B3B8 /* MPfmPlayerViewController.m in Sources */,
				915188B91579D3D800C5B3B8 /* MPfmLibraryBrowserViewController.m in Sources */,
				915188DE1579D52700C5B3B8 /* MPfmPlayer.m in Sources */,
				915188F21579DF8C00C5B3B8 /* MPfmViewController.m in Sources */,
			);
			runOnlyForDeploymentPostprocessing = 0;
		};
		915188BE1579D3D800C5B3B8 /* Sources */ = {
			isa = PBXSourcesBuildPhase;
			buildActionMask = 2147483647;
			files = (
				915188D21579D3D800C5B3B8 /* MPfmTests.m in Sources */,
				915188DF1579D52700C5B3B8 /* MPfmPlayer.m in Sources */,
				915188F31579DF8C00C5B3B8 /* MPfmViewController.m in Sources */,
			);
			runOnlyForDeploymentPostprocessing = 0;
		};
/* End PBXSourcesBuildPhase section */

/* Begin PBXTargetDependency section */
		915188C91579D3D800C5B3B8 /* PBXTargetDependency */ = {
			isa = PBXTargetDependency;
			target = 915188931579D3D800C5B3B8 /* MPfm */;
			targetProxy = 915188C81579D3D800C5B3B8 /* PBXContainerItemProxy */;
		};
/* End PBXTargetDependency section */

/* Begin PBXVariantGroup section */
		915188A11579D3D800C5B3B8 /* InfoPlist.strings */ = {
			isa = PBXVariantGroup;
			children = (
				915188A21579D3D800C5B3B8 /* en */,
			);
			name = InfoPlist.strings;
			sourceTree = "<group>";
		};
		915188AA1579D3D800C5B3B8 /* MainStoryboard_iPhone.storyboard */ = {
			isa = PBXVariantGroup;
			children = (
				915188AB1579D3D800C5B3B8 /* en */,
			);
			name = MainStoryboard_iPhone.storyboard;
			sourceTree = "<group>";
		};
		915188AD1579D3D800C5B3B8 /* MainStoryboard_iPad.storyboard */ = {
			isa = PBXVariantGroup;
			children = (
				915188AE1579D3D800C5B3B8 /* en */,
			);
			name = MainStoryboard_iPad.storyboard;
			sourceTree = "<group>";
		};
		915188CD1579D3D800C5B3B8 /* InfoPlist.strings */ = {
			isa = PBXVariantGroup;
			children = (
				915188CE1579D3D800C5B3B8 /* en */,
			);
			name = InfoPlist.strings;
			sourceTree = "<group>";
		};
/* End PBXVariantGroup section */

/* Begin XCBuildConfiguration section */
		915188D31579D3D800C5B3B8 /* Debug */ = {
			isa = XCBuildConfiguration;
			buildSettings = {
				ALWAYS_SEARCH_USER_PATHS = NO;
				ARCHS = "$(ARCHS_STANDARD_32_BIT)";
				CLANG_ENABLE_OBJC_ARC = YES;
				"CODE_SIGN_IDENTITY[sdk=iphoneos*]" = "iPhone Developer";
				COPY_PHASE_STRIP = NO;
				GCC_C_LANGUAGE_STANDARD = gnu99;
				GCC_DYNAMIC_NO_PIC = NO;
				GCC_OPTIMIZATION_LEVEL = 0;
				GCC_PREPROCESSOR_DEFINITIONS = (
					"DEBUG=1",
					"$(inherited)",
				);
				GCC_SYMBOLS_PRIVATE_EXTERN = NO;
				GCC_VERSION = com.apple.compilers.llvm.clang.1_0;
				GCC_WARN_ABOUT_RETURN_TYPE = YES;
				GCC_WARN_UNINITIALIZED_AUTOS = YES;
				GCC_WARN_UNUSED_VARIABLE = YES;
				IPHONEOS_DEPLOYMENT_TARGET = 5.1;
				SDKROOT = iphoneos;
				TARGETED_DEVICE_FAMILY = "1,2";
			};
			name = Debug;
		};
		915188D41579D3D800C5B3B8 /* Release */ = {
			isa = XCBuildConfiguration;
			buildSettings = {
				ALWAYS_SEARCH_USER_PATHS = NO;
				ARCHS = "$(ARCHS_STANDARD_32_BIT)";
				CLANG_ENABLE_OBJC_ARC = YES;
				"CODE_SIGN_IDENTITY[sdk=iphoneos*]" = "iPhone Developer";
				COPY_PHASE_STRIP = YES;
				GCC_C_LANGUAGE_STANDARD = gnu99;
				GCC_VERSION = com.apple.compilers.llvm.clang.1_0;
				GCC_WARN_ABOUT_RETURN_TYPE = YES;
				GCC_WARN_UNINITIALIZED_AUTOS = YES;
				GCC_WARN_UNUSED_VARIABLE = YES;
				IPHONEOS_DEPLOYMENT_TARGET = 5.1;
				OTHER_CFLAGS = "-DNS_BLOCK_ASSERTIONS=1";
				SDKROOT = iphoneos;
				TARGETED_DEVICE_FAMILY = "1,2";
				VALIDATE_PRODUCT = YES;
			};
			name = Release;
		};
		915188D61579D3D800C5B3B8 /* Debug */ = {
			isa = XCBuildConfiguration;
			buildSettings = {
				GCC_PRECOMPILE_PREFIX_HEADER = YES;
				GCC_PREFIX_HEADER = "MPfm/MPfm-Prefix.pch";
				INFOPLIST_FILE = "MPfm/MPfm-Info.plist";
				LIBRARY_SEARCH_PATHS = (
					"$(inherited)",
					"\"$(SRCROOT)/../../../../Downloads/bass24-iphone\"",
					"\"$(SRCROOT)/../../../../Downloads/bass24-iphone/bassflac\"",
					"\"$(SRCROOT)/../../../../Downloads/bass24-iphone/basswv\"",
					"\"$(SRCROOT)/../../../../Downloads/bass_fx24-iphone\"",
				);
				OTHER_LDFLAGS = "-lstdc++";
				PRODUCT_NAME = "$(TARGET_NAME)";
				WRAPPER_EXTENSION = app;
			};
			name = Debug;
		};
		915188D71579D3D800C5B3B8 /* Release */ = {
			isa = XCBuildConfiguration;
			buildSettings = {
				GCC_PRECOMPILE_PREFIX_HEADER = YES;
				GCC_PREFIX_HEADER = "MPfm/MPfm-Prefix.pch";
				INFOPLIST_FILE = "MPfm/MPfm-Info.plist";
				LIBRARY_SEARCH_PATHS = (
					"$(inherited)",
					"\"$(SRCROOT)/../../../../Downloads/bass24-iphone\"",
					"\"$(SRCROOT)/../../../../Downloads/bass24-iphone/bassflac\"",
					"\"$(SRCROOT)/../../../../Downloads/bass24-iphone/basswv\"",
					"\"$(SRCROOT)/../../../../Downloads/bass_fx24-iphone\"",
				);
				OTHER_LDFLAGS = "-lstdc++";
				PRODUCT_NAME = "$(TARGET_NAME)";
				WRAPPER_EXTENSION = app;
			};
			name = Release;
		};
		915188D91579D3D800C5B3B8 /* Debug */ = {
			isa = XCBuildConfiguration;
			buildSettings = {
				BUNDLE_LOADER = "$(BUILT_PRODUCTS_DIR)/MPfm.app/MPfm";
				FRAMEWORK_SEARCH_PATHS = (
					"$(SDKROOT)/Developer/Library/Frameworks",
					"$(DEVELOPER_LIBRARY_DIR)/Frameworks",
				);
				GCC_PRECOMPILE_PREFIX_HEADER = YES;
				GCC_PREFIX_HEADER = "MPfm/MPfm-Prefix.pch";
				INFOPLIST_FILE = "MPfmTests/MPfmTests-Info.plist";
				PRODUCT_NAME = "$(TARGET_NAME)";
				TEST_HOST = "$(BUNDLE_LOADER)";
				WRAPPER_EXTENSION = octest;
			};
			name = Debug;
		};
		915188DA1579D3D800C5B3B8 /* Release */ = {
			isa = XCBuildConfiguration;
			buildSettings = {
				BUNDLE_LOADER = "$(BUILT_PRODUCTS_DIR)/MPfm.app/MPfm";
				FRAMEWORK_SEARCH_PATHS = (
					"$(SDKROOT)/Developer/Library/Frameworks",
					"$(DEVELOPER_LIBRARY_DIR)/Frameworks",
				);
				GCC_PRECOMPILE_PREFIX_HEADER = YES;
				GCC_PREFIX_HEADER = "MPfm/MPfm-Prefix.pch";
				INFOPLIST_FILE = "MPfmTests/MPfmTests-Info.plist";
				PRODUCT_NAME = "$(TARGET_NAME)";
				TEST_HOST = "$(BUNDLE_LOADER)";
				WRAPPER_EXTENSION = octest;
			};
			name = Release;
		};
/* End XCBuildConfiguration section */

/* Begin XCConfigurationList section */
		9151888E1579D3D800C5B3B8 /* Build configuration list for PBXProject "MPfm" */ = {
			isa = XCConfigurationList;
			buildConfigurations = (
				915188D31579D3D800C5B3B8 /* Debug */,
				915188D41579D3D800C5B3B8 /* Release */,
			);
			defaultConfigurationIsVisible = 0;
			defaultConfigurationName = Release;
		};
		915188D51579D3D800C5B3B8 /* Build configuration list for PBXNativeTarget "MPfm" */ = {
			isa = XCConfigurationList;
			buildConfigurations = (
				915188D61579D3D800C5B3B8 /* Debug */,
				915188D71579D3D800C5B3B8 /* Release */,
			);
			defaultConfigurationIsVisible = 0;
			defaultConfigurationName = Release;
		};
		915188D81579D3D800C5B3B8 /* Build configuration list for PBXNativeTarget "MPfmTests" */ = {
			isa = XCConfigurationList;
			buildConfigurations = (
				915188D91579D3D800C5B3B8 /* Debug */,
				915188DA1579D3D800C5B3B8 /* Release */,
			);
			defaultConfigurationIsVisible = 0;
			defaultConfigurationName = Release;
		};
/* End XCConfigurationList section */
	};
	rootObject = 9151888B1579D3D800C5B3B8 /* Project object */;
}
